// !$*UTF8*$!
{
	archiveVersion = 1;
	classes = {
	};
	objectVersion = 46;
	objects = {

/* Begin PBXAggregateTarget section */
		CE4815281A15E49B0037EFA5 /* Framework */ = {
			isa = PBXAggregateTarget;
			buildConfigurationList = CE4815291A15E49B0037EFA5 /* Build configuration list for PBXAggregateTarget "Framework" */;
			buildPhases = (
				CE48152E1A15E4CE0037EFA5 /* ShellScript */,
			);
			dependencies = (
				CE48152D1A15E4B30037EFA5 /* PBXTargetDependency */,
			);
			name = Framework;
			productName = Framework;
		};
/* End PBXAggregateTarget section */

/* Begin PBXBuildFile section */
		CE4BF12D1A03726F00A7BBBC /* NSData+CommonCrypto.m in Sources */ = {isa = PBXBuildFile; fileRef = CE4BF1231A03726F00A7BBBC /* NSData+CommonCrypto.m */; };
		CE4BF12E1A03726F00A7BBBC /* NSData+Ext.m in Sources */ = {isa = PBXBuildFile; fileRef = CE4BF1251A03726F00A7BBBC /* NSData+Ext.m */; };
		CE4BF1301A03726F00A7BBBC /* NSString+Ext.m in Sources */ = {isa = PBXBuildFile; fileRef = CE4BF1291A03726F00A7BBBC /* NSString+Ext.m */; };
		CE4BF1341A037A9900A7BBBC /* RealmContext.m in Sources */ = {isa = PBXBuildFile; fileRef = CE4BF1331A037A9900A7BBBC /* RealmContext.m */; };
		CE4BF1351A037F8C00A7BBBC /* RealmContext.h in Copy Files */ = {isa = PBXBuildFile; fileRef = CE4BF1321A037A9900A7BBBC /* RealmContext.h */; };
		CE4BF1361A037FA600A7BBBC /* NSData+CommonCrypto.h in Copy Files */ = {isa = PBXBuildFile; fileRef = CE4BF1221A03726F00A7BBBC /* NSData+CommonCrypto.h */; };
		CE4BF1371A037FA600A7BBBC /* NSData+Ext.h in Copy Files */ = {isa = PBXBuildFile; fileRef = CE4BF1241A03726F00A7BBBC /* NSData+Ext.h */; };
		CE4BF1381A037FA600A7BBBC /* NSString+Ext.h in Copy Files */ = {isa = PBXBuildFile; fileRef = CE4BF1281A03726F00A7BBBC /* NSString+Ext.h */; };
		CE6E69BD1A031C97002F7E22 /* PBObjcWrapper.hh in Copy Files */ = {isa = PBXBuildFile; fileRef = CE6E69BC1A03176D002F7E22 /* PBObjcWrapper.hh */; };
		CE6E69BF1A0321B6002F7E22 /* PBObjc.mm in Sources */ = {isa = PBXBuildFile; fileRef = CEBD47461A027F2B0020CC16 /* PBObjc.mm */; };
		CE6E69DB1A032BF4002F7E22 /* mongoose.c in Sources */ = {isa = PBXBuildFile; fileRef = CE6E69D91A032BF4002F7E22 /* mongoose.c */; };
		CE6E69DC1A032C2F002F7E22 /* mongoose.h in Copy Files */ = {isa = PBXBuildFile; fileRef = CE6E69DA1A032BF4002F7E22 /* mongoose.h */; };
		CE7BF9931A022B57003F7A6C /* AppBootstrap.h in Copy Files */ = {isa = PBXBuildFile; fileRef = CE7BF9921A022B57003F7A6C /* AppBootstrap.h */; };
		CE7BF9951A022B57003F7A6C /* AppBootstrap.m in Sources */ = {isa = PBXBuildFile; fileRef = CE7BF9941A022B57003F7A6C /* AppBootstrap.m */; };
		CE7BF99B1A022B57003F7A6C /* libAppBootstrap.a in Frameworks */ = {isa = PBXBuildFile; fileRef = CE7BF98F1A022B57003F7A6C /* libAppBootstrap.a */; };
		CE7BFA861A022D70003F7A6C /* AESCrypt.m in Sources */ = {isa = PBXBuildFile; fileRef = CE7BF9AB1A022D70003F7A6C /* AESCrypt.m */; };
		CE7BFA9C1A022D70003F7A6C /* CMPopTipView.m in Sources */ = {isa = PBXBuildFile; fileRef = CE7BF9E81A022D70003F7A6C /* CMPopTipView.m */; };
		CE7BFA9D1A022D70003F7A6C /* FHSegmentedViewController.m in Sources */ = {isa = PBXBuildFile; fileRef = CE7BF9EA1A022D70003F7A6C /* FHSegmentedViewController.m */; };
		CE7BFA9E1A022D70003F7A6C /* HYCircleLoadingView.m in Sources */ = {isa = PBXBuildFile; fileRef = CE7BF9EC1A022D70003F7A6C /* HYCircleLoadingView.m */; };
		CE7BFA9F1A022D70003F7A6C /* MBProgressHUD.m in Sources */ = {isa = PBXBuildFile; fileRef = CE7BF9EE1A022D70003F7A6C /* MBProgressHUD.m */; };
		CE7BFAA01A022D70003F7A6C /* UIImage+ImageEffects.m in Sources */ = {isa = PBXBuildFile; fileRef = CE7BF9F01A022D70003F7A6C /* UIImage+ImageEffects.m */; };
		CE7BFAA11A022D70003F7A6C /* UIImageView+Ext.m in Sources */ = {isa = PBXBuildFile; fileRef = CE7BF9F21A022D70003F7A6C /* UIImageView+Ext.m */; };
		CE7BFAA21A022D70003F7A6C /* UIImageView+LBBlurredImage.m in Sources */ = {isa = PBXBuildFile; fileRef = CE7BF9F41A022D70003F7A6C /* UIImageView+LBBlurredImage.m */; };
		CE7BFAA31A022D70003F7A6C /* UILabel+Ext.m in Sources */ = {isa = PBXBuildFile; fileRef = CE7BF9F61A022D70003F7A6C /* UILabel+Ext.m */; };
		CE7BFAA41A022D70003F7A6C /* UITabBarController+Ext.m in Sources */ = {isa = PBXBuildFile; fileRef = CE7BF9F81A022D70003F7A6C /* UITabBarController+Ext.m */; };
		CE7BFAA51A022D70003F7A6C /* UIViewController+Ads.m in Sources */ = {isa = PBXBuildFile; fileRef = CE7BF9FA1A022D70003F7A6C /* UIViewController+Ads.m */; };
		CE7BFAA61A022D70003F7A6C /* UIViewController+CWPopup.m in Sources */ = {isa = PBXBuildFile; fileRef = CE7BF9FC1A022D70003F7A6C /* UIViewController+CWPopup.m */; };
		CE7BFAA71A022D70003F7A6C /* UIViewController+Ext.m in Sources */ = {isa = PBXBuildFile; fileRef = CE7BF9FE1A022D70003F7A6C /* UIViewController+Ext.m */; };
		CE7BFAA81A022D70003F7A6C /* UIViewController+Social.m in Sources */ = {isa = PBXBuildFile; fileRef = CE7BFA001A022D70003F7A6C /* UIViewController+Social.m */; };
		CE7BFAA91A022D70003F7A6C /* UIViewController+TAPKeyboardPop.m in Sources */ = {isa = PBXBuildFile; fileRef = CE7BFA021A022D70003F7A6C /* UIViewController+TAPKeyboardPop.m */; };
		CE7BFAAA1A022D70003F7A6C /* APIClient.m in Sources */ = {isa = PBXBuildFile; fileRef = CE7BFA051A022D70003F7A6C /* APIClient.m */; };
		CE7BFAAB1A022D70003F7A6C /* APIStub.m in Sources */ = {isa = PBXBuildFile; fileRef = CE7BFA071A022D70003F7A6C /* APIStub.m */; };
		CE7BFAAC1A022D70003F7A6C /* AppResponse.m in Sources */ = {isa = PBXBuildFile; fileRef = CE7BFA091A022D70003F7A6C /* AppResponse.m */; };
		CE7BFAAD1A022D70003F7A6C /* AppSession.m in Sources */ = {isa = PBXBuildFile; fileRef = CE7BFA0B1A022D70003F7A6C /* AppSession.m */; };
		CE7BFAAE1A022D70003F7A6C /* Audio.m in Sources */ = {isa = PBXBuildFile; fileRef = CE7BFA0D1A022D70003F7A6C /* Audio.m */; };
		CE7BFAAF1A022D70003F7A6C /* AudioPlayerView.m in Sources */ = {isa = PBXBuildFile; fileRef = CE7BFA0F1A022D70003F7A6C /* AudioPlayerView.m */; };
		CE7BFAB01A022D70003F7A6C /* BaseViewController.m in Sources */ = {isa = PBXBuildFile; fileRef = CE7BFA111A022D70003F7A6C /* BaseViewController.m */; };
		CE7BFAB11A022D70003F7A6C /* DeviceHelper.m in Sources */ = {isa = PBXBuildFile; fileRef = CE7BFA131A022D70003F7A6C /* DeviceHelper.m */; };
		CE7BFAB21A022D70003F7A6C /* Model.m in Sources */ = {isa = PBXBuildFile; fileRef = CE7BFA151A022D70003F7A6C /* Model.m */; };
		CE7BFAB31A022D70003F7A6C /* ModelSqlEngine.m in Sources */ = {isa = PBXBuildFile; fileRef = CE7BFA171A022D70003F7A6C /* ModelSqlEngine.m */; };
		CE7BFAB51A022D70003F7A6C /* PAppResponse.pb.mm in Sources */ = {isa = PBXBuildFile; fileRef = CE7BFA1B1A022D70003F7A6C /* PAppResponse.pb.mm */; };
		CE7BFAB61A022D70003F7A6C /* PullTableViewController.m in Sources */ = {isa = PBXBuildFile; fileRef = CE7BFA1E1A022D70003F7A6C /* PullTableViewController.m */; };
		CE7BFAB71A022D70003F7A6C /* SqlTemplate.m in Sources */ = {isa = PBXBuildFile; fileRef = CE7BFA211A022D70003F7A6C /* SqlTemplate.m */; };
		CE7BFAB81A022D70003F7A6C /* TaskExecutor.m in Sources */ = {isa = PBXBuildFile; fileRef = CE7BFA231A022D70003F7A6C /* TaskExecutor.m */; };
		CE7BFAB91A022D70003F7A6C /* TextSizer.m in Sources */ = {isa = PBXBuildFile; fileRef = CE7BFA251A022D70003F7A6C /* TextSizer.m */; };
		CE7BFABA1A022D70003F7A6C /* TSAppResponse.mm in Sources */ = {isa = PBXBuildFile; fileRef = CE7BFA271A022D70003F7A6C /* TSAppResponse.mm */; };
		CE7BFABB1A022D70003F7A6C /* Utility.m in Sources */ = {isa = PBXBuildFile; fileRef = CE7BFA291A022D70003F7A6C /* Utility.m */; };
		CE7BFABC1A022D70003F7A6C /* XibFactory.m in Sources */ = {isa = PBXBuildFile; fileRef = CE7BFA2B1A022D70003F7A6C /* XibFactory.m */; };
		CE7BFABD1A022D70003F7A6C /* DOUAudioDecoder.m in Sources */ = {isa = PBXBuildFile; fileRef = CE7BFA2E1A022D70003F7A6C /* DOUAudioDecoder.m */; };
		CE7BFABE1A022D70003F7A6C /* DOUAudioEventLoop.m in Sources */ = {isa = PBXBuildFile; fileRef = CE7BFA301A022D70003F7A6C /* DOUAudioEventLoop.m */; };
		CE7BFABF1A022D70003F7A6C /* DOUAudioFilePreprocessor.m in Sources */ = {isa = PBXBuildFile; fileRef = CE7BFA331A022D70003F7A6C /* DOUAudioFilePreprocessor.m */; };
		CE7BFAC01A022D70003F7A6C /* DOUAudioFileProvider.m in Sources */ = {isa = PBXBuildFile; fileRef = CE7BFA351A022D70003F7A6C /* DOUAudioFileProvider.m */; };
		CE7BFAC11A022D70003F7A6C /* DOUAudioLPCM.m in Sources */ = {isa = PBXBuildFile; fileRef = CE7BFA371A022D70003F7A6C /* DOUAudioLPCM.m */; };
		CE7BFAC21A022D70003F7A6C /* DOUAudioPlaybackItem.m in Sources */ = {isa = PBXBuildFile; fileRef = CE7BFA391A022D70003F7A6C /* DOUAudioPlaybackItem.m */; };
		CE7BFAC31A022D70003F7A6C /* DOUAudioRenderer.m in Sources */ = {isa = PBXBuildFile; fileRef = CE7BFA3B1A022D70003F7A6C /* DOUAudioRenderer.m */; };
		CE7BFAC41A022D70003F7A6C /* DOUAudioStreamer.m in Sources */ = {isa = PBXBuildFile; fileRef = CE7BFA3D1A022D70003F7A6C /* DOUAudioStreamer.m */; };
		CE7BFAC51A022D70003F7A6C /* DOUSimpleHTTPRequest.m in Sources */ = {isa = PBXBuildFile; fileRef = CE7BFA401A022D70003F7A6C /* DOUSimpleHTTPRequest.m */; };
		CE7BFAC61A022D70003F7A6C /* NSData+DOUMappedFile.m in Sources */ = {isa = PBXBuildFile; fileRef = CE7BFA421A022D70003F7A6C /* NSData+DOUMappedFile.m */; };
		CE7BFAC81A022D70003F7A6C /* NSDate+Helper.m in Sources */ = {isa = PBXBuildFile; fileRef = CE7BFA471A022D70003F7A6C /* NSDate+Helper.m */; };
		CE7BFAC91A022D70003F7A6C /* NSDate+TimeAgo.m in Sources */ = {isa = PBXBuildFile; fileRef = CE7BFA491A022D70003F7A6C /* NSDate+TimeAgo.m */; };
		CE7BFACC1A022D70003F7A6C /* OpenUDID.m in Sources */ = {isa = PBXBuildFile; fileRef = CE7BFA521A022D70003F7A6C /* OpenUDID.m */; };
		CE7BFACD1A022D70003F7A6C /* POVoiceHUD.m in Sources */ = {isa = PBXBuildFile; fileRef = CE7BFA561A022D70003F7A6C /* POVoiceHUD.m */; };
		CE7BFAEE1A022E15003F7A6C /* AdSupport.framework in Frameworks */ = {isa = PBXBuildFile; fileRef = CE7BFAD51A022DC1003F7A6C /* AdSupport.framework */; };
		CE7BFAEF1A022E1D003F7A6C /* AudioToolbox.framework in Frameworks */ = {isa = PBXBuildFile; fileRef = CE7BFAD61A022DC1003F7A6C /* AudioToolbox.framework */; };
		CE7BFAF01A022E23003F7A6C /* AVFoundation.framework in Frameworks */ = {isa = PBXBuildFile; fileRef = CE7BFAD71A022DC1003F7A6C /* AVFoundation.framework */; };
		CE7BFAF11A022E2B003F7A6C /* CoreFoundation.framework in Frameworks */ = {isa = PBXBuildFile; fileRef = CE7BFAD81A022DC1003F7A6C /* CoreFoundation.framework */; };
		CE7BFAF21A022E31003F7A6C /* Foundation.framework in Frameworks */ = {isa = PBXBuildFile; fileRef = CE7BFADB1A022DC1003F7A6C /* Foundation.framework */; };
		CE7BFAF31A022E37003F7A6C /* CoreLocation.framework in Frameworks */ = {isa = PBXBuildFile; fileRef = CE7BFAD91A022DC1003F7A6C /* CoreLocation.framework */; };
		CE7BFAF41A022E3D003F7A6C /* CoreTelephony.framework in Frameworks */ = {isa = PBXBuildFile; fileRef = CE7BFADA1A022DC1003F7A6C /* CoreTelephony.framework */; };
		CE7BFAF51A022E44003F7A6C /* MessageUI.framework in Frameworks */ = {isa = PBXBuildFile; fileRef = CE7BFADC1A022DC1003F7A6C /* MessageUI.framework */; };
		CE7BFAF61A022E4A003F7A6C /* QuartzCore.framework in Frameworks */ = {isa = PBXBuildFile; fileRef = CE7BFADD1A022DC1003F7A6C /* QuartzCore.framework */; };
		CE7BFAF71A022E4F003F7A6C /* Security.framework in Frameworks */ = {isa = PBXBuildFile; fileRef = CE7BFADE1A022DC1003F7A6C /* Security.framework */; };
		CE7BFAF81A022E56003F7A6C /* SystemConfiguration.framework in Frameworks */ = {isa = PBXBuildFile; fileRef = CE7BFADF1A022DC1003F7A6C /* SystemConfiguration.framework */; };
		CE7BFAF91A022E5B003F7A6C /* UIKit.framework in Frameworks */ = {isa = PBXBuildFile; fileRef = CE7BFAE01A022DC1003F7A6C /* UIKit.framework */; };
		CE7BFAFB1A022EA6003F7A6C /* CoreGraphics.framework in Frameworks */ = {isa = PBXBuildFile; fileRef = CE7BFAFA1A022EA6003F7A6C /* CoreGraphics.framework */; };
		CE7BFAFD1A022EB7003F7A6C /* libsqlite3.dylib in Frameworks */ = {isa = PBXBuildFile; fileRef = CE7BFAFC1A022EB7003F7A6C /* libsqlite3.dylib */; };
		CE7BFB031A022EE7003F7A6C /* libz.dylib in Frameworks */ = {isa = PBXBuildFile; fileRef = CE7BFB021A022EE7003F7A6C /* libz.dylib */; };
		CE7BFB051A022EEF003F7A6C /* libstdc++.dylib in Frameworks */ = {isa = PBXBuildFile; fileRef = CE7BFB041A022EEF003F7A6C /* libstdc++.dylib */; };
		CE7BFB071A022F15003F7A6C /* libiconv.dylib in Frameworks */ = {isa = PBXBuildFile; fileRef = CE7BFB061A022F15003F7A6C /* libiconv.dylib */; };
		CE7BFB091A022F20003F7A6C /* CoreMotion.framework in Frameworks */ = {isa = PBXBuildFile; fileRef = CE7BFB081A022F20003F7A6C /* CoreMotion.framework */; };
		CE7BFB0B1A022F35003F7A6C /* MediaPlayer.framework in Frameworks */ = {isa = PBXBuildFile; fileRef = CE7BFB0A1A022F35003F7A6C /* MediaPlayer.framework */; };
		CE7BFB0C1A023681003F7A6C /* AESCrypt.h in Copy Files */ = {isa = PBXBuildFile; fileRef = CE7BF9AA1A022D70003F7A6C /* AESCrypt.h */; };
		CE7BFB111A023681003F7A6C /* FHSegmentedViewController.h in Copy Files */ = {isa = PBXBuildFile; fileRef = CE7BF9E91A022D70003F7A6C /* FHSegmentedViewController.h */; };
		CE7BFB121A023681003F7A6C /* HYCircleLoadingView.h in Copy Files */ = {isa = PBXBuildFile; fileRef = CE7BF9EB1A022D70003F7A6C /* HYCircleLoadingView.h */; };
		CE7BFB131A023681003F7A6C /* MBProgressHUD.h in Copy Files */ = {isa = PBXBuildFile; fileRef = CE7BF9ED1A022D70003F7A6C /* MBProgressHUD.h */; };
		CE7BFB141A023681003F7A6C /* UIImage+ImageEffects.h in Copy Files */ = {isa = PBXBuildFile; fileRef = CE7BF9EF1A022D70003F7A6C /* UIImage+ImageEffects.h */; };
		CE7BFB151A023681003F7A6C /* UIImageView+Ext.h in Copy Files */ = {isa = PBXBuildFile; fileRef = CE7BF9F11A022D70003F7A6C /* UIImageView+Ext.h */; };
		CE7BFB161A023681003F7A6C /* UILabel+Ext.h in Copy Files */ = {isa = PBXBuildFile; fileRef = CE7BF9F51A022D70003F7A6C /* UILabel+Ext.h */; };
		CE7BFB171A023681003F7A6C /* UITabBarController+Ext.h in Copy Files */ = {isa = PBXBuildFile; fileRef = CE7BF9F71A022D70003F7A6C /* UITabBarController+Ext.h */; };
		CE7BFB181A023681003F7A6C /* UIViewController+Ads.h in Copy Files */ = {isa = PBXBuildFile; fileRef = CE7BF9F91A022D70003F7A6C /* UIViewController+Ads.h */; };
		CE7BFB191A023681003F7A6C /* UIViewController+CWPopup.h in Copy Files */ = {isa = PBXBuildFile; fileRef = CE7BF9FB1A022D70003F7A6C /* UIViewController+CWPopup.h */; };
		CE7BFB1A1A023681003F7A6C /* UIViewController+Ext.h in Copy Files */ = {isa = PBXBuildFile; fileRef = CE7BF9FD1A022D70003F7A6C /* UIViewController+Ext.h */; };
		CE7BFB1B1A023681003F7A6C /* UIViewController+Social.h in Copy Files */ = {isa = PBXBuildFile; fileRef = CE7BF9FF1A022D70003F7A6C /* UIViewController+Social.h */; };
		CE7BFB1C1A023681003F7A6C /* UIViewController+TAPKeyboardPop.h in Copy Files */ = {isa = PBXBuildFile; fileRef = CE7BFA011A022D70003F7A6C /* UIViewController+TAPKeyboardPop.h */; };
		CE7BFB1D1A023681003F7A6C /* APIClient.h in Copy Files */ = {isa = PBXBuildFile; fileRef = CE7BFA041A022D70003F7A6C /* APIClient.h */; };
		CE7BFB1E1A023681003F7A6C /* APIStub.h in Copy Files */ = {isa = PBXBuildFile; fileRef = CE7BFA061A022D70003F7A6C /* APIStub.h */; };
		CE7BFB1F1A023681003F7A6C /* AppResponse.h in Copy Files */ = {isa = PBXBuildFile; fileRef = CE7BFA081A022D70003F7A6C /* AppResponse.h */; };
		CE7BFB201A023681003F7A6C /* AppSession.h in Copy Files */ = {isa = PBXBuildFile; fileRef = CE7BFA0A1A022D70003F7A6C /* AppSession.h */; };
		CE7BFB211A023681003F7A6C /* Audio.h in Copy Files */ = {isa = PBXBuildFile; fileRef = CE7BFA0C1A022D70003F7A6C /* Audio.h */; };
		CE7BFB221A023681003F7A6C /* AudioPlayerView.h in Copy Files */ = {isa = PBXBuildFile; fileRef = CE7BFA0E1A022D70003F7A6C /* AudioPlayerView.h */; };
		CE7BFB231A023681003F7A6C /* BaseViewController.h in Copy Files */ = {isa = PBXBuildFile; fileRef = CE7BFA101A022D70003F7A6C /* BaseViewController.h */; };
		CE7BFB241A023681003F7A6C /* Model.h in Copy Files */ = {isa = PBXBuildFile; fileRef = CE7BFA141A022D70003F7A6C /* Model.h */; };
		CE7BFB251A023681003F7A6C /* ModelSqlEngine.h in Copy Files */ = {isa = PBXBuildFile; fileRef = CE7BFA161A022D70003F7A6C /* ModelSqlEngine.h */; };
		CE7BFB261A023681003F7A6C /* PullTableViewController.h in Copy Files */ = {isa = PBXBuildFile; fileRef = CE7BFA1D1A022D70003F7A6C /* PullTableViewController.h */; };
		CE7BFB271A023681003F7A6C /* SqlTemplate.h in Copy Files */ = {isa = PBXBuildFile; fileRef = CE7BFA201A022D70003F7A6C /* SqlTemplate.h */; };
		CE7BFB281A023681003F7A6C /* TaskExecutor.h in Copy Files */ = {isa = PBXBuildFile; fileRef = CE7BFA221A022D70003F7A6C /* TaskExecutor.h */; };
		CE7BFB291A023681003F7A6C /* TextSizer.h in Copy Files */ = {isa = PBXBuildFile; fileRef = CE7BFA241A022D70003F7A6C /* TextSizer.h */; };
		CE7BFB2A1A023681003F7A6C /* Utility.h in Copy Files */ = {isa = PBXBuildFile; fileRef = CE7BFA281A022D70003F7A6C /* Utility.h */; };
		CE7BFB2B1A023681003F7A6C /* XibFactory.h in Copy Files */ = {isa = PBXBuildFile; fileRef = CE7BFA2A1A022D70003F7A6C /* XibFactory.h */; };
		CE7BFB2D1A023681003F7A6C /* NSDate+Helper.h in Copy Files */ = {isa = PBXBuildFile; fileRef = CE7BFA461A022D70003F7A6C /* NSDate+Helper.h */; };
		CE7BFB2E1A023681003F7A6C /* NSDate+TimeAgo.h in Copy Files */ = {isa = PBXBuildFile; fileRef = CE7BFA481A022D70003F7A6C /* NSDate+TimeAgo.h */; };
		CE7BFB311A023681003F7A6C /* POVoiceHUD.h in Copy Files */ = {isa = PBXBuildFile; fileRef = CE7BFA551A022D70003F7A6C /* POVoiceHUD.h */; };
		CE7BFB321A023681003F7A6C /* POVoiceHUDDelegate.h in Copy Files */ = {isa = PBXBuildFile; fileRef = CE7BFA571A022D70003F7A6C /* POVoiceHUDDelegate.h */; };
		CE7BFB351A023691003F7A6C /* TSAppResponse.hh in Copy Files */ = {isa = PBXBuildFile; fileRef = CE7BFA261A022D70003F7A6C /* TSAppResponse.hh */; };
		CE7BFC311A023C4D003F7A6C /* sdk.h in Copy Files */ = {isa = PBXBuildFile; fileRef = CE7BFA1F1A022D70003F7A6C /* sdk.h */; };
		CEBD47481A0286120020CC16 /* PBObjc.hh in Copy Files */ = {isa = PBXBuildFile; fileRef = CEBD47451A027F2B0020CC16 /* PBObjc.hh */; };
/* End PBXBuildFile section */

/* Begin PBXContainerItemProxy section */
		CE48152C1A15E4B30037EFA5 /* PBXContainerItemProxy */ = {
			isa = PBXContainerItemProxy;
			containerPortal = CE7BF9871A022B57003F7A6C /* Project object */;
			proxyType = 1;
			remoteGlobalIDString = CE7BF98E1A022B57003F7A6C;
			remoteInfo = AppBootstrap;
		};
		CE7BF99C1A022B57003F7A6C /* PBXContainerItemProxy */ = {
			isa = PBXContainerItemProxy;
			containerPortal = CE7BF9871A022B57003F7A6C /* Project object */;
			proxyType = 1;
			remoteGlobalIDString = CE7BF98E1A022B57003F7A6C;
			remoteInfo = AppBootstrap;
		};
/* End PBXContainerItemProxy section */

/* Begin PBXCopyFilesBuildPhase section */
		CE7BF98D1A022B57003F7A6C /* Copy Files */ = {
			isa = PBXCopyFilesBuildPhase;
			buildActionMask = 2147483647;
			dstPath = "include/$(PRODUCT_NAME)";
			dstSubfolderSpec = 16;
			files = (
				CE4BF1361A037FA600A7BBBC /* NSData+CommonCrypto.h in Copy Files */,
				CE4BF1371A037FA600A7BBBC /* NSData+Ext.h in Copy Files */,
				CE4BF1381A037FA600A7BBBC /* NSString+Ext.h in Copy Files */,
				CE4BF1351A037F8C00A7BBBC /* RealmContext.h in Copy Files */,
				CE6E69DC1A032C2F002F7E22 /* mongoose.h in Copy Files */,
				CE6E69BD1A031C97002F7E22 /* PBObjcWrapper.hh in Copy Files */,
				CEBD47481A0286120020CC16 /* PBObjc.hh in Copy Files */,
				CE7BFC311A023C4D003F7A6C /* sdk.h in Copy Files */,
				CE7BFB351A023691003F7A6C /* TSAppResponse.hh in Copy Files */,
				CE7BFB0C1A023681003F7A6C /* AESCrypt.h in Copy Files */,
				CE7BFB111A023681003F7A6C /* FHSegmentedViewController.h in Copy Files */,
				CE7BFB121A023681003F7A6C /* HYCircleLoadingView.h in Copy Files */,
				CE7BFB131A023681003F7A6C /* MBProgressHUD.h in Copy Files */,
				CE7BFB141A023681003F7A6C /* UIImage+ImageEffects.h in Copy Files */,
				CE7BFB151A023681003F7A6C /* UIImageView+Ext.h in Copy Files */,
				CE7BFB161A023681003F7A6C /* UILabel+Ext.h in Copy Files */,
				CE7BFB171A023681003F7A6C /* UITabBarController+Ext.h in Copy Files */,
				CE7BFB181A023681003F7A6C /* UIViewController+Ads.h in Copy Files */,
				CE7BFB191A023681003F7A6C /* UIViewController+CWPopup.h in Copy Files */,
				CE7BFB1A1A023681003F7A6C /* UIViewController+Ext.h in Copy Files */,
				CE7BFB1B1A023681003F7A6C /* UIViewController+Social.h in Copy Files */,
				CE7BFB1C1A023681003F7A6C /* UIViewController+TAPKeyboardPop.h in Copy Files */,
				CE7BFB1D1A023681003F7A6C /* APIClient.h in Copy Files */,
				CE7BFB1E1A023681003F7A6C /* APIStub.h in Copy Files */,
				CE7BFB1F1A023681003F7A6C /* AppResponse.h in Copy Files */,
				CE7BFB201A023681003F7A6C /* AppSession.h in Copy Files */,
				CE7BFB211A023681003F7A6C /* Audio.h in Copy Files */,
				CE7BFB221A023681003F7A6C /* AudioPlayerView.h in Copy Files */,
				CE7BFB231A023681003F7A6C /* BaseViewController.h in Copy Files */,
				CE7BFB241A023681003F7A6C /* Model.h in Copy Files */,
				CE7BFB251A023681003F7A6C /* ModelSqlEngine.h in Copy Files */,
				CE7BFB261A023681003F7A6C /* PullTableViewController.h in Copy Files */,
				CE7BFB271A023681003F7A6C /* SqlTemplate.h in Copy Files */,
				CE7BFB281A023681003F7A6C /* TaskExecutor.h in Copy Files */,
				CE7BFB291A023681003F7A6C /* TextSizer.h in Copy Files */,
				CE7BFB2A1A023681003F7A6C /* Utility.h in Copy Files */,
				CE7BFB2B1A023681003F7A6C /* XibFactory.h in Copy Files */,
				CE7BFB2D1A023681003F7A6C /* NSDate+Helper.h in Copy Files */,
				CE7BFB2E1A023681003F7A6C /* NSDate+TimeAgo.h in Copy Files */,
				CE7BFB311A023681003F7A6C /* POVoiceHUD.h in Copy Files */,
				CE7BFB321A023681003F7A6C /* POVoiceHUDDelegate.h in Copy Files */,
				CE7BF9931A022B57003F7A6C /* AppBootstrap.h in Copy Files */,
			);
			name = "Copy Files";
			runOnlyForDeploymentPostprocessing = 0;
		};
/* End PBXCopyFilesBuildPhase section */

/* Begin PBXFileReference section */
		706F2E9A34B6F970A5153C30 /* Pods.release.xcconfig */ = {isa = PBXFileReference; includeInIndex = 1; lastKnownFileType = text.xcconfig; name = Pods.release.xcconfig; path = "Pods/Target Support Files/Pods/Pods.release.xcconfig"; sourceTree = "<group>"; };
		C9456C7D13870914EB20B08E /* Pods.debug.xcconfig */ = {isa = PBXFileReference; includeInIndex = 1; lastKnownFileType = text.xcconfig; name = Pods.debug.xcconfig; path = "Pods/Target Support Files/Pods/Pods.debug.xcconfig"; sourceTree = "<group>"; };
		CE4BF1221A03726F00A7BBBC /* NSData+CommonCrypto.h */ = {isa = PBXFileReference; fileEncoding = 4; lastKnownFileType = sourcecode.c.h; path = "NSData+CommonCrypto.h"; sourceTree = "<group>"; };
		CE4BF1231A03726F00A7BBBC /* NSData+CommonCrypto.m */ = {isa = PBXFileReference; fileEncoding = 4; lastKnownFileType = sourcecode.c.objc; path = "NSData+CommonCrypto.m"; sourceTree = "<group>"; };
		CE4BF1241A03726F00A7BBBC /* NSData+Ext.h */ = {isa = PBXFileReference; fileEncoding = 4; lastKnownFileType = sourcecode.c.h; path = "NSData+Ext.h"; sourceTree = "<group>"; };
		CE4BF1251A03726F00A7BBBC /* NSData+Ext.m */ = {isa = PBXFileReference; fileEncoding = 4; lastKnownFileType = sourcecode.c.objc; path = "NSData+Ext.m"; sourceTree = "<group>"; };
		CE4BF1281A03726F00A7BBBC /* NSString+Ext.h */ = {isa = PBXFileReference; fileEncoding = 4; lastKnownFileType = sourcecode.c.h; path = "NSString+Ext.h"; sourceTree = "<group>"; };
		CE4BF1291A03726F00A7BBBC /* NSString+Ext.m */ = {isa = PBXFileReference; fileEncoding = 4; lastKnownFileType = sourcecode.c.objc; path = "NSString+Ext.m"; sourceTree = "<group>"; };
		CE4BF1321A037A9900A7BBBC /* RealmContext.h */ = {isa = PBXFileReference; fileEncoding = 4; lastKnownFileType = sourcecode.c.h; path = RealmContext.h; sourceTree = "<group>"; };
		CE4BF1331A037A9900A7BBBC /* RealmContext.m */ = {isa = PBXFileReference; fileEncoding = 4; lastKnownFileType = sourcecode.c.objc; path = RealmContext.m; sourceTree = "<group>"; };
		CE6E69BC1A03176D002F7E22 /* PBObjcWrapper.hh */ = {isa = PBXFileReference; fileEncoding = 4; lastKnownFileType = sourcecode.cpp.h; path = PBObjcWrapper.hh; sourceTree = "<group>"; };
		CE6E69D91A032BF4002F7E22 /* mongoose.c */ = {isa = PBXFileReference; fileEncoding = 4; lastKnownFileType = sourcecode.c.c; path = mongoose.c; sourceTree = "<group>"; };
		CE6E69DA1A032BF4002F7E22 /* mongoose.h */ = {isa = PBXFileReference; fileEncoding = 4; lastKnownFileType = sourcecode.c.h; path = mongoose.h; sourceTree = "<group>"; };
		CE7BF98F1A022B57003F7A6C /* libAppBootstrap.a */ = {isa = PBXFileReference; explicitFileType = archive.ar; includeInIndex = 0; path = libAppBootstrap.a; sourceTree = BUILT_PRODUCTS_DIR; };
		CE7BF9921A022B57003F7A6C /* AppBootstrap.h */ = {isa = PBXFileReference; lastKnownFileType = sourcecode.c.h; path = AppBootstrap.h; sourceTree = "<group>"; };
		CE7BF9941A022B57003F7A6C /* AppBootstrap.m */ = {isa = PBXFileReference; lastKnownFileType = sourcecode.c.objc; path = AppBootstrap.m; sourceTree = "<group>"; };
		CE7BF99A1A022B57003F7A6C /* AppBootstrapTests.xctest */ = {isa = PBXFileReference; explicitFileType = wrapper.cfbundle; includeInIndex = 0; path = AppBootstrapTests.xctest; sourceTree = BUILT_PRODUCTS_DIR; };
		CE7BF9A01A022B57003F7A6C /* Info.plist */ = {isa = PBXFileReference; lastKnownFileType = text.plist.xml; path = Info.plist; sourceTree = "<group>"; };
		CE7BF9AA1A022D70003F7A6C /* AESCrypt.h */ = {isa = PBXFileReference; fileEncoding = 4; lastKnownFileType = sourcecode.c.h; path = AESCrypt.h; sourceTree = "<group>"; };
		CE7BF9AB1A022D70003F7A6C /* AESCrypt.m */ = {isa = PBXFileReference; fileEncoding = 4; lastKnownFileType = sourcecode.c.objc; path = AESCrypt.m; sourceTree = "<group>"; };
		CE7BF9B21A022D70003F7A6C /* App-Prefix.pch */ = {isa = PBXFileReference; fileEncoding = 4; lastKnownFileType = sourcecode.c.h; path = "App-Prefix.pch"; sourceTree = "<group>"; };
		CE7BF9E71A022D70003F7A6C /* CMPopTipView.h */ = {isa = PBXFileReference; fileEncoding = 4; lastKnownFileType = sourcecode.c.h; path = CMPopTipView.h; sourceTree = "<group>"; };
		CE7BF9E81A022D70003F7A6C /* CMPopTipView.m */ = {isa = PBXFileReference; fileEncoding = 4; lastKnownFileType = sourcecode.c.objc; path = CMPopTipView.m; sourceTree = "<group>"; };
		CE7BF9E91A022D70003F7A6C /* FHSegmentedViewController.h */ = {isa = PBXFileReference; fileEncoding = 4; lastKnownFileType = sourcecode.c.h; path = FHSegmentedViewController.h; sourceTree = "<group>"; };
		CE7BF9EA1A022D70003F7A6C /* FHSegmentedViewController.m */ = {isa = PBXFileReference; fileEncoding = 4; lastKnownFileType = sourcecode.c.objc; path = FHSegmentedViewController.m; sourceTree = "<group>"; };
		CE7BF9EB1A022D70003F7A6C /* HYCircleLoadingView.h */ = {isa = PBXFileReference; fileEncoding = 4; lastKnownFileType = sourcecode.c.h; path = HYCircleLoadingView.h; sourceTree = "<group>"; };
		CE7BF9EC1A022D70003F7A6C /* HYCircleLoadingView.m */ = {isa = PBXFileReference; fileEncoding = 4; lastKnownFileType = sourcecode.c.objc; path = HYCircleLoadingView.m; sourceTree = "<group>"; };
		CE7BF9ED1A022D70003F7A6C /* MBProgressHUD.h */ = {isa = PBXFileReference; fileEncoding = 4; lastKnownFileType = sourcecode.c.h; path = MBProgressHUD.h; sourceTree = "<group>"; };
		CE7BF9EE1A022D70003F7A6C /* MBProgressHUD.m */ = {isa = PBXFileReference; fileEncoding = 4; lastKnownFileType = sourcecode.c.objc; path = MBProgressHUD.m; sourceTree = "<group>"; };
		CE7BF9EF1A022D70003F7A6C /* UIImage+ImageEffects.h */ = {isa = PBXFileReference; fileEncoding = 4; lastKnownFileType = sourcecode.c.h; path = "UIImage+ImageEffects.h"; sourceTree = "<group>"; };
		CE7BF9F01A022D70003F7A6C /* UIImage+ImageEffects.m */ = {isa = PBXFileReference; fileEncoding = 4; lastKnownFileType = sourcecode.c.objc; path = "UIImage+ImageEffects.m"; sourceTree = "<group>"; };
		CE7BF9F11A022D70003F7A6C /* UIImageView+Ext.h */ = {isa = PBXFileReference; fileEncoding = 4; lastKnownFileType = sourcecode.c.h; path = "UIImageView+Ext.h"; sourceTree = "<group>"; };
		CE7BF9F21A022D70003F7A6C /* UIImageView+Ext.m */ = {isa = PBXFileReference; fileEncoding = 4; lastKnownFileType = sourcecode.c.objc; path = "UIImageView+Ext.m"; sourceTree = "<group>"; };
		CE7BF9F31A022D70003F7A6C /* UIImageView+LBBlurredImage.h */ = {isa = PBXFileReference; fileEncoding = 4; lastKnownFileType = sourcecode.c.h; path = "UIImageView+LBBlurredImage.h"; sourceTree = "<group>"; };
		CE7BF9F41A022D70003F7A6C /* UIImageView+LBBlurredImage.m */ = {isa = PBXFileReference; fileEncoding = 4; lastKnownFileType = sourcecode.c.objc; path = "UIImageView+LBBlurredImage.m"; sourceTree = "<group>"; };
		CE7BF9F51A022D70003F7A6C /* UILabel+Ext.h */ = {isa = PBXFileReference; fileEncoding = 4; lastKnownFileType = sourcecode.c.h; path = "UILabel+Ext.h"; sourceTree = "<group>"; };
		CE7BF9F61A022D70003F7A6C /* UILabel+Ext.m */ = {isa = PBXFileReference; fileEncoding = 4; lastKnownFileType = sourcecode.c.objc; path = "UILabel+Ext.m"; sourceTree = "<group>"; };
		CE7BF9F71A022D70003F7A6C /* UITabBarController+Ext.h */ = {isa = PBXFileReference; fileEncoding = 4; lastKnownFileType = sourcecode.c.h; path = "UITabBarController+Ext.h"; sourceTree = "<group>"; };
		CE7BF9F81A022D70003F7A6C /* UITabBarController+Ext.m */ = {isa = PBXFileReference; fileEncoding = 4; lastKnownFileType = sourcecode.c.objc; path = "UITabBarController+Ext.m"; sourceTree = "<group>"; };
		CE7BF9F91A022D70003F7A6C /* UIViewController+Ads.h */ = {isa = PBXFileReference; fileEncoding = 4; lastKnownFileType = sourcecode.c.h; path = "UIViewController+Ads.h"; sourceTree = "<group>"; };
		CE7BF9FA1A022D70003F7A6C /* UIViewController+Ads.m */ = {isa = PBXFileReference; fileEncoding = 4; lastKnownFileType = sourcecode.c.objc; path = "UIViewController+Ads.m"; sourceTree = "<group>"; };
		CE7BF9FB1A022D70003F7A6C /* UIViewController+CWPopup.h */ = {isa = PBXFileReference; fileEncoding = 4; lastKnownFileType = sourcecode.c.h; path = "UIViewController+CWPopup.h"; sourceTree = "<group>"; };
		CE7BF9FC1A022D70003F7A6C /* UIViewController+CWPopup.m */ = {isa = PBXFileReference; fileEncoding = 4; lastKnownFileType = sourcecode.c.objc; path = "UIViewController+CWPopup.m"; sourceTree = "<group>"; };
		CE7BF9FD1A022D70003F7A6C /* UIViewController+Ext.h */ = {isa = PBXFileReference; fileEncoding = 4; lastKnownFileType = sourcecode.c.h; path = "UIViewController+Ext.h"; sourceTree = "<group>"; };
		CE7BF9FE1A022D70003F7A6C /* UIViewController+Ext.m */ = {isa = PBXFileReference; fileEncoding = 4; lastKnownFileType = sourcecode.c.objc; path = "UIViewController+Ext.m"; sourceTree = "<group>"; };
		CE7BF9FF1A022D70003F7A6C /* UIViewController+Social.h */ = {isa = PBXFileReference; fileEncoding = 4; lastKnownFileType = sourcecode.c.h; path = "UIViewController+Social.h"; sourceTree = "<group>"; };
		CE7BFA001A022D70003F7A6C /* UIViewController+Social.m */ = {isa = PBXFileReference; fileEncoding = 4; lastKnownFileType = sourcecode.c.objc; path = "UIViewController+Social.m"; sourceTree = "<group>"; };
		CE7BFA011A022D70003F7A6C /* UIViewController+TAPKeyboardPop.h */ = {isa = PBXFileReference; fileEncoding = 4; lastKnownFileType = sourcecode.c.h; path = "UIViewController+TAPKeyboardPop.h"; sourceTree = "<group>"; };
		CE7BFA021A022D70003F7A6C /* UIViewController+TAPKeyboardPop.m */ = {isa = PBXFileReference; fileEncoding = 4; lastKnownFileType = sourcecode.c.objc; path = "UIViewController+TAPKeyboardPop.m"; sourceTree = "<group>"; };
		CE7BFA041A022D70003F7A6C /* APIClient.h */ = {isa = PBXFileReference; fileEncoding = 4; lastKnownFileType = sourcecode.c.h; path = APIClient.h; sourceTree = "<group>"; };
		CE7BFA051A022D70003F7A6C /* APIClient.m */ = {isa = PBXFileReference; fileEncoding = 4; lastKnownFileType = sourcecode.c.objc; path = APIClient.m; sourceTree = "<group>"; };
		CE7BFA061A022D70003F7A6C /* APIStub.h */ = {isa = PBXFileReference; fileEncoding = 4; lastKnownFileType = sourcecode.c.h; path = APIStub.h; sourceTree = "<group>"; };
		CE7BFA071A022D70003F7A6C /* APIStub.m */ = {isa = PBXFileReference; fileEncoding = 4; lastKnownFileType = sourcecode.c.objc; path = APIStub.m; sourceTree = "<group>"; };
		CE7BFA081A022D70003F7A6C /* AppResponse.h */ = {isa = PBXFileReference; fileEncoding = 4; lastKnownFileType = sourcecode.c.h; path = AppResponse.h; sourceTree = "<group>"; };
		CE7BFA091A022D70003F7A6C /* AppResponse.m */ = {isa = PBXFileReference; fileEncoding = 4; lastKnownFileType = sourcecode.c.objc; path = AppResponse.m; sourceTree = "<group>"; };
		CE7BFA0A1A022D70003F7A6C /* AppSession.h */ = {isa = PBXFileReference; fileEncoding = 4; lastKnownFileType = sourcecode.c.h; path = AppSession.h; sourceTree = "<group>"; };
		CE7BFA0B1A022D70003F7A6C /* AppSession.m */ = {isa = PBXFileReference; fileEncoding = 4; lastKnownFileType = sourcecode.c.objc; path = AppSession.m; sourceTree = "<group>"; };
		CE7BFA0C1A022D70003F7A6C /* Audio.h */ = {isa = PBXFileReference; fileEncoding = 4; lastKnownFileType = sourcecode.c.h; path = Audio.h; sourceTree = "<group>"; };
		CE7BFA0D1A022D70003F7A6C /* Audio.m */ = {isa = PBXFileReference; fileEncoding = 4; lastKnownFileType = sourcecode.c.objc; path = Audio.m; sourceTree = "<group>"; };
		CE7BFA0E1A022D70003F7A6C /* AudioPlayerView.h */ = {isa = PBXFileReference; fileEncoding = 4; lastKnownFileType = sourcecode.c.h; path = AudioPlayerView.h; sourceTree = "<group>"; };
		CE7BFA0F1A022D70003F7A6C /* AudioPlayerView.m */ = {isa = PBXFileReference; fileEncoding = 4; lastKnownFileType = sourcecode.c.objc; path = AudioPlayerView.m; sourceTree = "<group>"; };
		CE7BFA101A022D70003F7A6C /* BaseViewController.h */ = {isa = PBXFileReference; fileEncoding = 4; lastKnownFileType = sourcecode.c.h; path = BaseViewController.h; sourceTree = "<group>"; };
		CE7BFA111A022D70003F7A6C /* BaseViewController.m */ = {isa = PBXFileReference; fileEncoding = 4; lastKnownFileType = sourcecode.c.objc; path = BaseViewController.m; sourceTree = "<group>"; };
		CE7BFA121A022D70003F7A6C /* DeviceHelper.h */ = {isa = PBXFileReference; fileEncoding = 4; lastKnownFileType = sourcecode.c.h; path = DeviceHelper.h; sourceTree = "<group>"; };
		CE7BFA131A022D70003F7A6C /* DeviceHelper.m */ = {isa = PBXFileReference; fileEncoding = 4; lastKnownFileType = sourcecode.c.objc; path = DeviceHelper.m; sourceTree = "<group>"; };
		CE7BFA141A022D70003F7A6C /* Model.h */ = {isa = PBXFileReference; fileEncoding = 4; lastKnownFileType = sourcecode.c.h; path = Model.h; sourceTree = "<group>"; };
		CE7BFA151A022D70003F7A6C /* Model.m */ = {isa = PBXFileReference; fileEncoding = 4; lastKnownFileType = sourcecode.c.objc; path = Model.m; sourceTree = "<group>"; };
		CE7BFA161A022D70003F7A6C /* ModelSqlEngine.h */ = {isa = PBXFileReference; fileEncoding = 4; lastKnownFileType = sourcecode.c.h; path = ModelSqlEngine.h; sourceTree = "<group>"; };
		CE7BFA171A022D70003F7A6C /* ModelSqlEngine.m */ = {isa = PBXFileReference; fileEncoding = 4; lastKnownFileType = sourcecode.c.objc; path = ModelSqlEngine.m; sourceTree = "<group>"; };
		CE7BFA1A1A022D70003F7A6C /* PAppResponse.pb.hh */ = {isa = PBXFileReference; fileEncoding = 4; lastKnownFileType = sourcecode.cpp.h; path = PAppResponse.pb.hh; sourceTree = "<group>"; };
		CE7BFA1B1A022D70003F7A6C /* PAppResponse.pb.mm */ = {isa = PBXFileReference; fileEncoding = 4; lastKnownFileType = sourcecode.cpp.objcpp; path = PAppResponse.pb.mm; sourceTree = "<group>"; };
		CE7BFA1C1A022D70003F7A6C /* PAppResponse.proto */ = {isa = PBXFileReference; fileEncoding = 4; lastKnownFileType = text; path = PAppResponse.proto; sourceTree = "<group>"; };
		CE7BFA1D1A022D70003F7A6C /* PullTableViewController.h */ = {isa = PBXFileReference; fileEncoding = 4; lastKnownFileType = sourcecode.c.h; path = PullTableViewController.h; sourceTree = "<group>"; };
		CE7BFA1E1A022D70003F7A6C /* PullTableViewController.m */ = {isa = PBXFileReference; fileEncoding = 4; lastKnownFileType = sourcecode.c.objc; path = PullTableViewController.m; sourceTree = "<group>"; };
		CE7BFA1F1A022D70003F7A6C /* sdk.h */ = {isa = PBXFileReference; fileEncoding = 4; lastKnownFileType = sourcecode.c.h; path = sdk.h; sourceTree = "<group>"; };
		CE7BFA201A022D70003F7A6C /* SqlTemplate.h */ = {isa = PBXFileReference; fileEncoding = 4; lastKnownFileType = sourcecode.c.h; path = SqlTemplate.h; sourceTree = "<group>"; };
		CE7BFA211A022D70003F7A6C /* SqlTemplate.m */ = {isa = PBXFileReference; fileEncoding = 4; lastKnownFileType = sourcecode.c.objc; path = SqlTemplate.m; sourceTree = "<group>"; };
		CE7BFA221A022D70003F7A6C /* TaskExecutor.h */ = {isa = PBXFileReference; fileEncoding = 4; lastKnownFileType = sourcecode.c.h; path = TaskExecutor.h; sourceTree = "<group>"; };
		CE7BFA231A022D70003F7A6C /* TaskExecutor.m */ = {isa = PBXFileReference; fileEncoding = 4; lastKnownFileType = sourcecode.c.objc; path = TaskExecutor.m; sourceTree = "<group>"; };
		CE7BFA241A022D70003F7A6C /* TextSizer.h */ = {isa = PBXFileReference; fileEncoding = 4; lastKnownFileType = sourcecode.c.h; path = TextSizer.h; sourceTree = "<group>"; };
		CE7BFA251A022D70003F7A6C /* TextSizer.m */ = {isa = PBXFileReference; fileEncoding = 4; lastKnownFileType = sourcecode.c.objc; path = TextSizer.m; sourceTree = "<group>"; };
		CE7BFA261A022D70003F7A6C /* TSAppResponse.hh */ = {isa = PBXFileReference; fileEncoding = 4; lastKnownFileType = sourcecode.cpp.h; path = TSAppResponse.hh; sourceTree = "<group>"; };
		CE7BFA271A022D70003F7A6C /* TSAppResponse.mm */ = {isa = PBXFileReference; fileEncoding = 4; lastKnownFileType = sourcecode.cpp.objcpp; path = TSAppResponse.mm; sourceTree = "<group>"; };
		CE7BFA281A022D70003F7A6C /* Utility.h */ = {isa = PBXFileReference; fileEncoding = 4; lastKnownFileType = sourcecode.c.h; path = Utility.h; sourceTree = "<group>"; };
		CE7BFA291A022D70003F7A6C /* Utility.m */ = {isa = PBXFileReference; fileEncoding = 4; lastKnownFileType = sourcecode.c.objc; path = Utility.m; sourceTree = "<group>"; };
		CE7BFA2A1A022D70003F7A6C /* XibFactory.h */ = {isa = PBXFileReference; fileEncoding = 4; lastKnownFileType = sourcecode.c.h; path = XibFactory.h; sourceTree = "<group>"; };
		CE7BFA2B1A022D70003F7A6C /* XibFactory.m */ = {isa = PBXFileReference; fileEncoding = 4; lastKnownFileType = sourcecode.c.objc; path = XibFactory.m; sourceTree = "<group>"; };
		CE7BFA2D1A022D70003F7A6C /* DOUAudioDecoder.h */ = {isa = PBXFileReference; fileEncoding = 4; lastKnownFileType = sourcecode.c.h; path = DOUAudioDecoder.h; sourceTree = "<group>"; };
		CE7BFA2E1A022D70003F7A6C /* DOUAudioDecoder.m */ = {isa = PBXFileReference; fileEncoding = 4; lastKnownFileType = sourcecode.c.objc; path = DOUAudioDecoder.m; sourceTree = "<group>"; };
		CE7BFA2F1A022D70003F7A6C /* DOUAudioEventLoop.h */ = {isa = PBXFileReference; fileEncoding = 4; lastKnownFileType = sourcecode.c.h; path = DOUAudioEventLoop.h; sourceTree = "<group>"; };
		CE7BFA301A022D70003F7A6C /* DOUAudioEventLoop.m */ = {isa = PBXFileReference; fileEncoding = 4; lastKnownFileType = sourcecode.c.objc; path = DOUAudioEventLoop.m; sourceTree = "<group>"; };
		CE7BFA311A022D70003F7A6C /* DOUAudioFile.h */ = {isa = PBXFileReference; fileEncoding = 4; lastKnownFileType = sourcecode.c.h; path = DOUAudioFile.h; sourceTree = "<group>"; };
		CE7BFA321A022D70003F7A6C /* DOUAudioFilePreprocessor.h */ = {isa = PBXFileReference; fileEncoding = 4; lastKnownFileType = sourcecode.c.h; path = DOUAudioFilePreprocessor.h; sourceTree = "<group>"; };
		CE7BFA331A022D70003F7A6C /* DOUAudioFilePreprocessor.m */ = {isa = PBXFileReference; fileEncoding = 4; lastKnownFileType = sourcecode.c.objc; path = DOUAudioFilePreprocessor.m; sourceTree = "<group>"; };
		CE7BFA341A022D70003F7A6C /* DOUAudioFileProvider.h */ = {isa = PBXFileReference; fileEncoding = 4; lastKnownFileType = sourcecode.c.h; path = DOUAudioFileProvider.h; sourceTree = "<group>"; };
		CE7BFA351A022D70003F7A6C /* DOUAudioFileProvider.m */ = {isa = PBXFileReference; fileEncoding = 4; lastKnownFileType = sourcecode.c.objc; path = DOUAudioFileProvider.m; sourceTree = "<group>"; };
		CE7BFA361A022D70003F7A6C /* DOUAudioLPCM.h */ = {isa = PBXFileReference; fileEncoding = 4; lastKnownFileType = sourcecode.c.h; path = DOUAudioLPCM.h; sourceTree = "<group>"; };
		CE7BFA371A022D70003F7A6C /* DOUAudioLPCM.m */ = {isa = PBXFileReference; fileEncoding = 4; lastKnownFileType = sourcecode.c.objc; path = DOUAudioLPCM.m; sourceTree = "<group>"; };
		CE7BFA381A022D70003F7A6C /* DOUAudioPlaybackItem.h */ = {isa = PBXFileReference; fileEncoding = 4; lastKnownFileType = sourcecode.c.h; path = DOUAudioPlaybackItem.h; sourceTree = "<group>"; };
		CE7BFA391A022D70003F7A6C /* DOUAudioPlaybackItem.m */ = {isa = PBXFileReference; fileEncoding = 4; lastKnownFileType = sourcecode.c.objc; path = DOUAudioPlaybackItem.m; sourceTree = "<group>"; };
		CE7BFA3A1A022D70003F7A6C /* DOUAudioRenderer.h */ = {isa = PBXFileReference; fileEncoding = 4; lastKnownFileType = sourcecode.c.h; path = DOUAudioRenderer.h; sourceTree = "<group>"; };
		CE7BFA3B1A022D70003F7A6C /* DOUAudioRenderer.m */ = {isa = PBXFileReference; fileEncoding = 4; lastKnownFileType = sourcecode.c.objc; path = DOUAudioRenderer.m; sourceTree = "<group>"; };
		CE7BFA3C1A022D70003F7A6C /* DOUAudioStreamer.h */ = {isa = PBXFileReference; fileEncoding = 4; lastKnownFileType = sourcecode.c.h; path = DOUAudioStreamer.h; sourceTree = "<group>"; };
		CE7BFA3D1A022D70003F7A6C /* DOUAudioStreamer.m */ = {isa = PBXFileReference; fileEncoding = 4; lastKnownFileType = sourcecode.c.objc; path = DOUAudioStreamer.m; sourceTree = "<group>"; };
		CE7BFA3E1A022D70003F7A6C /* DOUAudioStreamer_Private.h */ = {isa = PBXFileReference; fileEncoding = 4; lastKnownFileType = sourcecode.c.h; path = DOUAudioStreamer_Private.h; sourceTree = "<group>"; };
		CE7BFA3F1A022D70003F7A6C /* DOUSimpleHTTPRequest.h */ = {isa = PBXFileReference; fileEncoding = 4; lastKnownFileType = sourcecode.c.h; path = DOUSimpleHTTPRequest.h; sourceTree = "<group>"; };
		CE7BFA401A022D70003F7A6C /* DOUSimpleHTTPRequest.m */ = {isa = PBXFileReference; fileEncoding = 4; lastKnownFileType = sourcecode.c.objc; path = DOUSimpleHTTPRequest.m; sourceTree = "<group>"; };
		CE7BFA411A022D70003F7A6C /* NSData+DOUMappedFile.h */ = {isa = PBXFileReference; fileEncoding = 4; lastKnownFileType = sourcecode.c.h; path = "NSData+DOUMappedFile.h"; sourceTree = "<group>"; };
		CE7BFA421A022D70003F7A6C /* NSData+DOUMappedFile.m */ = {isa = PBXFileReference; fileEncoding = 4; lastKnownFileType = sourcecode.c.objc; path = "NSData+DOUMappedFile.m"; sourceTree = "<group>"; };
		CE7BFA461A022D70003F7A6C /* NSDate+Helper.h */ = {isa = PBXFileReference; fileEncoding = 4; lastKnownFileType = sourcecode.c.h; path = "NSDate+Helper.h"; sourceTree = "<group>"; };
		CE7BFA471A022D70003F7A6C /* NSDate+Helper.m */ = {isa = PBXFileReference; fileEncoding = 4; lastKnownFileType = sourcecode.c.objc; path = "NSDate+Helper.m"; sourceTree = "<group>"; };
		CE7BFA481A022D70003F7A6C /* NSDate+TimeAgo.h */ = {isa = PBXFileReference; fileEncoding = 4; lastKnownFileType = sourcecode.c.h; path = "NSDate+TimeAgo.h"; sourceTree = "<group>"; };
		CE7BFA491A022D70003F7A6C /* NSDate+TimeAgo.m */ = {isa = PBXFileReference; fileEncoding = 4; lastKnownFileType = sourcecode.c.objc; path = "NSDate+TimeAgo.m"; sourceTree = "<group>"; };
		CE7BFA4A1A022D70003F7A6C /* NSDateTimeAgo.bundle */ = {isa = PBXFileReference; lastKnownFileType = "wrapper.plug-in"; path = NSDateTimeAgo.bundle; sourceTree = "<group>"; };
		CE7BFA511A022D70003F7A6C /* OpenUDID.h */ = {isa = PBXFileReference; fileEncoding = 4; lastKnownFileType = sourcecode.c.h; path = OpenUDID.h; sourceTree = "<group>"; };
		CE7BFA521A022D70003F7A6C /* OpenUDID.m */ = {isa = PBXFileReference; fileEncoding = 4; lastKnownFileType = sourcecode.c.objc; path = OpenUDID.m; sourceTree = "<group>"; };
		CE7BFA541A022D70003F7A6C /* microphone@2x.png */ = {isa = PBXFileReference; lastKnownFileType = image.png; path = "microphone@2x.png"; sourceTree = "<group>"; };
		CE7BFA551A022D70003F7A6C /* POVoiceHUD.h */ = {isa = PBXFileReference; fileEncoding = 4; lastKnownFileType = sourcecode.c.h; path = POVoiceHUD.h; sourceTree = "<group>"; };
		CE7BFA561A022D70003F7A6C /* POVoiceHUD.m */ = {isa = PBXFileReference; fileEncoding = 4; lastKnownFileType = sourcecode.c.objc; path = POVoiceHUD.m; sourceTree = "<group>"; };
		CE7BFA571A022D70003F7A6C /* POVoiceHUDDelegate.h */ = {isa = PBXFileReference; fileEncoding = 4; lastKnownFileType = sourcecode.c.h; path = POVoiceHUDDelegate.h; sourceTree = "<group>"; };
		CE7BFAD51A022DC1003F7A6C /* AdSupport.framework */ = {isa = PBXFileReference; lastKnownFileType = wrapper.framework; name = AdSupport.framework; path = System/Library/Frameworks/AdSupport.framework; sourceTree = SDKROOT; };
		CE7BFAD61A022DC1003F7A6C /* AudioToolbox.framework */ = {isa = PBXFileReference; lastKnownFileType = wrapper.framework; name = AudioToolbox.framework; path = System/Library/Frameworks/AudioToolbox.framework; sourceTree = SDKROOT; };
		CE7BFAD71A022DC1003F7A6C /* AVFoundation.framework */ = {isa = PBXFileReference; lastKnownFileType = wrapper.framework; name = AVFoundation.framework; path = System/Library/Frameworks/AVFoundation.framework; sourceTree = SDKROOT; };
		CE7BFAD81A022DC1003F7A6C /* CoreFoundation.framework */ = {isa = PBXFileReference; lastKnownFileType = wrapper.framework; name = CoreFoundation.framework; path = System/Library/Frameworks/CoreFoundation.framework; sourceTree = SDKROOT; };
		CE7BFAD91A022DC1003F7A6C /* CoreLocation.framework */ = {isa = PBXFileReference; lastKnownFileType = wrapper.framework; name = CoreLocation.framework; path = System/Library/Frameworks/CoreLocation.framework; sourceTree = SDKROOT; };
		CE7BFADA1A022DC1003F7A6C /* CoreTelephony.framework */ = {isa = PBXFileReference; lastKnownFileType = wrapper.framework; name = CoreTelephony.framework; path = System/Library/Frameworks/CoreTelephony.framework; sourceTree = SDKROOT; };
		CE7BFADB1A022DC1003F7A6C /* Foundation.framework */ = {isa = PBXFileReference; lastKnownFileType = wrapper.framework; name = Foundation.framework; path = System/Library/Frameworks/Foundation.framework; sourceTree = SDKROOT; };
		CE7BFADC1A022DC1003F7A6C /* MessageUI.framework */ = {isa = PBXFileReference; lastKnownFileType = wrapper.framework; name = MessageUI.framework; path = System/Library/Frameworks/MessageUI.framework; sourceTree = SDKROOT; };
		CE7BFADD1A022DC1003F7A6C /* QuartzCore.framework */ = {isa = PBXFileReference; lastKnownFileType = wrapper.framework; name = QuartzCore.framework; path = System/Library/Frameworks/QuartzCore.framework; sourceTree = SDKROOT; };
		CE7BFADE1A022DC1003F7A6C /* Security.framework */ = {isa = PBXFileReference; lastKnownFileType = wrapper.framework; name = Security.framework; path = System/Library/Frameworks/Security.framework; sourceTree = SDKROOT; };
		CE7BFADF1A022DC1003F7A6C /* SystemConfiguration.framework */ = {isa = PBXFileReference; lastKnownFileType = wrapper.framework; name = SystemConfiguration.framework; path = System/Library/Frameworks/SystemConfiguration.framework; sourceTree = SDKROOT; };
		CE7BFAE01A022DC1003F7A6C /* UIKit.framework */ = {isa = PBXFileReference; lastKnownFileType = wrapper.framework; name = UIKit.framework; path = System/Library/Frameworks/UIKit.framework; sourceTree = SDKROOT; };
		CE7BFAFA1A022EA6003F7A6C /* CoreGraphics.framework */ = {isa = PBXFileReference; lastKnownFileType = wrapper.framework; name = CoreGraphics.framework; path = System/Library/Frameworks/CoreGraphics.framework; sourceTree = SDKROOT; };
		CE7BFAFC1A022EB7003F7A6C /* libsqlite3.dylib */ = {isa = PBXFileReference; lastKnownFileType = "compiled.mach-o.dylib"; name = libsqlite3.dylib; path = usr/lib/libsqlite3.dylib; sourceTree = SDKROOT; };
		CE7BFB021A022EE7003F7A6C /* libz.dylib */ = {isa = PBXFileReference; lastKnownFileType = "compiled.mach-o.dylib"; name = libz.dylib; path = usr/lib/libz.dylib; sourceTree = SDKROOT; };
		CE7BFB041A022EEF003F7A6C /* libstdc++.dylib */ = {isa = PBXFileReference; lastKnownFileType = "compiled.mach-o.dylib"; name = "libstdc++.dylib"; path = "usr/lib/libstdc++.dylib"; sourceTree = SDKROOT; };
		CE7BFB061A022F15003F7A6C /* libiconv.dylib */ = {isa = PBXFileReference; lastKnownFileType = "compiled.mach-o.dylib"; name = libiconv.dylib; path = usr/lib/libiconv.dylib; sourceTree = SDKROOT; };
		CE7BFB081A022F20003F7A6C /* CoreMotion.framework */ = {isa = PBXFileReference; lastKnownFileType = wrapper.framework; name = CoreMotion.framework; path = System/Library/Frameworks/CoreMotion.framework; sourceTree = SDKROOT; };
		CE7BFB0A1A022F35003F7A6C /* MediaPlayer.framework */ = {isa = PBXFileReference; lastKnownFileType = wrapper.framework; name = MediaPlayer.framework; path = System/Library/Frameworks/MediaPlayer.framework; sourceTree = SDKROOT; };
		CEBD47381A02625F0020CC16 /* BetterNSLog.h */ = {isa = PBXFileReference; fileEncoding = 4; lastKnownFileType = sourcecode.c.h; path = BetterNSLog.h; sourceTree = "<group>"; };
		CEBD47451A027F2B0020CC16 /* PBObjc.hh */ = {isa = PBXFileReference; fileEncoding = 4; lastKnownFileType = sourcecode.cpp.h; path = PBObjc.hh; sourceTree = "<group>"; };
		CEBD47461A027F2B0020CC16 /* PBObjc.mm */ = {isa = PBXFileReference; fileEncoding = 4; lastKnownFileType = sourcecode.cpp.objcpp; path = PBObjc.mm; sourceTree = "<group>"; };
/* End PBXFileReference section */

/* Begin PBXFrameworksBuildPhase section */
		CE7BF98C1A022B57003F7A6C /* Frameworks */ = {
			isa = PBXFrameworksBuildPhase;
			buildActionMask = 2147483647;
			files = (
				CE7BFB0B1A022F35003F7A6C /* MediaPlayer.framework in Frameworks */,
				CE7BFB091A022F20003F7A6C /* CoreMotion.framework in Frameworks */,
				CE7BFB071A022F15003F7A6C /* libiconv.dylib in Frameworks */,
				CE7BFB051A022EEF003F7A6C /* libstdc++.dylib in Frameworks */,
				CE7BFB031A022EE7003F7A6C /* libz.dylib in Frameworks */,
				CE7BFAFD1A022EB7003F7A6C /* libsqlite3.dylib in Frameworks */,
				CE7BFAFB1A022EA6003F7A6C /* CoreGraphics.framework in Frameworks */,
				CE7BFAF91A022E5B003F7A6C /* UIKit.framework in Frameworks */,
				CE7BFAF81A022E56003F7A6C /* SystemConfiguration.framework in Frameworks */,
				CE7BFAF71A022E4F003F7A6C /* Security.framework in Frameworks */,
				CE7BFAF61A022E4A003F7A6C /* QuartzCore.framework in Frameworks */,
				CE7BFAF51A022E44003F7A6C /* MessageUI.framework in Frameworks */,
				CE7BFAF41A022E3D003F7A6C /* CoreTelephony.framework in Frameworks */,
				CE7BFAF31A022E37003F7A6C /* CoreLocation.framework in Frameworks */,
				CE7BFAF21A022E31003F7A6C /* Foundation.framework in Frameworks */,
				CE7BFAF11A022E2B003F7A6C /* CoreFoundation.framework in Frameworks */,
				CE7BFAF01A022E23003F7A6C /* AVFoundation.framework in Frameworks */,
				CE7BFAEF1A022E1D003F7A6C /* AudioToolbox.framework in Frameworks */,
				CE7BFAEE1A022E15003F7A6C /* AdSupport.framework in Frameworks */,
			);
			runOnlyForDeploymentPostprocessing = 0;
		};
		CE7BF9971A022B57003F7A6C /* Frameworks */ = {
			isa = PBXFrameworksBuildPhase;
			buildActionMask = 2147483647;
			files = (
				CE7BF99B1A022B57003F7A6C /* libAppBootstrap.a in Frameworks */,
			);
			runOnlyForDeploymentPostprocessing = 0;
		};
/* End PBXFrameworksBuildPhase section */

/* Begin PBXGroup section */
		259A22F35A8D024B22364961 /* Pods */ = {
			isa = PBXGroup;
			children = (
				C9456C7D13870914EB20B08E /* Pods.debug.xcconfig */,
				706F2E9A34B6F970A5153C30 /* Pods.release.xcconfig */,
			);
			name = Pods;
			sourceTree = "<group>";
		};
		CE4BF11F1A0371E300A7BBBC /* Category */ = {
			isa = PBXGroup;
			children = (
				CE4BF1221A03726F00A7BBBC /* NSData+CommonCrypto.h */,
				CE4BF1231A03726F00A7BBBC /* NSData+CommonCrypto.m */,
				CE4BF1241A03726F00A7BBBC /* NSData+Ext.h */,
				CE4BF1251A03726F00A7BBBC /* NSData+Ext.m */,
				CE4BF1281A03726F00A7BBBC /* NSString+Ext.h */,
				CE4BF1291A03726F00A7BBBC /* NSString+Ext.m */,
			);
			path = Category;
			sourceTree = "<group>";
		};
		CE6E69D81A032BF4002F7E22 /* Mongoose */ = {
			isa = PBXGroup;
			children = (
				CE6E69D91A032BF4002F7E22 /* mongoose.c */,
				CE6E69DA1A032BF4002F7E22 /* mongoose.h */,
			);
			name = Mongoose;
			path = ../../include/baidu/Mongoose;
			sourceTree = "<group>";
		};
		CE7BF9861A022B57003F7A6C = {
			isa = PBXGroup;
			children = (
				CE7BFAED1A022DDC003F7A6C /* Frameworks */,
				CE7BF9911A022B57003F7A6C /* AppBootstrap */,
				CE7BF99E1A022B57003F7A6C /* AppBootstrapTests */,
				CE7BF9901A022B57003F7A6C /* Products */,
				259A22F35A8D024B22364961 /* Pods */,
			);
			sourceTree = "<group>";
		};
		CE7BF9901A022B57003F7A6C /* Products */ = {
			isa = PBXGroup;
			children = (
				CE7BF98F1A022B57003F7A6C /* libAppBootstrap.a */,
				CE7BF99A1A022B57003F7A6C /* AppBootstrapTests.xctest */,
			);
			name = Products;
			sourceTree = "<group>";
		};
		CE7BF9911A022B57003F7A6C /* AppBootstrap */ = {
			isa = PBXGroup;
			children = (
				CE4BF11F1A0371E300A7BBBC /* Category */,
				CE6E69D81A032BF4002F7E22 /* Mongoose */,
				CE7BF9A91A022D70003F7A6C /* AESCrypt */,
				CE7BF9B21A022D70003F7A6C /* App-Prefix.pch */,
				CE7BF9E61A022D70003F7A6C /* Controls */,
				CE7BFA031A022D70003F7A6C /* Core */,
				CE7BFA2C1A022D70003F7A6C /* DOUAudioStreamer */,
				CE7BFA431A022D70003F7A6C /* NSDate */,
				CE7BFA501A022D70003F7A6C /* OpenUDID */,
				CE7BFA531A022D70003F7A6C /* POVoiceHUD */,
				CE7BF9921A022B57003F7A6C /* AppBootstrap.h */,
				CE7BF9941A022B57003F7A6C /* AppBootstrap.m */,
				CEBD47381A02625F0020CC16 /* BetterNSLog.h */,
			);
			path = AppBootstrap;
			sourceTree = "<group>";
		};
		CE7BF99E1A022B57003F7A6C /* AppBootstrapTests */ = {
			isa = PBXGroup;
			children = (
				CE7BF99F1A022B57003F7A6C /* Supporting Files */,
			);
			path = AppBootstrapTests;
			sourceTree = "<group>";
		};
		CE7BF99F1A022B57003F7A6C /* Supporting Files */ = {
			isa = PBXGroup;
			children = (
				CE7BF9A01A022B57003F7A6C /* Info.plist */,
			);
			name = "Supporting Files";
			sourceTree = "<group>";
		};
		CE7BF9A91A022D70003F7A6C /* AESCrypt */ = {
			isa = PBXGroup;
			children = (
				CE7BF9AA1A022D70003F7A6C /* AESCrypt.h */,
				CE7BF9AB1A022D70003F7A6C /* AESCrypt.m */,
			);
			path = AESCrypt;
			sourceTree = "<group>";
		};
		CE7BF9E61A022D70003F7A6C /* Controls */ = {
			isa = PBXGroup;
			children = (
				CE7BF9E71A022D70003F7A6C /* CMPopTipView.h */,
				CE7BF9E81A022D70003F7A6C /* CMPopTipView.m */,
				CE7BF9E91A022D70003F7A6C /* FHSegmentedViewController.h */,
				CE7BF9EA1A022D70003F7A6C /* FHSegmentedViewController.m */,
				CE7BF9EB1A022D70003F7A6C /* HYCircleLoadingView.h */,
				CE7BF9EC1A022D70003F7A6C /* HYCircleLoadingView.m */,
				CE7BF9ED1A022D70003F7A6C /* MBProgressHUD.h */,
				CE7BF9EE1A022D70003F7A6C /* MBProgressHUD.m */,
				CE7BF9EF1A022D70003F7A6C /* UIImage+ImageEffects.h */,
				CE7BF9F01A022D70003F7A6C /* UIImage+ImageEffects.m */,
				CE7BF9F11A022D70003F7A6C /* UIImageView+Ext.h */,
				CE7BF9F21A022D70003F7A6C /* UIImageView+Ext.m */,
				CE7BF9F31A022D70003F7A6C /* UIImageView+LBBlurredImage.h */,
				CE7BF9F41A022D70003F7A6C /* UIImageView+LBBlurredImage.m */,
				CE7BF9F51A022D70003F7A6C /* UILabel+Ext.h */,
				CE7BF9F61A022D70003F7A6C /* UILabel+Ext.m */,
				CE7BF9F71A022D70003F7A6C /* UITabBarController+Ext.h */,
				CE7BF9F81A022D70003F7A6C /* UITabBarController+Ext.m */,
				CE7BF9F91A022D70003F7A6C /* UIViewController+Ads.h */,
				CE7BF9FA1A022D70003F7A6C /* UIViewController+Ads.m */,
				CE7BF9FB1A022D70003F7A6C /* UIViewController+CWPopup.h */,
				CE7BF9FC1A022D70003F7A6C /* UIViewController+CWPopup.m */,
				CE7BF9FD1A022D70003F7A6C /* UIViewController+Ext.h */,
				CE7BF9FE1A022D70003F7A6C /* UIViewController+Ext.m */,
				CE7BF9FF1A022D70003F7A6C /* UIViewController+Social.h */,
				CE7BFA001A022D70003F7A6C /* UIViewController+Social.m */,
				CE7BFA011A022D70003F7A6C /* UIViewController+TAPKeyboardPop.h */,
				CE7BFA021A022D70003F7A6C /* UIViewController+TAPKeyboardPop.m */,
			);
			path = Controls;
			sourceTree = "<group>";
		};
		CE7BFA031A022D70003F7A6C /* Core */ = {
			isa = PBXGroup;
			children = (
				CE7BFA041A022D70003F7A6C /* APIClient.h */,
				CE7BFA051A022D70003F7A6C /* APIClient.m */,
				CE7BFA061A022D70003F7A6C /* APIStub.h */,
				CE7BFA071A022D70003F7A6C /* APIStub.m */,
				CE7BFA081A022D70003F7A6C /* AppResponse.h */,
				CE7BFA091A022D70003F7A6C /* AppResponse.m */,
				CE7BFA0A1A022D70003F7A6C /* AppSession.h */,
				CE7BFA0B1A022D70003F7A6C /* AppSession.m */,
				CE7BFA0C1A022D70003F7A6C /* Audio.h */,
				CE7BFA0D1A022D70003F7A6C /* Audio.m */,
				CE7BFA0E1A022D70003F7A6C /* AudioPlayerView.h */,
				CE7BFA0F1A022D70003F7A6C /* AudioPlayerView.m */,
				CE7BFA101A022D70003F7A6C /* BaseViewController.h */,
				CE7BFA111A022D70003F7A6C /* BaseViewController.m */,
				CE7BFA121A022D70003F7A6C /* DeviceHelper.h */,
				CE7BFA131A022D70003F7A6C /* DeviceHelper.m */,
				CE7BFA141A022D70003F7A6C /* Model.h */,
				CE7BFA151A022D70003F7A6C /* Model.m */,
				CE7BFA161A022D70003F7A6C /* ModelSqlEngine.h */,
				CE7BFA171A022D70003F7A6C /* ModelSqlEngine.m */,
				CE7BFA1A1A022D70003F7A6C /* PAppResponse.pb.hh */,
				CE7BFA1B1A022D70003F7A6C /* PAppResponse.pb.mm */,
				CE7BFA1C1A022D70003F7A6C /* PAppResponse.proto */,
				CEBD47451A027F2B0020CC16 /* PBObjc.hh */,
				CEBD47461A027F2B0020CC16 /* PBObjc.mm */,
				CE6E69BC1A03176D002F7E22 /* PBObjcWrapper.hh */,
				CE7BFA1D1A022D70003F7A6C /* PullTableViewController.h */,
				CE7BFA1E1A022D70003F7A6C /* PullTableViewController.m */,
				CE7BFA1F1A022D70003F7A6C /* sdk.h */,
				CE7BFA201A022D70003F7A6C /* SqlTemplate.h */,
				CE7BFA211A022D70003F7A6C /* SqlTemplate.m */,
				CE7BFA221A022D70003F7A6C /* TaskExecutor.h */,
				CE7BFA231A022D70003F7A6C /* TaskExecutor.m */,
				CE7BFA241A022D70003F7A6C /* TextSizer.h */,
				CE7BFA251A022D70003F7A6C /* TextSizer.m */,
				CE7BFA261A022D70003F7A6C /* TSAppResponse.hh */,
				CE7BFA271A022D70003F7A6C /* TSAppResponse.mm */,
				CE7BFA281A022D70003F7A6C /* Utility.h */,
				CE7BFA291A022D70003F7A6C /* Utility.m */,
				CE7BFA2A1A022D70003F7A6C /* XibFactory.h */,
				CE7BFA2B1A022D70003F7A6C /* XibFactory.m */,
				CE4BF1321A037A9900A7BBBC /* RealmContext.h */,
				CE4BF1331A037A9900A7BBBC /* RealmContext.m */,
			);
			path = Core;
			sourceTree = "<group>";
		};
		CE7BFA2C1A022D70003F7A6C /* DOUAudioStreamer */ = {
			isa = PBXGroup;
			children = (
				CE7BFA2D1A022D70003F7A6C /* DOUAudioDecoder.h */,
				CE7BFA2E1A022D70003F7A6C /* DOUAudioDecoder.m */,
				CE7BFA2F1A022D70003F7A6C /* DOUAudioEventLoop.h */,
				CE7BFA301A022D70003F7A6C /* DOUAudioEventLoop.m */,
				CE7BFA311A022D70003F7A6C /* DOUAudioFile.h */,
				CE7BFA321A022D70003F7A6C /* DOUAudioFilePreprocessor.h */,
				CE7BFA331A022D70003F7A6C /* DOUAudioFilePreprocessor.m */,
				CE7BFA341A022D70003F7A6C /* DOUAudioFileProvider.h */,
				CE7BFA351A022D70003F7A6C /* DOUAudioFileProvider.m */,
				CE7BFA361A022D70003F7A6C /* DOUAudioLPCM.h */,
				CE7BFA371A022D70003F7A6C /* DOUAudioLPCM.m */,
				CE7BFA381A022D70003F7A6C /* DOUAudioPlaybackItem.h */,
				CE7BFA391A022D70003F7A6C /* DOUAudioPlaybackItem.m */,
				CE7BFA3A1A022D70003F7A6C /* DOUAudioRenderer.h */,
				CE7BFA3B1A022D70003F7A6C /* DOUAudioRenderer.m */,
				CE7BFA3C1A022D70003F7A6C /* DOUAudioStreamer.h */,
				CE7BFA3D1A022D70003F7A6C /* DOUAudioStreamer.m */,
				CE7BFA3E1A022D70003F7A6C /* DOUAudioStreamer_Private.h */,
				CE7BFA3F1A022D70003F7A6C /* DOUSimpleHTTPRequest.h */,
				CE7BFA401A022D70003F7A6C /* DOUSimpleHTTPRequest.m */,
				CE7BFA411A022D70003F7A6C /* NSData+DOUMappedFile.h */,
				CE7BFA421A022D70003F7A6C /* NSData+DOUMappedFile.m */,
			);
			path = DOUAudioStreamer;
			sourceTree = "<group>";
		};
		CE7BFA431A022D70003F7A6C /* NSDate */ = {
			isa = PBXGroup;
			children = (
				CE7BFA461A022D70003F7A6C /* NSDate+Helper.h */,
				CE7BFA471A022D70003F7A6C /* NSDate+Helper.m */,
				CE7BFA481A022D70003F7A6C /* NSDate+TimeAgo.h */,
				CE7BFA491A022D70003F7A6C /* NSDate+TimeAgo.m */,
				CE7BFA4A1A022D70003F7A6C /* NSDateTimeAgo.bundle */,
			);
			path = NSDate;
			sourceTree = "<group>";
		};
		CE7BFA501A022D70003F7A6C /* OpenUDID */ = {
			isa = PBXGroup;
			children = (
				CE7BFA511A022D70003F7A6C /* OpenUDID.h */,
				CE7BFA521A022D70003F7A6C /* OpenUDID.m */,
			);
			path = OpenUDID;
			sourceTree = "<group>";
		};
		CE7BFA531A022D70003F7A6C /* POVoiceHUD */ = {
			isa = PBXGroup;
			children = (
				CE7BFA541A022D70003F7A6C /* microphone@2x.png */,
				CE7BFA551A022D70003F7A6C /* POVoiceHUD.h */,
				CE7BFA561A022D70003F7A6C /* POVoiceHUD.m */,
				CE7BFA571A022D70003F7A6C /* POVoiceHUDDelegate.h */,
			);
			path = POVoiceHUD;
			sourceTree = "<group>";
		};
		CE7BFAED1A022DDC003F7A6C /* Frameworks */ = {
			isa = PBXGroup;
			children = (
				CE7BFB0A1A022F35003F7A6C /* MediaPlayer.framework */,
				CE7BFB081A022F20003F7A6C /* CoreMotion.framework */,
				CE7BFB061A022F15003F7A6C /* libiconv.dylib */,
				CE7BFB041A022EEF003F7A6C /* libstdc++.dylib */,
				CE7BFB021A022EE7003F7A6C /* libz.dylib */,
				CE7BFAFC1A022EB7003F7A6C /* libsqlite3.dylib */,
				CE7BFAFA1A022EA6003F7A6C /* CoreGraphics.framework */,
				CE7BFAD51A022DC1003F7A6C /* AdSupport.framework */,
				CE7BFAD61A022DC1003F7A6C /* AudioToolbox.framework */,
				CE7BFAD71A022DC1003F7A6C /* AVFoundation.framework */,
				CE7BFAD81A022DC1003F7A6C /* CoreFoundation.framework */,
				CE7BFAD91A022DC1003F7A6C /* CoreLocation.framework */,
				CE7BFADA1A022DC1003F7A6C /* CoreTelephony.framework */,
				CE7BFADB1A022DC1003F7A6C /* Foundation.framework */,
				CE7BFADC1A022DC1003F7A6C /* MessageUI.framework */,
				CE7BFADD1A022DC1003F7A6C /* QuartzCore.framework */,
				CE7BFADE1A022DC1003F7A6C /* Security.framework */,
				CE7BFADF1A022DC1003F7A6C /* SystemConfiguration.framework */,
				CE7BFAE01A022DC1003F7A6C /* UIKit.framework */,
			);
			name = Frameworks;
			sourceTree = "<group>";
		};
/* End PBXGroup section */

/* Begin PBXNativeTarget section */
		CE7BF98E1A022B57003F7A6C /* AppBootstrap */ = {
			isa = PBXNativeTarget;
			buildConfigurationList = CE7BF9A31A022B57003F7A6C /* Build configuration list for PBXNativeTarget "AppBootstrap" */;
			buildPhases = (
				D8AFE65051B1BF6E5DABD5C2 /* Check Pods Manifest.lock */,
				CE7BF98B1A022B57003F7A6C /* Sources */,
				CE7BF98C1A022B57003F7A6C /* Frameworks */,
				CE7BF98D1A022B57003F7A6C /* Copy Files */,
				C2B46C70F5101174931E02C9 /* Copy Pods Resources */,
				CE6E69C21A03290E002F7E22 /* Build Framework */,
			);
			buildRules = (
			);
			dependencies = (
			);
			name = AppBootstrap;
			productName = AppBootstrap;
			productReference = CE7BF98F1A022B57003F7A6C /* libAppBootstrap.a */;
			productType = "com.apple.product-type.library.static";
		};
		CE7BF9991A022B57003F7A6C /* AppBootstrapTests */ = {
			isa = PBXNativeTarget;
			buildConfigurationList = CE7BF9A61A022B57003F7A6C /* Build configuration list for PBXNativeTarget "AppBootstrapTests" */;
			buildPhases = (
				CE7BF9961A022B57003F7A6C /* Sources */,
				CE7BF9971A022B57003F7A6C /* Frameworks */,
				CE7BF9981A022B57003F7A6C /* Resources */,
			);
			buildRules = (
			);
			dependencies = (
				CE7BF99D1A022B57003F7A6C /* PBXTargetDependency */,
			);
			name = AppBootstrapTests;
			productName = AppBootstrapTests;
			productReference = CE7BF99A1A022B57003F7A6C /* AppBootstrapTests.xctest */;
			productType = "com.apple.product-type.bundle.unit-test";
		};
/* End PBXNativeTarget section */

/* Begin PBXProject section */
		CE7BF9871A022B57003F7A6C /* Project object */ = {
			isa = PBXProject;
			attributes = {
				LastUpgradeCheck = 0610;
				ORGANIZATIONNAME = whosbean.com;
				TargetAttributes = {
					CE4815281A15E49B0037EFA5 = {
						CreatedOnToolsVersion = 6.1;
					};
					CE7BF98E1A022B57003F7A6C = {
						CreatedOnToolsVersion = 6.1;
					};
					CE7BF9991A022B57003F7A6C = {
						CreatedOnToolsVersion = 6.1;
					};
				};
			};
			buildConfigurationList = CE7BF98A1A022B57003F7A6C /* Build configuration list for PBXProject "AppBootstrap" */;
			compatibilityVersion = "Xcode 3.2";
			developmentRegion = English;
			hasScannedForEncodings = 0;
			knownRegions = (
				en,
				"zh-Hans",
			);
			mainGroup = CE7BF9861A022B57003F7A6C;
			productRefGroup = CE7BF9901A022B57003F7A6C /* Products */;
			projectDirPath = "";
			projectRoot = "";
			targets = (
				CE7BF98E1A022B57003F7A6C /* AppBootstrap */,
				CE7BF9991A022B57003F7A6C /* AppBootstrapTests */,
				CE4815281A15E49B0037EFA5 /* Framework */,
			);
		};
/* End PBXProject section */

/* Begin PBXResourcesBuildPhase section */
		CE7BF9981A022B57003F7A6C /* Resources */ = {
			isa = PBXResourcesBuildPhase;
			buildActionMask = 2147483647;
			files = (
			);
			runOnlyForDeploymentPostprocessing = 0;
		};
/* End PBXResourcesBuildPhase section */

/* Begin PBXShellScriptBuildPhase section */
		C2B46C70F5101174931E02C9 /* Copy Pods Resources */ = {
			isa = PBXShellScriptBuildPhase;
			buildActionMask = 8;
			files = (
			);
			inputPaths = (
			);
			name = "Copy Pods Resources";
			outputPaths = (
			);
			runOnlyForDeploymentPostprocessing = 1;
			shellPath = /bin/sh;
			shellScript = "\"${SRCROOT}/Pods/Target Support Files/Pods/Pods-resources.sh\"\n";
			showEnvVarsInLog = 0;
		};
		CE48152E1A15E4CE0037EFA5 /* ShellScript */ = {
			isa = PBXShellScriptBuildPhase;
			buildActionMask = 2147483647;
			files = (
			);
			inputPaths = (
			);
			outputPaths = (
			);
			runOnlyForDeploymentPostprocessing = 0;
			shellPath = /bin/sh;
			shellScript = "set -e\n\n# If we're already inside this script then die\nif [ -n \"$RW_MULTIPLATFORM_BUILD_IN_PROGRESS\" ]; then\nexit 0\nfi\nexport RW_MULTIPLATFORM_BUILD_IN_PROGRESS=1\n\nRW_FRAMEWORK_NAME=${PROJECT_NAME}\nRW_INPUT_STATIC_LIB=\"lib${PROJECT_NAME}.a\"\nRW_FRAMEWORK_LOCATION=\"${BUILT_PRODUCTS_DIR}/${RW_FRAMEWORK_NAME}.framework\"\n\nfunction build_static_library {\n    # Will rebuild the static library as specified\n    #     build_static_library sdk\n    xcrun xcodebuild -project \"${PROJECT_FILE_PATH}\" \\\n    -target \"${TARGET_NAME}\" \\\n    -configuration \"${CONFIGURATION}\" \\\n    -sdk \"${1}\" \\\n    ONLY_ACTIVE_ARCH=NO \\\n    BUILD_DIR=\"${BUILD_DIR}\" \\\n    OBJROOT=\"${OBJROOT}\" \\\n    BUILD_ROOT=\"${BUILD_ROOT}\" \\\n    SYMROOT=\"${SYMROOT}\" $ACTION\n}\n\nfunction make_fat_library {\n    # Will smash 2 static libs together\n    #     make_fat_library in1 in2 out\n    xcrun lipo -create \"${1}\" \"${2}\" -output \"${3}\"\n}\n\n# 1 - Extract the platform (iphoneos/iphonesimulator) from the SDK name\nif [[ \"$SDK_NAME\" =~ ([A-Za-z]+) ]]; then\nRW_SDK_PLATFORM=${BASH_REMATCH[1]}\nelse\necho \"Could not find platform name from SDK_NAME: $SDK_NAME\"\nexit 1\nfi\n\n# 2 - Extract the version from the SDK\nif [[ \"$SDK_NAME\" =~ ([0-9]+.*$) ]]; then\nRW_SDK_VERSION=${BASH_REMATCH[1]}\nelse\necho \"Could not find sdk version from SDK_NAME: $SDK_NAME\"\nexit 1\nfi\n\n# 3 - Determine the other platform\nif [ \"$RW_SDK_PLATFORM\" == \"iphoneos\" ]; then\nRW_OTHER_PLATFORM=iphonesimulator\nelse\nRW_OTHER_PLATFORM=iphoneos\nfi\n\n# 4 - Find the build directory\nif [[ \"$BUILT_PRODUCTS_DIR\" =~ (.*)$RW_SDK_PLATFORM$ ]]; then\nRW_OTHER_BUILT_PRODUCTS_DIR=\"${BASH_REMATCH[1]}${RW_OTHER_PLATFORM}\"\nelse\necho \"Could not find other platform build directory.\"\nexit 1\nfi\n\n# Build the other platform.\nbuild_static_library \"${RW_OTHER_PLATFORM}${RW_SDK_VERSION}\"\n\n# If we're currently building for iphonesimulator, then need to rebuild\n#   to ensure that we get both i386 and x86_64\nif [ \"$RW_SDK_PLATFORM\" == \"iphonesimulator\" ]; then\nbuild_static_library \"${SDK_NAME}\"\nfi\n\n# Join the 2 static libs into 1 and push into the .framework\nmake_fat_library \"${BUILT_PRODUCTS_DIR}/${RW_INPUT_STATIC_LIB}\" \\\n\"${RW_OTHER_BUILT_PRODUCTS_DIR}/${RW_INPUT_STATIC_LIB}\" \\\n\"${RW_FRAMEWORK_LOCATION}/Versions/A/${RW_FRAMEWORK_NAME}\"\n\n# Ensure that the framework is present in both platform's build directories\ncp -a \"${RW_FRAMEWORK_LOCATION}/Versions/A/${RW_FRAMEWORK_NAME}\" \\\n\"${RW_OTHER_BUILT_PRODUCTS_DIR}/${RW_FRAMEWORK_NAME}.framework/Versions/A/${RW_FRAMEWORK_NAME}\"\n\n# Copy the framework to the user's desktop\nditto \"${RW_FRAMEWORK_LOCATION}\" \"${HOME}/Desktop/${RW_FRAMEWORK_NAME}.framework\"";
		};
		CE6E69C21A03290E002F7E22 /* Build Framework */ = {
			isa = PBXShellScriptBuildPhase;
			buildActionMask = 2147483647;
			files = (
			);
			inputPaths = (
			);
			name = "Build Framework";
			outputPaths = (
			);
			runOnlyForDeploymentPostprocessing = 0;
			shellPath = /bin/sh;
			shellScript = "set -e\n\nexport FRAMEWORK_LOCN=\"${BUILT_PRODUCTS_DIR}/${PRODUCT_NAME}.framework\"\n\n# Create the path to the real Headers die\nmkdir -p \"${FRAMEWORK_LOCN}/Versions/A/Headers\"\n\n# Create the required symlinks\n/bin/ln -sfh A \"${FRAMEWORK_LOCN}/Versions/Current\"\n/bin/ln -sfh Versions/Current/Headers \"${FRAMEWORK_LOCN}/Headers\"\n/bin/ln -sfh \"Versions/Current/${PRODUCT_NAME}\" \\\n\"${FRAMEWORK_LOCN}/${PRODUCT_NAME}\"\n\n# Copy the public headers into the framework\n/bin/cp -a \"${TARGET_BUILD_DIR}/include/${PRODUCT_NAME}/\" \\\n\"${FRAMEWORK_LOCN}/Versions/A/Headers\"";
		};
		D8AFE65051B1BF6E5DABD5C2 /* Check Pods Manifest.lock */ = {
			isa = PBXShellScriptBuildPhase;
			buildActionMask = 2147483647;
			files = (
			);
			inputPaths = (
			);
			name = "Check Pods Manifest.lock";
			outputPaths = (
			);
			runOnlyForDeploymentPostprocessing = 0;
			shellPath = /bin/sh;
			shellScript = "diff \"${PODS_ROOT}/../Podfile.lock\" \"${PODS_ROOT}/Manifest.lock\" > /dev/null\nif [[ $? != 0 ]] ; then\n    cat << EOM\nerror: The sandbox is not in sync with the Podfile.lock. Run 'pod install' or update your CocoaPods installation.\nEOM\n    exit 1\nfi\n";
			showEnvVarsInLog = 0;
		};
/* End PBXShellScriptBuildPhase section */

/* Begin PBXSourcesBuildPhase section */
		CE7BF98B1A022B57003F7A6C /* Sources */ = {
			isa = PBXSourcesBuildPhase;
			buildActionMask = 2147483647;
			files = (
				CE6E69BF1A0321B6002F7E22 /* PBObjc.mm in Sources */,
				CE7BFAC31A022D70003F7A6C /* DOUAudioRenderer.m in Sources */,
				CE4BF12E1A03726F00A7BBBC /* NSData+Ext.m in Sources */,
				CE7BFAA91A022D70003F7A6C /* UIViewController+TAPKeyboardPop.m in Sources */,
				CE7BFAB81A022D70003F7A6C /* TaskExecutor.m in Sources */,
				CE7BFAB31A022D70003F7A6C /* ModelSqlEngine.m in Sources */,
				CE7BFACD1A022D70003F7A6C /* POVoiceHUD.m in Sources */,
				CE7BFAC51A022D70003F7A6C /* DOUSimpleHTTPRequest.m in Sources */,
				CE7BFA9E1A022D70003F7A6C /* HYCircleLoadingView.m in Sources */,
				CE7BFAA31A022D70003F7A6C /* UILabel+Ext.m in Sources */,
				CE4BF1301A03726F00A7BBBC /* NSString+Ext.m in Sources */,
				CE7BFAA51A022D70003F7A6C /* UIViewController+Ads.m in Sources */,
				CE7BFAAF1A022D70003F7A6C /* AudioPlayerView.m in Sources */,
				CE7BFAA81A022D70003F7A6C /* UIViewController+Social.m in Sources */,
				CE7BFABE1A022D70003F7A6C /* DOUAudioEventLoop.m in Sources */,
				CE7BFAB21A022D70003F7A6C /* Model.m in Sources */,
				CE7BFAC41A022D70003F7A6C /* DOUAudioStreamer.m in Sources */,
				CE7BFABB1A022D70003F7A6C /* Utility.m in Sources */,
				CE4BF12D1A03726F00A7BBBC /* NSData+CommonCrypto.m in Sources */,
				CE7BFAC91A022D70003F7A6C /* NSDate+TimeAgo.m in Sources */,
				CE7BFAA71A022D70003F7A6C /* UIViewController+Ext.m in Sources */,
				CE7BFAB11A022D70003F7A6C /* DeviceHelper.m in Sources */,
				CE7BFAB91A022D70003F7A6C /* TextSizer.m in Sources */,
				CE7BFAAC1A022D70003F7A6C /* AppResponse.m in Sources */,
				CE7BFAA61A022D70003F7A6C /* UIViewController+CWPopup.m in Sources */,
				CE7BFA9C1A022D70003F7A6C /* CMPopTipView.m in Sources */,
				CE7BFAB01A022D70003F7A6C /* BaseViewController.m in Sources */,
				CE7BFAA21A022D70003F7A6C /* UIImageView+LBBlurredImage.m in Sources */,
				CE6E69DB1A032BF4002F7E22 /* mongoose.c in Sources */,
				CE4BF1341A037A9900A7BBBC /* RealmContext.m in Sources */,
				CE7BFAC21A022D70003F7A6C /* DOUAudioPlaybackItem.m in Sources */,
				CE7BFABA1A022D70003F7A6C /* TSAppResponse.mm in Sources */,
				CE7BFABD1A022D70003F7A6C /* DOUAudioDecoder.m in Sources */,
				CE7BFAAB1A022D70003F7A6C /* APIStub.m in Sources */,
				CE7BFAC81A022D70003F7A6C /* NSDate+Helper.m in Sources */,
				CE7BFA861A022D70003F7A6C /* AESCrypt.m in Sources */,
				CE7BFAB71A022D70003F7A6C /* SqlTemplate.m in Sources */,
				CE7BFAA01A022D70003F7A6C /* UIImage+ImageEffects.m in Sources */,
				CE7BFA9D1A022D70003F7A6C /* FHSegmentedViewController.m in Sources */,
				CE7BFAA11A022D70003F7A6C /* UIImageView+Ext.m in Sources */,
				CE7BFAAD1A022D70003F7A6C /* AppSession.m in Sources */,
				CE7BFA9F1A022D70003F7A6C /* MBProgressHUD.m in Sources */,
				CE7BF9951A022B57003F7A6C /* AppBootstrap.m in Sources */,
				CE7BFABC1A022D70003F7A6C /* XibFactory.m in Sources */,
				CE7BFAB61A022D70003F7A6C /* PullTableViewController.m in Sources */,
				CE7BFAAA1A022D70003F7A6C /* APIClient.m in Sources */,
				CE7BFAC61A022D70003F7A6C /* NSData+DOUMappedFile.m in Sources */,
				CE7BFACC1A022D70003F7A6C /* OpenUDID.m in Sources */,
				CE7BFAC01A022D70003F7A6C /* DOUAudioFileProvider.m in Sources */,
				CE7BFAC11A022D70003F7A6C /* DOUAudioLPCM.m in Sources */,
				CE7BFAAE1A022D70003F7A6C /* Audio.m in Sources */,
				CE7BFAA41A022D70003F7A6C /* UITabBarController+Ext.m in Sources */,
				CE7BFABF1A022D70003F7A6C /* DOUAudioFilePreprocessor.m in Sources */,
				CE7BFAB51A022D70003F7A6C /* PAppResponse.pb.mm in Sources */,
			);
			runOnlyForDeploymentPostprocessing = 0;
		};
		CE7BF9961A022B57003F7A6C /* Sources */ = {
			isa = PBXSourcesBuildPhase;
			buildActionMask = 2147483647;
			files = (
			);
			runOnlyForDeploymentPostprocessing = 0;
		};
/* End PBXSourcesBuildPhase section */

/* Begin PBXTargetDependency section */
		CE48152D1A15E4B30037EFA5 /* PBXTargetDependency */ = {
			isa = PBXTargetDependency;
			target = CE7BF98E1A022B57003F7A6C /* AppBootstrap */;
			targetProxy = CE48152C1A15E4B30037EFA5 /* PBXContainerItemProxy */;
		};
		CE7BF99D1A022B57003F7A6C /* PBXTargetDependency */ = {
			isa = PBXTargetDependency;
			target = CE7BF98E1A022B57003F7A6C /* AppBootstrap */;
			targetProxy = CE7BF99C1A022B57003F7A6C /* PBXContainerItemProxy */;
		};
/* End PBXTargetDependency section */

/* Begin XCBuildConfiguration section */
		CE48152A1A15E49B0037EFA5 /* Debug */ = {
			isa = XCBuildConfiguration;
			buildSettings = {
				PRODUCT_NAME = "$(TARGET_NAME)";
			};
			name = Debug;
		};
		CE48152B1A15E49B0037EFA5 /* Release */ = {
			isa = XCBuildConfiguration;
			buildSettings = {
				PRODUCT_NAME = "$(TARGET_NAME)";
			};
			name = Release;
		};
		CE7BF9A11A022B57003F7A6C /* Debug */ = {
			isa = XCBuildConfiguration;
			buildSettings = {
				ALWAYS_SEARCH_USER_PATHS = NO;
				CLANG_CXX_LANGUAGE_STANDARD = "gnu++0x";
				CLANG_CXX_LIBRARY = "libc++";
				CLANG_ENABLE_MODULES = YES;
				CLANG_ENABLE_OBJC_ARC = YES;
				CLANG_WARN_BOOL_CONVERSION = YES;
				CLANG_WARN_CONSTANT_CONVERSION = YES;
				CLANG_WARN_DIRECT_OBJC_ISA_USAGE = YES_ERROR;
				CLANG_WARN_EMPTY_BODY = YES;
				CLANG_WARN_ENUM_CONVERSION = YES;
				CLANG_WARN_INT_CONVERSION = YES;
				CLANG_WARN_OBJC_ROOT_CLASS = YES_ERROR;
				CLANG_WARN_UNREACHABLE_CODE = YES;
				CLANG_WARN__DUPLICATE_METHOD_MATCH = YES;
				CODE_SIGN_IDENTITY = "iPhone Developer";
				COPY_PHASE_STRIP = NO;
				ENABLE_STRICT_OBJC_MSGSEND = YES;
				FRAMEWORK_SEARCH_PATHS = "$(SOURCE_ROOT)/../include/UMSocial_Sdk/TencentOpenAPI";
				GCC_C_LANGUAGE_STANDARD = gnu99;
				GCC_DYNAMIC_NO_PIC = NO;
				GCC_OPTIMIZATION_LEVEL = 0;
				GCC_PREFIX_HEADER = "AppBootstrap/App-Prefix.pch";
				GCC_PREPROCESSOR_DEFINITIONS = (
					"DEBUG=1",
					"$(inherited)",
				);
				GCC_SYMBOLS_PRIVATE_EXTERN = NO;
				GCC_WARN_64_TO_32_BIT_CONVERSION = YES;
				GCC_WARN_ABOUT_RETURN_TYPE = YES_ERROR;
				GCC_WARN_UNDECLARED_SELECTOR = YES;
				GCC_WARN_UNINITIALIZED_AUTOS = YES_AGGRESSIVE;
				GCC_WARN_UNUSED_FUNCTION = YES;
				GCC_WARN_UNUSED_VARIABLE = YES;
				HEADER_SEARCH_PATHS = (
					"$(inherited)",
					/Applications/Xcode.app/Contents/Developer/Toolchains/XcodeDefault.xctoolchain/usr/include,
					"$(SOURCE_ROOT)/include/baidu",
					"$(SOURCE_ROOT)/include/umeng",
					"$(SOURCE_ROOT/include/UMSocial_Sdk_Extra_Frameworks",
					"$(SOURCE_ROOT)/include/UMSocial_Sdk/Header",
				);
				IPHONEOS_DEPLOYMENT_TARGET = 8.1;
				MTL_ENABLE_DEBUG_INFO = YES;
				ONLY_ACTIVE_ARCH = YES;
				SDKROOT = iphoneos;
				USER_HEADER_SEARCH_PATHS = "$(SOURCE_ROOT)/../include/baidu $(SOURCE_ROOT)/../include/UMSocial_Sdk/Header $(SOURCE_ROOT)/../include/umeng $(SOURCE_ROOT)/../include/UMSocial_Sdk/Wechat $(SOURCE_ROOT)/../include/UMSocial_Sdk/TencentOpenAPI $(SOURCE_ROOT)/../include/UMSocial_Sdk/Sina";
			};
			name = Debug;
		};
		CE7BF9A21A022B57003F7A6C /* Release */ = {
			isa = XCBuildConfiguration;
			buildSettings = {
				ALWAYS_SEARCH_USER_PATHS = NO;
				CLANG_CXX_LANGUAGE_STANDARD = "gnu++0x";
				CLANG_CXX_LIBRARY = "libc++";
				CLANG_ENABLE_MODULES = YES;
				CLANG_ENABLE_OBJC_ARC = YES;
				CLANG_WARN_BOOL_CONVERSION = YES;
				CLANG_WARN_CONSTANT_CONVERSION = YES;
				CLANG_WARN_DIRECT_OBJC_ISA_USAGE = YES_ERROR;
				CLANG_WARN_EMPTY_BODY = YES;
				CLANG_WARN_ENUM_CONVERSION = YES;
				CLANG_WARN_INT_CONVERSION = YES;
				CLANG_WARN_OBJC_ROOT_CLASS = YES_ERROR;
				CLANG_WARN_UNREACHABLE_CODE = YES;
				CLANG_WARN__DUPLICATE_METHOD_MATCH = YES;
				CODE_SIGN_IDENTITY = "iPhone Developer";
				COPY_PHASE_STRIP = YES;
				ENABLE_NS_ASSERTIONS = NO;
				ENABLE_STRICT_OBJC_MSGSEND = YES;
				FRAMEWORK_SEARCH_PATHS = "$(SOURCE_ROOT)/../include/UMSocial_Sdk/TencentOpenAPI";
				GCC_C_LANGUAGE_STANDARD = gnu99;
				GCC_PREFIX_HEADER = "AppBootstrap/App-Prefix.pch";
				GCC_WARN_64_TO_32_BIT_CONVERSION = YES;
				GCC_WARN_ABOUT_RETURN_TYPE = YES_ERROR;
				GCC_WARN_UNDECLARED_SELECTOR = YES;
				GCC_WARN_UNINITIALIZED_AUTOS = YES_AGGRESSIVE;
				GCC_WARN_UNUSED_FUNCTION = YES;
				GCC_WARN_UNUSED_VARIABLE = YES;
				HEADER_SEARCH_PATHS = (
					"$(inherited)",
					/Applications/Xcode.app/Contents/Developer/Toolchains/XcodeDefault.xctoolchain/usr/include,
					"$(SOURCE_ROOT)/include/baidu",
					"$(SOURCE_ROOT)/include/umeng",
					"$(SOURCE_ROOT/include/UMSocial_Sdk_Extra_Frameworks",
					"$(SOURCE_ROOT)/include/UMSocial_Sdk/Header",
				);
				IPHONEOS_DEPLOYMENT_TARGET = 8.1;
				MTL_ENABLE_DEBUG_INFO = NO;
				SDKROOT = iphoneos;
				USER_HEADER_SEARCH_PATHS = "$(SOURCE_ROOT)/../include/baidu $(SOURCE_ROOT)/../include/UMSocial_Sdk/Header $(SOURCE_ROOT)/../include/umeng $(SOURCE_ROOT)/../include/UMSocial_Sdk/Wechat $(SOURCE_ROOT)/../include/UMSocial_Sdk/TencentOpenAPI $(SOURCE_ROOT)/../include/UMSocial_Sdk/Sina";
				VALIDATE_PRODUCT = YES;
			};
			name = Release;
		};
		CE7BF9A41A022B57003F7A6C /* Debug */ = {
			isa = XCBuildConfiguration;
			baseConfigurationReference = C9456C7D13870914EB20B08E /* Pods.debug.xcconfig */;
			buildSettings = {
				FRAMEWORK_SEARCH_PATHS = (
					"$(inherited)",
					"$(PROJECT_DIR)/AppBootstrap/UMSocial_Sdk_Extra_Frameworks/TencentOpenAPI",
				);
				LIBRARY_SEARCH_PATHS = (
					"$(inherited)",
					"$(PROJECT_DIR)/AppBootstrap/baidu",
					"$(PROJECT_DIR)/AppBootstrap/umeng",
					"$(PROJECT_DIR)/AppBootstrap/UMSocial_Sdk_4.2",
					"$(PROJECT_DIR)/AppBootstrap/UMSocial_Sdk_Extra_Frameworks/Sina",
					"$(PROJECT_DIR)/AppBootstrap/UMSocial_Sdk_Extra_Frameworks/TencentOpenAPI",
					"$(PROJECT_DIR)/AppBootstrap/UMSocial_Sdk_Extra_Frameworks/Wechat",
					"$(SDKROOT)/usr/lib/system",
				);
				OTHER_LDFLAGS = "-ObjC";
				PRODUCT_NAME = "$(TARGET_NAME)";
				SKIP_INSTALL = YES;
			};
			name = Debug;
		};
		CE7BF9A51A022B57003F7A6C /* Release */ = {
			isa = XCBuildConfiguration;
			baseConfigurationReference = 706F2E9A34B6F970A5153C30 /* Pods.release.xcconfig */;
			buildSettings = {
				FRAMEWORK_SEARCH_PATHS = (
					"$(inherited)",
					"$(PROJECT_DIR)/AppBootstrap/UMSocial_Sdk_Extra_Frameworks/TencentOpenAPI",
				);
				LIBRARY_SEARCH_PATHS = (
					"$(inherited)",
					"$(PROJECT_DIR)/AppBootstrap/baidu",
					"$(PROJECT_DIR)/AppBootstrap/umeng",
					"$(PROJECT_DIR)/AppBootstrap/UMSocial_Sdk_4.2",
					"$(PROJECT_DIR)/AppBootstrap/UMSocial_Sdk_Extra_Frameworks/Sina",
					"$(PROJECT_DIR)/AppBootstrap/UMSocial_Sdk_Extra_Frameworks/TencentOpenAPI",
					"$(PROJECT_DIR)/AppBootstrap/UMSocial_Sdk_Extra_Frameworks/Wechat",
					"$(SDKROOT)/usr/lib/system",
				);
				OTHER_LDFLAGS = "-ObjC";
				PRODUCT_NAME = "$(TARGET_NAME)";
				SKIP_INSTALL = YES;
			};
			name = Release;
		};
		CE7BF9A71A022B57003F7A6C /* Debug */ = {
			isa = XCBuildConfiguration;
			buildSettings = {
				FRAMEWORK_SEARCH_PATHS = (
					"$(SDKROOT)/Developer/Library/Frameworks",
					"$(inherited)",
				);
				GCC_PREPROCESSOR_DEFINITIONS = (
					"DEBUG=1",
					"$(inherited)",
				);
				INFOPLIST_FILE = AppBootstrapTests/Info.plist;
				LD_RUNPATH_SEARCH_PATHS = "$(inherited) @executable_path/Frameworks @loader_path/Frameworks";
				PRODUCT_NAME = "$(TARGET_NAME)";
			};
			name = Debug;
		};
		CE7BF9A81A022B57003F7A6C /* Release */ = {
			isa = XCBuildConfiguration;
			buildSettings = {
				FRAMEWORK_SEARCH_PATHS = (
					"$(SDKROOT)/Developer/Library/Frameworks",
					"$(inherited)",
				);
				INFOPLIST_FILE = AppBootstrapTests/Info.plist;
				LD_RUNPATH_SEARCH_PATHS = "$(inherited) @executable_path/Frameworks @loader_path/Frameworks";
				PRODUCT_NAME = "$(TARGET_NAME)";
			};
			name = Release;
		};
/* End XCBuildConfiguration section */

/* Begin XCConfigurationList section */
		CE4815291A15E49B0037EFA5 /* Build configuration list for PBXAggregateTarget "Framework" */ = {
			isa = XCConfigurationList;
			buildConfigurations = (
				CE48152A1A15E49B0037EFA5 /* Debug */,
				CE48152B1A15E49B0037EFA5 /* Release */,
			);
			defaultConfigurationIsVisible = 0;
		};
		CE7BF98A1A022B57003F7A6C /* Build configuration list for PBXProject "AppBootstrap" */ = {
			isa = XCConfigurationList;
			buildConfigurations = (
				CE7BF9A11A022B57003F7A6C /* Debug */,
				CE7BF9A21A022B57003F7A6C /* Release */,
			);
			defaultConfigurationIsVisible = 0;
			defaultConfigurationName = Release;
		};
		CE7BF9A31A022B57003F7A6C /* Build configuration list for PBXNativeTarget "AppBootstrap" */ = {
			isa = XCConfigurationList;
			buildConfigurations = (
				CE7BF9A41A022B57003F7A6C /* Debug */,
				CE7BF9A51A022B57003F7A6C /* Release */,
			);
			defaultConfigurationIsVisible = 0;
			defaultConfigurationName = Release;
		};
		CE7BF9A61A022B57003F7A6C /* Build configuration list for PBXNativeTarget "AppBootstrapTests" */ = {
			isa = XCConfigurationList;
			buildConfigurations = (
				CE7BF9A71A022B57003F7A6C /* Debug */,
				CE7BF9A81A022B57003F7A6C /* Release */,
			);
			defaultConfigurationIsVisible = 0;
			defaultConfigurationName = Release;
		};
/* End XCConfigurationList section */
	};
	rootObject = CE7BF9871A022B57003F7A6C /* Project object */;
}
