// !$*UTF8*$!
{
	archiveVersion = 1;
	classes = {
	};
	objectVersion = 46;
	objects = {

/* Begin PBXAggregateTarget section */
		CE4815281A15E49B0037EFA5 /* Framework */ = {
			isa = PBXAggregateTarget;
			buildConfigurationList = CE4815291A15E49B0037EFA5 /* Build configuration list for PBXAggregateTarget "Framework" */;
			buildPhases = (
				CE48152E1A15E4CE0037EFA5 /* ShellScript */,
			);
			dependencies = (
				CE48152D1A15E4B30037EFA5 /* PBXTargetDependency */,
			);
			name = Framework;
			productName = Framework;
		};
/* End PBXAggregateTarget section */

/* Begin PBXBuildFile section */
		05F3E8D2D4D18682378044B7 /* libPods.a in Frameworks */ = {isa = PBXBuildFile; fileRef = 84ECC916381902B212B4B25F /* libPods.a */; };
		CE4BF12D1A03726F00A7BBBC /* NSData+CommonCrypto.m in Sources */ = {isa = PBXBuildFile; fileRef = CE4BF1231A03726F00A7BBBC /* NSData+CommonCrypto.m */; };
		CE4BF12E1A03726F00A7BBBC /* NSData+Ext.m in Sources */ = {isa = PBXBuildFile; fileRef = CE4BF1251A03726F00A7BBBC /* NSData+Ext.m */; };
		CE4BF1301A03726F00A7BBBC /* NSString+Ext.m in Sources */ = {isa = PBXBuildFile; fileRef = CE4BF1291A03726F00A7BBBC /* NSString+Ext.m */; };
		CE4BF1361A037FA600A7BBBC /* NSData+CommonCrypto.h in Copy Files */ = {isa = PBXBuildFile; fileRef = CE4BF1221A03726F00A7BBBC /* NSData+CommonCrypto.h */; };
		CE4BF1371A037FA600A7BBBC /* NSData+Ext.h in Copy Files */ = {isa = PBXBuildFile; fileRef = CE4BF1241A03726F00A7BBBC /* NSData+Ext.h */; };
		CE4BF1381A037FA600A7BBBC /* NSString+Ext.h in Copy Files */ = {isa = PBXBuildFile; fileRef = CE4BF1281A03726F00A7BBBC /* NSString+Ext.h */; };
		CE5A6C601BBEAA2F00A05C97 /* AFProtobufResponseSerializer.m in Sources */ = {isa = PBXBuildFile; fileRef = CE5A6C5F1BBEAA2F00A05C97 /* AFProtobufResponseSerializer.m */; settings = {ASSET_TAGS = (); }; };
		CE5A6C6A1BBEBE6000A05C97 /* NSMutableArray+Tool.m in Sources */ = {isa = PBXBuildFile; fileRef = CE5A6C631BBEBE6000A05C97 /* NSMutableArray+Tool.m */; settings = {ASSET_TAGS = (); }; };
		CE5A6C6B1BBEBE6000A05C97 /* UIImage+Tint.m in Sources */ = {isa = PBXBuildFile; fileRef = CE5A6C651BBEBE6000A05C97 /* UIImage+Tint.m */; settings = {ASSET_TAGS = (); }; };
		CE5A6C6C1BBEBE6000A05C97 /* UIView+HUD.m in Sources */ = {isa = PBXBuildFile; fileRef = CE5A6C671BBEBE6000A05C97 /* UIView+HUD.m */; settings = {ASSET_TAGS = (); }; };
		CE5A6C6D1BBEBE6000A05C97 /* UIView+Layout.m in Sources */ = {isa = PBXBuildFile; fileRef = CE5A6C691BBEBE6000A05C97 /* UIView+Layout.m */; settings = {ASSET_TAGS = (); }; };
		CE5EA7271AE35EBF00E80E4D /* LPlaceholderTextView.m in Sources */ = {isa = PBXBuildFile; fileRef = CE5EA71D1AE35EBF00E80E4D /* LPlaceholderTextView.m */; };
		CE5EA7281AE35EBF00E80E4D /* UIImageEdView.m in Sources */ = {isa = PBXBuildFile; fileRef = CE5EA71F1AE35EBF00E80E4D /* UIImageEdView.m */; };
		CE5EA72A1AE35EBF00E80E4D /* UIViewController+ImagePicker.m in Sources */ = {isa = PBXBuildFile; fileRef = CE5EA7221AE35EBF00E80E4D /* UIViewController+ImagePicker.m */; };
		CE5EA72B1AE35EBF00E80E4D /* UIViewController+SearchBar.m in Sources */ = {isa = PBXBuildFile; fileRef = CE5EA7241AE35EBF00E80E4D /* UIViewController+SearchBar.m */; };
		CE7BF9931A022B57003F7A6C /* BootstrapDelegate.h in Copy Files */ = {isa = PBXBuildFile; fileRef = CE7BF9921A022B57003F7A6C /* BootstrapDelegate.h */; };
		CE7BF9951A022B57003F7A6C /* BootstrapDelegate.m in Sources */ = {isa = PBXBuildFile; fileRef = CE7BF9941A022B57003F7A6C /* BootstrapDelegate.m */; };
		CE7BF99B1A022B57003F7A6C /* libAppBootstrap.a in Frameworks */ = {isa = PBXBuildFile; fileRef = CE7BF98F1A022B57003F7A6C /* libAppBootstrap.a */; };
		CE7BFA9D1A022D70003F7A6C /* FHSegmentedViewController.m in Sources */ = {isa = PBXBuildFile; fileRef = CE7BF9EA1A022D70003F7A6C /* FHSegmentedViewController.m */; };
		CE7BFA9E1A022D70003F7A6C /* HYCircleLoadingView.m in Sources */ = {isa = PBXBuildFile; fileRef = CE7BF9EC1A022D70003F7A6C /* HYCircleLoadingView.m */; };
		CE7BFA9F1A022D70003F7A6C /* MBProgressHUD.m in Sources */ = {isa = PBXBuildFile; fileRef = CE7BF9EE1A022D70003F7A6C /* MBProgressHUD.m */; };
		CE7BFAA01A022D70003F7A6C /* UIImage+ImageEffects.m in Sources */ = {isa = PBXBuildFile; fileRef = CE7BF9F01A022D70003F7A6C /* UIImage+ImageEffects.m */; };
		CE7BFAA11A022D70003F7A6C /* UIImageView+Ext.m in Sources */ = {isa = PBXBuildFile; fileRef = CE7BF9F21A022D70003F7A6C /* UIImageView+Ext.m */; };
		CE7BFAA21A022D70003F7A6C /* UIImageView+LBBlurredImage.m in Sources */ = {isa = PBXBuildFile; fileRef = CE7BF9F41A022D70003F7A6C /* UIImageView+LBBlurredImage.m */; };
		CE7BFAA41A022D70003F7A6C /* UITabBarController+Ext.m in Sources */ = {isa = PBXBuildFile; fileRef = CE7BF9F81A022D70003F7A6C /* UITabBarController+Ext.m */; };
		CE7BFAA71A022D70003F7A6C /* UIViewController+Ext.m in Sources */ = {isa = PBXBuildFile; fileRef = CE7BF9FE1A022D70003F7A6C /* UIViewController+Ext.m */; };
		CE7BFAC81A022D70003F7A6C /* NSDate+Helper.m in Sources */ = {isa = PBXBuildFile; fileRef = CE7BFA471A022D70003F7A6C /* NSDate+Helper.m */; };
		CE7BFAEE1A022E15003F7A6C /* AdSupport.framework in Frameworks */ = {isa = PBXBuildFile; fileRef = CE7BFAD51A022DC1003F7A6C /* AdSupport.framework */; };
		CE7BFAEF1A022E1D003F7A6C /* AudioToolbox.framework in Frameworks */ = {isa = PBXBuildFile; fileRef = CE7BFAD61A022DC1003F7A6C /* AudioToolbox.framework */; };
		CE7BFAF01A022E23003F7A6C /* AVFoundation.framework in Frameworks */ = {isa = PBXBuildFile; fileRef = CE7BFAD71A022DC1003F7A6C /* AVFoundation.framework */; };
		CE7BFAF11A022E2B003F7A6C /* CoreFoundation.framework in Frameworks */ = {isa = PBXBuildFile; fileRef = CE7BFAD81A022DC1003F7A6C /* CoreFoundation.framework */; };
		CE7BFAF21A022E31003F7A6C /* Foundation.framework in Frameworks */ = {isa = PBXBuildFile; fileRef = CE7BFADB1A022DC1003F7A6C /* Foundation.framework */; };
		CE7BFAF31A022E37003F7A6C /* CoreLocation.framework in Frameworks */ = {isa = PBXBuildFile; fileRef = CE7BFAD91A022DC1003F7A6C /* CoreLocation.framework */; };
		CE7BFAF41A022E3D003F7A6C /* CoreTelephony.framework in Frameworks */ = {isa = PBXBuildFile; fileRef = CE7BFADA1A022DC1003F7A6C /* CoreTelephony.framework */; };
		CE7BFAF51A022E44003F7A6C /* MessageUI.framework in Frameworks */ = {isa = PBXBuildFile; fileRef = CE7BFADC1A022DC1003F7A6C /* MessageUI.framework */; };
		CE7BFAF61A022E4A003F7A6C /* QuartzCore.framework in Frameworks */ = {isa = PBXBuildFile; fileRef = CE7BFADD1A022DC1003F7A6C /* QuartzCore.framework */; };
		CE7BFAF71A022E4F003F7A6C /* Security.framework in Frameworks */ = {isa = PBXBuildFile; fileRef = CE7BFADE1A022DC1003F7A6C /* Security.framework */; };
		CE7BFAF81A022E56003F7A6C /* SystemConfiguration.framework in Frameworks */ = {isa = PBXBuildFile; fileRef = CE7BFADF1A022DC1003F7A6C /* SystemConfiguration.framework */; };
		CE7BFAF91A022E5B003F7A6C /* UIKit.framework in Frameworks */ = {isa = PBXBuildFile; fileRef = CE7BFAE01A022DC1003F7A6C /* UIKit.framework */; };
		CE7BFAFB1A022EA6003F7A6C /* CoreGraphics.framework in Frameworks */ = {isa = PBXBuildFile; fileRef = CE7BFAFA1A022EA6003F7A6C /* CoreGraphics.framework */; };
		CE7BFB091A022F20003F7A6C /* CoreMotion.framework in Frameworks */ = {isa = PBXBuildFile; fileRef = CE7BFB081A022F20003F7A6C /* CoreMotion.framework */; };
		CE7BFB0B1A022F35003F7A6C /* MediaPlayer.framework in Frameworks */ = {isa = PBXBuildFile; fileRef = CE7BFB0A1A022F35003F7A6C /* MediaPlayer.framework */; };
		CE7BFB111A023681003F7A6C /* FHSegmentedViewController.h in Copy Files */ = {isa = PBXBuildFile; fileRef = CE7BF9E91A022D70003F7A6C /* FHSegmentedViewController.h */; };
		CE7BFB121A023681003F7A6C /* HYCircleLoadingView.h in Copy Files */ = {isa = PBXBuildFile; fileRef = CE7BF9EB1A022D70003F7A6C /* HYCircleLoadingView.h */; };
		CE7BFB131A023681003F7A6C /* MBProgressHUD.h in Copy Files */ = {isa = PBXBuildFile; fileRef = CE7BF9ED1A022D70003F7A6C /* MBProgressHUD.h */; };
		CE7BFB141A023681003F7A6C /* UIImage+ImageEffects.h in Copy Files */ = {isa = PBXBuildFile; fileRef = CE7BF9EF1A022D70003F7A6C /* UIImage+ImageEffects.h */; };
		CE7BFB151A023681003F7A6C /* UIImageView+Ext.h in Copy Files */ = {isa = PBXBuildFile; fileRef = CE7BF9F11A022D70003F7A6C /* UIImageView+Ext.h */; };
		CE7BFB171A023681003F7A6C /* UITabBarController+Ext.h in Copy Files */ = {isa = PBXBuildFile; fileRef = CE7BF9F71A022D70003F7A6C /* UITabBarController+Ext.h */; };
		CE7BFB1A1A023681003F7A6C /* UIViewController+Ext.h in Copy Files */ = {isa = PBXBuildFile; fileRef = CE7BF9FD1A022D70003F7A6C /* UIViewController+Ext.h */; };
		CE7BFB2D1A023681003F7A6C /* NSDate+Helper.h in Copy Files */ = {isa = PBXBuildFile; fileRef = CE7BFA461A022D70003F7A6C /* NSDate+Helper.h */; };
		CE87ACDE1AE3701D0054183A /* GDIIndexBar.m in Sources */ = {isa = PBXBuildFile; fileRef = CE87ACBD1AE3701D0054183A /* GDIIndexBar.m */; };
		CE87ACDF1AE3701D0054183A /* bitstream.c in Sources */ = {isa = PBXBuildFile; fileRef = CE87ACBF1AE3701D0054183A /* bitstream.c */; };
		CE87ACE01AE3701D0054183A /* mask.c in Sources */ = {isa = PBXBuildFile; fileRef = CE87ACC11AE3701D0054183A /* mask.c */; };
		CE87ACE11AE3701D0054183A /* QRCodeGenerator.m in Sources */ = {isa = PBXBuildFile; fileRef = CE87ACC41AE3701D0054183A /* QRCodeGenerator.m */; };
		CE87ACE21AE3701D0054183A /* qrencode.c in Sources */ = {isa = PBXBuildFile; fileRef = CE87ACC51AE3701D0054183A /* qrencode.c */; };
		CE87ACE31AE3701D0054183A /* qrinput.c in Sources */ = {isa = PBXBuildFile; fileRef = CE87ACC71AE3701D0054183A /* qrinput.c */; };
		CE87ACE41AE3701D0054183A /* qrspec.c in Sources */ = {isa = PBXBuildFile; fileRef = CE87ACC91AE3701D0054183A /* qrspec.c */; };
		CE87ACE51AE3701D0054183A /* rscode.c in Sources */ = {isa = PBXBuildFile; fileRef = CE87ACCB1AE3701D0054183A /* rscode.c */; };
		CE87ACE61AE3701D0054183A /* split.c in Sources */ = {isa = PBXBuildFile; fileRef = CE87ACCD1AE3701D0054183A /* split.c */; };
		CE87ACE71AE3701D0054183A /* MSCMoreOptionTableViewCell.m in Sources */ = {isa = PBXBuildFile; fileRef = CE87ACD21AE3701D0054183A /* MSCMoreOptionTableViewCell.m */; };
		CE87ACE81AE3701D0054183A /* QRCameraSwitchButton.m in Sources */ = {isa = PBXBuildFile; fileRef = CE87ACD61AE3701D0054183A /* QRCameraSwitchButton.m */; };
		CE87ACE91AE3701D0054183A /* QRCodeReader.m in Sources */ = {isa = PBXBuildFile; fileRef = CE87ACD81AE3701D0054183A /* QRCodeReader.m */; };
		CE87ACEA1AE3701D0054183A /* QRCodeReaderView.m in Sources */ = {isa = PBXBuildFile; fileRef = CE87ACDB1AE3701D0054183A /* QRCodeReaderView.m */; };
		CE87ACEB1AE3701D0054183A /* QRCodeReaderViewController.m in Sources */ = {isa = PBXBuildFile; fileRef = CE87ACDD1AE3701D0054183A /* QRCodeReaderViewController.m */; };
		CEC065981BBE1CA200DAD1E5 /* AppSession.m in Sources */ = {isa = PBXBuildFile; fileRef = CEC0658F1BBE1CA200DAD1E5 /* AppSession.m */; settings = {ASSET_TAGS = (); }; };
		CEC065991BBE1CA200DAD1E5 /* DeviceHelper.m in Sources */ = {isa = PBXBuildFile; fileRef = CEC065911BBE1CA200DAD1E5 /* DeviceHelper.m */; settings = {ASSET_TAGS = (); }; };
		CEC0659A1BBE1CA200DAD1E5 /* RealmContext.m in Sources */ = {isa = PBXBuildFile; fileRef = CEC065931BBE1CA200DAD1E5 /* RealmContext.m */; settings = {ASSET_TAGS = (); }; };
		CEC0659B1BBE1CA200DAD1E5 /* Utility.m in Sources */ = {isa = PBXBuildFile; fileRef = CEC065951BBE1CA200DAD1E5 /* Utility.m */; settings = {ASSET_TAGS = (); }; };
		CEC0659C1BBE1CA200DAD1E5 /* XibFactory.m in Sources */ = {isa = PBXBuildFile; fileRef = CEC065971BBE1CA200DAD1E5 /* XibFactory.m */; settings = {ASSET_TAGS = (); }; };
		CEC065AD1BBE1E1500DAD1E5 /* APIClient.m in Sources */ = {isa = PBXBuildFile; fileRef = CEC0659F1BBE1E1500DAD1E5 /* APIClient.m */; settings = {ASSET_TAGS = (); }; };
		CEC065B11BBE1E1500DAD1E5 /* TSAppResponse.mm in Sources */ = {isa = PBXBuildFile; fileRef = CEC065A81BBE1E1500DAD1E5 /* TSAppResponse.mm */; settings = {ASSET_TAGS = (); }; };
		CEC065B21BBE1E1500DAD1E5 /* PBObjc.mm in Sources */ = {isa = PBXBuildFile; fileRef = CEC065AB1BBE1E1500DAD1E5 /* PBObjc.mm */; settings = {ASSET_TAGS = (); }; };
		CEC065B91BBE24BB00DAD1E5 /* PAppResponse.pb.mm in Sources */ = {isa = PBXBuildFile; fileRef = CEC065B41BBE24BB00DAD1E5 /* PAppResponse.pb.mm */; settings = {ASSET_TAGS = (); }; };
		CEC065BA1BBE24BB00DAD1E5 /* PAppSession.pb.mm in Sources */ = {isa = PBXBuildFile; fileRef = CEC065B71BBE24BB00DAD1E5 /* PAppSession.pb.mm */; settings = {ASSET_TAGS = (); }; };
		CEC065BD1BBE27B400DAD1E5 /* TSAppSession.mm in Sources */ = {isa = PBXBuildFile; fileRef = CEC065BC1BBE27B400DAD1E5 /* TSAppSession.mm */; settings = {ASSET_TAGS = (); }; };
		CEC065C11BBE4EE200DAD1E5 /* AppSecurity.m in Sources */ = {isa = PBXBuildFile; fileRef = CEC065C01BBE4EE200DAD1E5 /* AppSecurity.m */; settings = {ASSET_TAGS = (); }; };
		CEC78CDC1BC16973005ADCF4 /* boost.h in Copy Files */ = {isa = PBXBuildFile; fileRef = CE5A6C5D1BBEA43700A05C97 /* boost.h */; };
		CEC78CDD1BC16973005ADCF4 /* APIClient.h in Copy Files */ = {isa = PBXBuildFile; fileRef = CEC0659E1BBE1E1500DAD1E5 /* APIClient.h */; };
		CEC78CDE1BC16973005ADCF4 /* AFProtobufResponseSerializer.h in Copy Files */ = {isa = PBXBuildFile; fileRef = CE5A6C5E1BBEAA2F00A05C97 /* AFProtobufResponseSerializer.h */; };
		CEC78CDF1BC16973005ADCF4 /* AppSession.h in Copy Files */ = {isa = PBXBuildFile; fileRef = CEC0658E1BBE1CA200DAD1E5 /* AppSession.h */; };
		CEC78CE01BC16973005ADCF4 /* DeviceHelper.h in Copy Files */ = {isa = PBXBuildFile; fileRef = CEC065901BBE1CA200DAD1E5 /* DeviceHelper.h */; };
		CEC78CE11BC16973005ADCF4 /* RealmContext.h in Copy Files */ = {isa = PBXBuildFile; fileRef = CEC065921BBE1CA200DAD1E5 /* RealmContext.h */; };
		CEC78CE21BC16973005ADCF4 /* Utility.h in Copy Files */ = {isa = PBXBuildFile; fileRef = CEC065941BBE1CA200DAD1E5 /* Utility.h */; };
		CEC78CE31BC16973005ADCF4 /* XibFactory.h in Copy Files */ = {isa = PBXBuildFile; fileRef = CEC065961BBE1CA200DAD1E5 /* XibFactory.h */; };
		CEC78CE41BC16973005ADCF4 /* GDIIndexBar.h in Copy Files */ = {isa = PBXBuildFile; fileRef = CE87ACBC1AE3701D0054183A /* GDIIndexBar.h */; };
		CEC78CE51BC16973005ADCF4 /* bitstream.h in Copy Files */ = {isa = PBXBuildFile; fileRef = CE87ACC01AE3701D0054183A /* bitstream.h */; };
		CEC78CE61BC16973005ADCF4 /* mask.h in Copy Files */ = {isa = PBXBuildFile; fileRef = CE87ACC21AE3701D0054183A /* mask.h */; };
		CEC78CE71BC16973005ADCF4 /* QRCodeGenerator.h in Copy Files */ = {isa = PBXBuildFile; fileRef = CE87ACC31AE3701D0054183A /* QRCodeGenerator.h */; };
		CEC78CE81BC16973005ADCF4 /* qrencode.h in Copy Files */ = {isa = PBXBuildFile; fileRef = CE87ACC61AE3701D0054183A /* qrencode.h */; };
		CEC78CE91BC16973005ADCF4 /* qrinput.h in Copy Files */ = {isa = PBXBuildFile; fileRef = CE87ACC81AE3701D0054183A /* qrinput.h */; };
		CEC78CEA1BC16973005ADCF4 /* qrspec.h in Copy Files */ = {isa = PBXBuildFile; fileRef = CE87ACCA1AE3701D0054183A /* qrspec.h */; };
		CEC78CEB1BC16973005ADCF4 /* rscode.h in Copy Files */ = {isa = PBXBuildFile; fileRef = CE87ACCC1AE3701D0054183A /* rscode.h */; };
		CEC78CEC1BC16973005ADCF4 /* split.h in Copy Files */ = {isa = PBXBuildFile; fileRef = CE87ACCE1AE3701D0054183A /* split.h */; };
		CEC78CED1BC16973005ADCF4 /* MSCMoreOptionTableViewCell.h in Copy Files */ = {isa = PBXBuildFile; fileRef = CE87ACD11AE3701D0054183A /* MSCMoreOptionTableViewCell.h */; };
		CEC78CEE1BC16973005ADCF4 /* MSCMoreOptionTableViewCellDelegate.h in Copy Files */ = {isa = PBXBuildFile; fileRef = CE87ACD31AE3701D0054183A /* MSCMoreOptionTableViewCellDelegate.h */; };
		CEC78CEF1BC16973005ADCF4 /* QRCameraSwitchButton.h in Copy Files */ = {isa = PBXBuildFile; fileRef = CE87ACD51AE3701D0054183A /* QRCameraSwitchButton.h */; };
		CEC78CF01BC16973005ADCF4 /* QRCodeReader.h in Copy Files */ = {isa = PBXBuildFile; fileRef = CE87ACD71AE3701D0054183A /* QRCodeReader.h */; };
		CEC78CF11BC16973005ADCF4 /* QRCodeReaderDelegate.h in Copy Files */ = {isa = PBXBuildFile; fileRef = CE87ACD91AE3701D0054183A /* QRCodeReaderDelegate.h */; };
		CEC78CF21BC16973005ADCF4 /* QRCodeReaderView.h in Copy Files */ = {isa = PBXBuildFile; fileRef = CE87ACDA1AE3701D0054183A /* QRCodeReaderView.h */; };
		CEC78CF31BC16973005ADCF4 /* QRCodeReaderViewController.h in Copy Files */ = {isa = PBXBuildFile; fileRef = CE87ACDC1AE3701D0054183A /* QRCodeReaderViewController.h */; };
		CEC78CF41BC16973005ADCF4 /* NSMutableArray+Tool.h in Copy Files */ = {isa = PBXBuildFile; fileRef = CE5A6C621BBEBE6000A05C97 /* NSMutableArray+Tool.h */; };
		CEC78CF51BC16973005ADCF4 /* UIImage+Tint.h in Copy Files */ = {isa = PBXBuildFile; fileRef = CE5A6C641BBEBE6000A05C97 /* UIImage+Tint.h */; };
		CEC78CF61BC16973005ADCF4 /* UIView+HUD.h in Copy Files */ = {isa = PBXBuildFile; fileRef = CE5A6C661BBEBE6000A05C97 /* UIView+HUD.h */; };
		CEC78CF71BC16973005ADCF4 /* UIView+Layout.h in Copy Files */ = {isa = PBXBuildFile; fileRef = CE5A6C681BBEBE6000A05C97 /* UIView+Layout.h */; };
		CEC78CF81BC16973005ADCF4 /* LPlaceholderTextView.h in Copy Files */ = {isa = PBXBuildFile; fileRef = CE5EA71C1AE35EBF00E80E4D /* LPlaceholderTextView.h */; };
		CEC78CF91BC16973005ADCF4 /* UIImageEdView.h in Copy Files */ = {isa = PBXBuildFile; fileRef = CE5EA71E1AE35EBF00E80E4D /* UIImageEdView.h */; };
		CEC78CFA1BC16973005ADCF4 /* UIImageView+LBBlurredImage.h in Copy Files */ = {isa = PBXBuildFile; fileRef = CE7BF9F31A022D70003F7A6C /* UIImageView+LBBlurredImage.h */; };
		CEC78CFB1BC16973005ADCF4 /* UIViewController+ImagePicker.h in Copy Files */ = {isa = PBXBuildFile; fileRef = CE5EA7211AE35EBF00E80E4D /* UIViewController+ImagePicker.h */; };
		CEC78CFC1BC16973005ADCF4 /* UIViewController+SearchBar.h in Copy Files */ = {isa = PBXBuildFile; fileRef = CE5EA7231AE35EBF00E80E4D /* UIViewController+SearchBar.h */; };
		CEC78CFD1BC16973005ADCF4 /* BetterNSLog.h in Copy Files */ = {isa = PBXBuildFile; fileRef = CEBD47381A02625F0020CC16 /* BetterNSLog.h */; };
		CEC78CFE1BC16973005ADCF4 /* AppSecurity.h in Copy Files */ = {isa = PBXBuildFile; fileRef = CEC065BF1BBE4EE200DAD1E5 /* AppSecurity.h */; };
		CEC78D441BC17BF1005ADCF4 /* TSAppResponse.hh in Copy Files */ = {isa = PBXBuildFile; fileRef = CEC065A71BBE1E1500DAD1E5 /* TSAppResponse.hh */; };
		CEC78D451BC17BF1005ADCF4 /* PAppResponse.pb.hh in Copy Files */ = {isa = PBXBuildFile; fileRef = CEC065B31BBE24BB00DAD1E5 /* PAppResponse.pb.hh */; };
		CEC78D461BC17BF1005ADCF4 /* PAppSession.pb.hh in Copy Files */ = {isa = PBXBuildFile; fileRef = CEC065B61BBE24BB00DAD1E5 /* PAppSession.pb.hh */; };
		CEC78D471BC17BF1005ADCF4 /* PBObjc.hh in Copy Files */ = {isa = PBXBuildFile; fileRef = CEC065AA1BBE1E1500DAD1E5 /* PBObjc.hh */; };
		CEC78D481BC17BF1005ADCF4 /* PBObjcWrapper.hh in Copy Files */ = {isa = PBXBuildFile; fileRef = CEC065AC1BBE1E1500DAD1E5 /* PBObjcWrapper.hh */; };
		CEC78D491BC17BF1005ADCF4 /* TSAppSession.hh in Copy Files */ = {isa = PBXBuildFile; fileRef = CEC065BB1BBE27B400DAD1E5 /* TSAppSession.hh */; };
/* End PBXBuildFile section */

/* Begin PBXContainerItemProxy section */
		CE48152C1A15E4B30037EFA5 /* PBXContainerItemProxy */ = {
			isa = PBXContainerItemProxy;
			containerPortal = CE7BF9871A022B57003F7A6C /* Project object */;
			proxyType = 1;
			remoteGlobalIDString = CE7BF98E1A022B57003F7A6C;
			remoteInfo = AppBootstrap;
		};
		CE7BF99C1A022B57003F7A6C /* PBXContainerItemProxy */ = {
			isa = PBXContainerItemProxy;
			containerPortal = CE7BF9871A022B57003F7A6C /* Project object */;
			proxyType = 1;
			remoteGlobalIDString = CE7BF98E1A022B57003F7A6C;
			remoteInfo = AppBootstrap;
		};
/* End PBXContainerItemProxy section */

/* Begin PBXCopyFilesBuildPhase section */
		CE7BF98D1A022B57003F7A6C /* Copy Files */ = {
			isa = PBXCopyFilesBuildPhase;
			buildActionMask = 2147483647;
			dstPath = "include/$(PRODUCT_NAME)";
			dstSubfolderSpec = 16;
			files = (
				CEC78D441BC17BF1005ADCF4 /* TSAppResponse.hh in Copy Files */,
				CEC78D451BC17BF1005ADCF4 /* PAppResponse.pb.hh in Copy Files */,
				CEC78D461BC17BF1005ADCF4 /* PAppSession.pb.hh in Copy Files */,
				CEC78D471BC17BF1005ADCF4 /* PBObjc.hh in Copy Files */,
				CEC78D481BC17BF1005ADCF4 /* PBObjcWrapper.hh in Copy Files */,
				CEC78D491BC17BF1005ADCF4 /* TSAppSession.hh in Copy Files */,
				CEC78CDC1BC16973005ADCF4 /* boost.h in Copy Files */,
				CEC78CDD1BC16973005ADCF4 /* APIClient.h in Copy Files */,
				CEC78CDE1BC16973005ADCF4 /* AFProtobufResponseSerializer.h in Copy Files */,
				CEC78CDF1BC16973005ADCF4 /* AppSession.h in Copy Files */,
				CEC78CE01BC16973005ADCF4 /* DeviceHelper.h in Copy Files */,
				CEC78CE11BC16973005ADCF4 /* RealmContext.h in Copy Files */,
				CEC78CE21BC16973005ADCF4 /* Utility.h in Copy Files */,
				CEC78CE31BC16973005ADCF4 /* XibFactory.h in Copy Files */,
				CEC78CE41BC16973005ADCF4 /* GDIIndexBar.h in Copy Files */,
				CEC78CE51BC16973005ADCF4 /* bitstream.h in Copy Files */,
				CEC78CE61BC16973005ADCF4 /* mask.h in Copy Files */,
				CEC78CE71BC16973005ADCF4 /* QRCodeGenerator.h in Copy Files */,
				CEC78CE81BC16973005ADCF4 /* qrencode.h in Copy Files */,
				CEC78CE91BC16973005ADCF4 /* qrinput.h in Copy Files */,
				CEC78CEA1BC16973005ADCF4 /* qrspec.h in Copy Files */,
				CEC78CEB1BC16973005ADCF4 /* rscode.h in Copy Files */,
				CEC78CEC1BC16973005ADCF4 /* split.h in Copy Files */,
				CEC78CED1BC16973005ADCF4 /* MSCMoreOptionTableViewCell.h in Copy Files */,
				CEC78CEE1BC16973005ADCF4 /* MSCMoreOptionTableViewCellDelegate.h in Copy Files */,
				CEC78CEF1BC16973005ADCF4 /* QRCameraSwitchButton.h in Copy Files */,
				CEC78CF01BC16973005ADCF4 /* QRCodeReader.h in Copy Files */,
				CEC78CF11BC16973005ADCF4 /* QRCodeReaderDelegate.h in Copy Files */,
				CEC78CF21BC16973005ADCF4 /* QRCodeReaderView.h in Copy Files */,
				CEC78CF31BC16973005ADCF4 /* QRCodeReaderViewController.h in Copy Files */,
				CEC78CF41BC16973005ADCF4 /* NSMutableArray+Tool.h in Copy Files */,
				CEC78CF51BC16973005ADCF4 /* UIImage+Tint.h in Copy Files */,
				CEC78CF61BC16973005ADCF4 /* UIView+HUD.h in Copy Files */,
				CEC78CF71BC16973005ADCF4 /* UIView+Layout.h in Copy Files */,
				CEC78CF81BC16973005ADCF4 /* LPlaceholderTextView.h in Copy Files */,
				CEC78CF91BC16973005ADCF4 /* UIImageEdView.h in Copy Files */,
				CEC78CFA1BC16973005ADCF4 /* UIImageView+LBBlurredImage.h in Copy Files */,
				CEC78CFB1BC16973005ADCF4 /* UIViewController+ImagePicker.h in Copy Files */,
				CEC78CFC1BC16973005ADCF4 /* UIViewController+SearchBar.h in Copy Files */,
				CEC78CFD1BC16973005ADCF4 /* BetterNSLog.h in Copy Files */,
				CEC78CFE1BC16973005ADCF4 /* AppSecurity.h in Copy Files */,
				CE4BF1361A037FA600A7BBBC /* NSData+CommonCrypto.h in Copy Files */,
				CE4BF1371A037FA600A7BBBC /* NSData+Ext.h in Copy Files */,
				CE4BF1381A037FA600A7BBBC /* NSString+Ext.h in Copy Files */,
				CE7BFB111A023681003F7A6C /* FHSegmentedViewController.h in Copy Files */,
				CE7BFB121A023681003F7A6C /* HYCircleLoadingView.h in Copy Files */,
				CE7BFB131A023681003F7A6C /* MBProgressHUD.h in Copy Files */,
				CE7BFB141A023681003F7A6C /* UIImage+ImageEffects.h in Copy Files */,
				CE7BFB151A023681003F7A6C /* UIImageView+Ext.h in Copy Files */,
				CE7BFB171A023681003F7A6C /* UITabBarController+Ext.h in Copy Files */,
				CE7BFB1A1A023681003F7A6C /* UIViewController+Ext.h in Copy Files */,
				CE7BFB2D1A023681003F7A6C /* NSDate+Helper.h in Copy Files */,
				CE7BF9931A022B57003F7A6C /* BootstrapDelegate.h in Copy Files */,
			);
			name = "Copy Files";
			runOnlyForDeploymentPostprocessing = 0;
		};
/* End PBXCopyFilesBuildPhase section */

/* Begin PBXFileReference section */
		706F2E9A34B6F970A5153C30 /* Pods.release.xcconfig */ = {isa = PBXFileReference; includeInIndex = 1; lastKnownFileType = text.xcconfig; name = Pods.release.xcconfig; path = "Pods/Target Support Files/Pods/Pods.release.xcconfig"; sourceTree = "<group>"; };
		84ECC916381902B212B4B25F /* libPods.a */ = {isa = PBXFileReference; explicitFileType = archive.ar; includeInIndex = 0; path = libPods.a; sourceTree = BUILT_PRODUCTS_DIR; };
		C9456C7D13870914EB20B08E /* Pods.debug.xcconfig */ = {isa = PBXFileReference; includeInIndex = 1; lastKnownFileType = text.xcconfig; name = Pods.debug.xcconfig; path = "Pods/Target Support Files/Pods/Pods.debug.xcconfig"; sourceTree = "<group>"; };
		CE4BF1221A03726F00A7BBBC /* NSData+CommonCrypto.h */ = {isa = PBXFileReference; fileEncoding = 4; lastKnownFileType = sourcecode.c.h; path = "NSData+CommonCrypto.h"; sourceTree = "<group>"; };
		CE4BF1231A03726F00A7BBBC /* NSData+CommonCrypto.m */ = {isa = PBXFileReference; fileEncoding = 4; lastKnownFileType = sourcecode.c.objc; path = "NSData+CommonCrypto.m"; sourceTree = "<group>"; };
		CE4BF1241A03726F00A7BBBC /* NSData+Ext.h */ = {isa = PBXFileReference; fileEncoding = 4; lastKnownFileType = sourcecode.c.h; path = "NSData+Ext.h"; sourceTree = "<group>"; };
		CE4BF1251A03726F00A7BBBC /* NSData+Ext.m */ = {isa = PBXFileReference; fileEncoding = 4; lastKnownFileType = sourcecode.c.objc; path = "NSData+Ext.m"; sourceTree = "<group>"; };
		CE4BF1281A03726F00A7BBBC /* NSString+Ext.h */ = {isa = PBXFileReference; fileEncoding = 4; lastKnownFileType = sourcecode.c.h; path = "NSString+Ext.h"; sourceTree = "<group>"; };
		CE4BF1291A03726F00A7BBBC /* NSString+Ext.m */ = {isa = PBXFileReference; fileEncoding = 4; lastKnownFileType = sourcecode.c.objc; path = "NSString+Ext.m"; sourceTree = "<group>"; };
		CE5A6C5D1BBEA43700A05C97 /* boost.h */ = {isa = PBXFileReference; fileEncoding = 4; lastKnownFileType = sourcecode.c.h; path = boost.h; sourceTree = "<group>"; };
		CE5A6C5E1BBEAA2F00A05C97 /* AFProtobufResponseSerializer.h */ = {isa = PBXFileReference; fileEncoding = 4; lastKnownFileType = sourcecode.c.h; path = AFProtobufResponseSerializer.h; sourceTree = "<group>"; };
		CE5A6C5F1BBEAA2F00A05C97 /* AFProtobufResponseSerializer.m */ = {isa = PBXFileReference; fileEncoding = 4; lastKnownFileType = sourcecode.c.objc; path = AFProtobufResponseSerializer.m; sourceTree = "<group>"; };
		CE5A6C621BBEBE6000A05C97 /* NSMutableArray+Tool.h */ = {isa = PBXFileReference; fileEncoding = 4; lastKnownFileType = sourcecode.c.h; path = "NSMutableArray+Tool.h"; sourceTree = "<group>"; };
		CE5A6C631BBEBE6000A05C97 /* NSMutableArray+Tool.m */ = {isa = PBXFileReference; fileEncoding = 4; lastKnownFileType = sourcecode.c.objc; path = "NSMutableArray+Tool.m"; sourceTree = "<group>"; };
		CE5A6C641BBEBE6000A05C97 /* UIImage+Tint.h */ = {isa = PBXFileReference; fileEncoding = 4; lastKnownFileType = sourcecode.c.h; path = "UIImage+Tint.h"; sourceTree = "<group>"; };
		CE5A6C651BBEBE6000A05C97 /* UIImage+Tint.m */ = {isa = PBXFileReference; fileEncoding = 4; lastKnownFileType = sourcecode.c.objc; path = "UIImage+Tint.m"; sourceTree = "<group>"; };
		CE5A6C661BBEBE6000A05C97 /* UIView+HUD.h */ = {isa = PBXFileReference; fileEncoding = 4; lastKnownFileType = sourcecode.c.h; path = "UIView+HUD.h"; sourceTree = "<group>"; };
		CE5A6C671BBEBE6000A05C97 /* UIView+HUD.m */ = {isa = PBXFileReference; fileEncoding = 4; lastKnownFileType = sourcecode.c.objc; path = "UIView+HUD.m"; sourceTree = "<group>"; };
		CE5A6C681BBEBE6000A05C97 /* UIView+Layout.h */ = {isa = PBXFileReference; fileEncoding = 4; lastKnownFileType = sourcecode.c.h; path = "UIView+Layout.h"; sourceTree = "<group>"; };
		CE5A6C691BBEBE6000A05C97 /* UIView+Layout.m */ = {isa = PBXFileReference; fileEncoding = 4; lastKnownFileType = sourcecode.c.objc; path = "UIView+Layout.m"; sourceTree = "<group>"; };
		CE5EA71C1AE35EBF00E80E4D /* LPlaceholderTextView.h */ = {isa = PBXFileReference; fileEncoding = 4; lastKnownFileType = sourcecode.c.h; path = LPlaceholderTextView.h; sourceTree = "<group>"; };
		CE5EA71D1AE35EBF00E80E4D /* LPlaceholderTextView.m */ = {isa = PBXFileReference; fileEncoding = 4; lastKnownFileType = sourcecode.c.objc; path = LPlaceholderTextView.m; sourceTree = "<group>"; };
		CE5EA71E1AE35EBF00E80E4D /* UIImageEdView.h */ = {isa = PBXFileReference; fileEncoding = 4; lastKnownFileType = sourcecode.c.h; path = UIImageEdView.h; sourceTree = "<group>"; };
		CE5EA71F1AE35EBF00E80E4D /* UIImageEdView.m */ = {isa = PBXFileReference; fileEncoding = 4; lastKnownFileType = sourcecode.c.objc; path = UIImageEdView.m; sourceTree = "<group>"; };
		CE5EA7211AE35EBF00E80E4D /* UIViewController+ImagePicker.h */ = {isa = PBXFileReference; fileEncoding = 4; lastKnownFileType = sourcecode.c.h; path = "UIViewController+ImagePicker.h"; sourceTree = "<group>"; };
		CE5EA7221AE35EBF00E80E4D /* UIViewController+ImagePicker.m */ = {isa = PBXFileReference; fileEncoding = 4; lastKnownFileType = sourcecode.c.objc; path = "UIViewController+ImagePicker.m"; sourceTree = "<group>"; };
		CE5EA7231AE35EBF00E80E4D /* UIViewController+SearchBar.h */ = {isa = PBXFileReference; fileEncoding = 4; lastKnownFileType = sourcecode.c.h; path = "UIViewController+SearchBar.h"; sourceTree = "<group>"; };
		CE5EA7241AE35EBF00E80E4D /* UIViewController+SearchBar.m */ = {isa = PBXFileReference; fileEncoding = 4; lastKnownFileType = sourcecode.c.objc; path = "UIViewController+SearchBar.m"; sourceTree = "<group>"; };
		CE7BF98F1A022B57003F7A6C /* libAppBootstrap.a */ = {isa = PBXFileReference; explicitFileType = archive.ar; includeInIndex = 0; path = libAppBootstrap.a; sourceTree = BUILT_PRODUCTS_DIR; };
		CE7BF9921A022B57003F7A6C /* BootstrapDelegate.h */ = {isa = PBXFileReference; lastKnownFileType = sourcecode.c.h; path = BootstrapDelegate.h; sourceTree = "<group>"; };
		CE7BF9941A022B57003F7A6C /* BootstrapDelegate.m */ = {isa = PBXFileReference; lastKnownFileType = sourcecode.c.objc; path = BootstrapDelegate.m; sourceTree = "<group>"; };
		CE7BF99A1A022B57003F7A6C /* AppBootstrapTests.xctest */ = {isa = PBXFileReference; explicitFileType = wrapper.cfbundle; includeInIndex = 0; path = AppBootstrapTests.xctest; sourceTree = BUILT_PRODUCTS_DIR; };
		CE7BF9A01A022B57003F7A6C /* Info.plist */ = {isa = PBXFileReference; lastKnownFileType = text.plist.xml; path = Info.plist; sourceTree = "<group>"; };
		CE7BF9B21A022D70003F7A6C /* App-Prefix.pch */ = {isa = PBXFileReference; fileEncoding = 4; lastKnownFileType = sourcecode.c.h; path = "App-Prefix.pch"; sourceTree = "<group>"; };
		CE7BF9E91A022D70003F7A6C /* FHSegmentedViewController.h */ = {isa = PBXFileReference; fileEncoding = 4; lastKnownFileType = sourcecode.c.h; path = FHSegmentedViewController.h; sourceTree = "<group>"; };
		CE7BF9EA1A022D70003F7A6C /* FHSegmentedViewController.m */ = {isa = PBXFileReference; fileEncoding = 4; lastKnownFileType = sourcecode.c.objc; path = FHSegmentedViewController.m; sourceTree = "<group>"; };
		CE7BF9EB1A022D70003F7A6C /* HYCircleLoadingView.h */ = {isa = PBXFileReference; fileEncoding = 4; lastKnownFileType = sourcecode.c.h; path = HYCircleLoadingView.h; sourceTree = "<group>"; };
		CE7BF9EC1A022D70003F7A6C /* HYCircleLoadingView.m */ = {isa = PBXFileReference; fileEncoding = 4; lastKnownFileType = sourcecode.c.objc; path = HYCircleLoadingView.m; sourceTree = "<group>"; };
		CE7BF9ED1A022D70003F7A6C /* MBProgressHUD.h */ = {isa = PBXFileReference; fileEncoding = 4; lastKnownFileType = sourcecode.c.h; path = MBProgressHUD.h; sourceTree = "<group>"; };
		CE7BF9EE1A022D70003F7A6C /* MBProgressHUD.m */ = {isa = PBXFileReference; fileEncoding = 4; lastKnownFileType = sourcecode.c.objc; path = MBProgressHUD.m; sourceTree = "<group>"; };
		CE7BF9EF1A022D70003F7A6C /* UIImage+ImageEffects.h */ = {isa = PBXFileReference; fileEncoding = 4; lastKnownFileType = sourcecode.c.h; path = "UIImage+ImageEffects.h"; sourceTree = "<group>"; };
		CE7BF9F01A022D70003F7A6C /* UIImage+ImageEffects.m */ = {isa = PBXFileReference; fileEncoding = 4; lastKnownFileType = sourcecode.c.objc; path = "UIImage+ImageEffects.m"; sourceTree = "<group>"; };
		CE7BF9F11A022D70003F7A6C /* UIImageView+Ext.h */ = {isa = PBXFileReference; fileEncoding = 4; lastKnownFileType = sourcecode.c.h; path = "UIImageView+Ext.h"; sourceTree = "<group>"; };
		CE7BF9F21A022D70003F7A6C /* UIImageView+Ext.m */ = {isa = PBXFileReference; fileEncoding = 4; lastKnownFileType = sourcecode.c.objc; path = "UIImageView+Ext.m"; sourceTree = "<group>"; };
		CE7BF9F31A022D70003F7A6C /* UIImageView+LBBlurredImage.h */ = {isa = PBXFileReference; fileEncoding = 4; lastKnownFileType = sourcecode.c.h; path = "UIImageView+LBBlurredImage.h"; sourceTree = "<group>"; };
		CE7BF9F41A022D70003F7A6C /* UIImageView+LBBlurredImage.m */ = {isa = PBXFileReference; fileEncoding = 4; lastKnownFileType = sourcecode.c.objc; path = "UIImageView+LBBlurredImage.m"; sourceTree = "<group>"; };
		CE7BF9F71A022D70003F7A6C /* UITabBarController+Ext.h */ = {isa = PBXFileReference; fileEncoding = 4; lastKnownFileType = sourcecode.c.h; path = "UITabBarController+Ext.h"; sourceTree = "<group>"; };
		CE7BF9F81A022D70003F7A6C /* UITabBarController+Ext.m */ = {isa = PBXFileReference; fileEncoding = 4; lastKnownFileType = sourcecode.c.objc; path = "UITabBarController+Ext.m"; sourceTree = "<group>"; };
		CE7BF9FD1A022D70003F7A6C /* UIViewController+Ext.h */ = {isa = PBXFileReference; fileEncoding = 4; lastKnownFileType = sourcecode.c.h; path = "UIViewController+Ext.h"; sourceTree = "<group>"; };
		CE7BF9FE1A022D70003F7A6C /* UIViewController+Ext.m */ = {isa = PBXFileReference; fileEncoding = 4; lastKnownFileType = sourcecode.c.objc; path = "UIViewController+Ext.m"; sourceTree = "<group>"; };
		CE7BFA461A022D70003F7A6C /* NSDate+Helper.h */ = {isa = PBXFileReference; fileEncoding = 4; lastKnownFileType = sourcecode.c.h; path = "NSDate+Helper.h"; sourceTree = "<group>"; };
		CE7BFA471A022D70003F7A6C /* NSDate+Helper.m */ = {isa = PBXFileReference; fileEncoding = 4; lastKnownFileType = sourcecode.c.objc; path = "NSDate+Helper.m"; sourceTree = "<group>"; };
		CE7BFAD51A022DC1003F7A6C /* AdSupport.framework */ = {isa = PBXFileReference; lastKnownFileType = wrapper.framework; name = AdSupport.framework; path = System/Library/Frameworks/AdSupport.framework; sourceTree = SDKROOT; };
		CE7BFAD61A022DC1003F7A6C /* AudioToolbox.framework */ = {isa = PBXFileReference; lastKnownFileType = wrapper.framework; name = AudioToolbox.framework; path = System/Library/Frameworks/AudioToolbox.framework; sourceTree = SDKROOT; };
		CE7BFAD71A022DC1003F7A6C /* AVFoundation.framework */ = {isa = PBXFileReference; lastKnownFileType = wrapper.framework; name = AVFoundation.framework; path = System/Library/Frameworks/AVFoundation.framework; sourceTree = SDKROOT; };
		CE7BFAD81A022DC1003F7A6C /* CoreFoundation.framework */ = {isa = PBXFileReference; lastKnownFileType = wrapper.framework; name = CoreFoundation.framework; path = System/Library/Frameworks/CoreFoundation.framework; sourceTree = SDKROOT; };
		CE7BFAD91A022DC1003F7A6C /* CoreLocation.framework */ = {isa = PBXFileReference; lastKnownFileType = wrapper.framework; name = CoreLocation.framework; path = System/Library/Frameworks/CoreLocation.framework; sourceTree = SDKROOT; };
		CE7BFADA1A022DC1003F7A6C /* CoreTelephony.framework */ = {isa = PBXFileReference; lastKnownFileType = wrapper.framework; name = CoreTelephony.framework; path = System/Library/Frameworks/CoreTelephony.framework; sourceTree = SDKROOT; };
		CE7BFADB1A022DC1003F7A6C /* Foundation.framework */ = {isa = PBXFileReference; lastKnownFileType = wrapper.framework; name = Foundation.framework; path = System/Library/Frameworks/Foundation.framework; sourceTree = SDKROOT; };
		CE7BFADC1A022DC1003F7A6C /* MessageUI.framework */ = {isa = PBXFileReference; lastKnownFileType = wrapper.framework; name = MessageUI.framework; path = System/Library/Frameworks/MessageUI.framework; sourceTree = SDKROOT; };
		CE7BFADD1A022DC1003F7A6C /* QuartzCore.framework */ = {isa = PBXFileReference; lastKnownFileType = wrapper.framework; name = QuartzCore.framework; path = System/Library/Frameworks/QuartzCore.framework; sourceTree = SDKROOT; };
		CE7BFADE1A022DC1003F7A6C /* Security.framework */ = {isa = PBXFileReference; lastKnownFileType = wrapper.framework; name = Security.framework; path = System/Library/Frameworks/Security.framework; sourceTree = SDKROOT; };
		CE7BFADF1A022DC1003F7A6C /* SystemConfiguration.framework */ = {isa = PBXFileReference; lastKnownFileType = wrapper.framework; name = SystemConfiguration.framework; path = System/Library/Frameworks/SystemConfiguration.framework; sourceTree = SDKROOT; };
		CE7BFAE01A022DC1003F7A6C /* UIKit.framework */ = {isa = PBXFileReference; lastKnownFileType = wrapper.framework; name = UIKit.framework; path = System/Library/Frameworks/UIKit.framework; sourceTree = SDKROOT; };
		CE7BFAFA1A022EA6003F7A6C /* CoreGraphics.framework */ = {isa = PBXFileReference; lastKnownFileType = wrapper.framework; name = CoreGraphics.framework; path = System/Library/Frameworks/CoreGraphics.framework; sourceTree = SDKROOT; };
		CE7BFB081A022F20003F7A6C /* CoreMotion.framework */ = {isa = PBXFileReference; lastKnownFileType = wrapper.framework; name = CoreMotion.framework; path = System/Library/Frameworks/CoreMotion.framework; sourceTree = SDKROOT; };
		CE7BFB0A1A022F35003F7A6C /* MediaPlayer.framework */ = {isa = PBXFileReference; lastKnownFileType = wrapper.framework; name = MediaPlayer.framework; path = System/Library/Frameworks/MediaPlayer.framework; sourceTree = SDKROOT; };
		CE87ACBC1AE3701D0054183A /* GDIIndexBar.h */ = {isa = PBXFileReference; fileEncoding = 4; lastKnownFileType = sourcecode.c.h; path = GDIIndexBar.h; sourceTree = "<group>"; };
		CE87ACBD1AE3701D0054183A /* GDIIndexBar.m */ = {isa = PBXFileReference; fileEncoding = 4; lastKnownFileType = sourcecode.c.objc; path = GDIIndexBar.m; sourceTree = "<group>"; };
		CE87ACBF1AE3701D0054183A /* bitstream.c */ = {isa = PBXFileReference; fileEncoding = 4; lastKnownFileType = sourcecode.c.c; path = bitstream.c; sourceTree = "<group>"; };
		CE87ACC01AE3701D0054183A /* bitstream.h */ = {isa = PBXFileReference; fileEncoding = 4; lastKnownFileType = sourcecode.c.h; path = bitstream.h; sourceTree = "<group>"; };
		CE87ACC11AE3701D0054183A /* mask.c */ = {isa = PBXFileReference; fileEncoding = 4; lastKnownFileType = sourcecode.c.c; path = mask.c; sourceTree = "<group>"; };
		CE87ACC21AE3701D0054183A /* mask.h */ = {isa = PBXFileReference; fileEncoding = 4; lastKnownFileType = sourcecode.c.h; path = mask.h; sourceTree = "<group>"; };
		CE87ACC31AE3701D0054183A /* QRCodeGenerator.h */ = {isa = PBXFileReference; fileEncoding = 4; lastKnownFileType = sourcecode.c.h; path = QRCodeGenerator.h; sourceTree = "<group>"; };
		CE87ACC41AE3701D0054183A /* QRCodeGenerator.m */ = {isa = PBXFileReference; fileEncoding = 4; lastKnownFileType = sourcecode.c.objc; path = QRCodeGenerator.m; sourceTree = "<group>"; };
		CE87ACC51AE3701D0054183A /* qrencode.c */ = {isa = PBXFileReference; fileEncoding = 4; lastKnownFileType = sourcecode.c.c; path = qrencode.c; sourceTree = "<group>"; };
		CE87ACC61AE3701D0054183A /* qrencode.h */ = {isa = PBXFileReference; fileEncoding = 4; lastKnownFileType = sourcecode.c.h; path = qrencode.h; sourceTree = "<group>"; };
		CE87ACC71AE3701D0054183A /* qrinput.c */ = {isa = PBXFileReference; fileEncoding = 4; lastKnownFileType = sourcecode.c.c; path = qrinput.c; sourceTree = "<group>"; };
		CE87ACC81AE3701D0054183A /* qrinput.h */ = {isa = PBXFileReference; fileEncoding = 4; lastKnownFileType = sourcecode.c.h; path = qrinput.h; sourceTree = "<group>"; };
		CE87ACC91AE3701D0054183A /* qrspec.c */ = {isa = PBXFileReference; fileEncoding = 4; lastKnownFileType = sourcecode.c.c; path = qrspec.c; sourceTree = "<group>"; };
		CE87ACCA1AE3701D0054183A /* qrspec.h */ = {isa = PBXFileReference; fileEncoding = 4; lastKnownFileType = sourcecode.c.h; path = qrspec.h; sourceTree = "<group>"; };
		CE87ACCB1AE3701D0054183A /* rscode.c */ = {isa = PBXFileReference; fileEncoding = 4; lastKnownFileType = sourcecode.c.c; path = rscode.c; sourceTree = "<group>"; };
		CE87ACCC1AE3701D0054183A /* rscode.h */ = {isa = PBXFileReference; fileEncoding = 4; lastKnownFileType = sourcecode.c.h; path = rscode.h; sourceTree = "<group>"; };
		CE87ACCD1AE3701D0054183A /* split.c */ = {isa = PBXFileReference; fileEncoding = 4; lastKnownFileType = sourcecode.c.c; path = split.c; sourceTree = "<group>"; };
		CE87ACCE1AE3701D0054183A /* split.h */ = {isa = PBXFileReference; fileEncoding = 4; lastKnownFileType = sourcecode.c.h; path = split.h; sourceTree = "<group>"; };
		CE87ACD01AE3701D0054183A /* MSCMoreOptionTableViewCell-Prefix.pch */ = {isa = PBXFileReference; fileEncoding = 4; lastKnownFileType = sourcecode.c.h; path = "MSCMoreOptionTableViewCell-Prefix.pch"; sourceTree = "<group>"; };
		CE87ACD11AE3701D0054183A /* MSCMoreOptionTableViewCell.h */ = {isa = PBXFileReference; fileEncoding = 4; lastKnownFileType = sourcecode.c.h; path = MSCMoreOptionTableViewCell.h; sourceTree = "<group>"; };
		CE87ACD21AE3701D0054183A /* MSCMoreOptionTableViewCell.m */ = {isa = PBXFileReference; fileEncoding = 4; lastKnownFileType = sourcecode.c.objc; path = MSCMoreOptionTableViewCell.m; sourceTree = "<group>"; };
		CE87ACD31AE3701D0054183A /* MSCMoreOptionTableViewCellDelegate.h */ = {isa = PBXFileReference; fileEncoding = 4; lastKnownFileType = sourcecode.c.h; path = MSCMoreOptionTableViewCellDelegate.h; sourceTree = "<group>"; };
		CE87ACD51AE3701D0054183A /* QRCameraSwitchButton.h */ = {isa = PBXFileReference; fileEncoding = 4; lastKnownFileType = sourcecode.c.h; path = QRCameraSwitchButton.h; sourceTree = "<group>"; };
		CE87ACD61AE3701D0054183A /* QRCameraSwitchButton.m */ = {isa = PBXFileReference; fileEncoding = 4; lastKnownFileType = sourcecode.c.objc; path = QRCameraSwitchButton.m; sourceTree = "<group>"; };
		CE87ACD71AE3701D0054183A /* QRCodeReader.h */ = {isa = PBXFileReference; fileEncoding = 4; lastKnownFileType = sourcecode.c.h; path = QRCodeReader.h; sourceTree = "<group>"; };
		CE87ACD81AE3701D0054183A /* QRCodeReader.m */ = {isa = PBXFileReference; fileEncoding = 4; lastKnownFileType = sourcecode.c.objc; path = QRCodeReader.m; sourceTree = "<group>"; };
		CE87ACD91AE3701D0054183A /* QRCodeReaderDelegate.h */ = {isa = PBXFileReference; fileEncoding = 4; lastKnownFileType = sourcecode.c.h; path = QRCodeReaderDelegate.h; sourceTree = "<group>"; };
		CE87ACDA1AE3701D0054183A /* QRCodeReaderView.h */ = {isa = PBXFileReference; fileEncoding = 4; lastKnownFileType = sourcecode.c.h; path = QRCodeReaderView.h; sourceTree = "<group>"; };
		CE87ACDB1AE3701D0054183A /* QRCodeReaderView.m */ = {isa = PBXFileReference; fileEncoding = 4; lastKnownFileType = sourcecode.c.objc; path = QRCodeReaderView.m; sourceTree = "<group>"; };
		CE87ACDC1AE3701D0054183A /* QRCodeReaderViewController.h */ = {isa = PBXFileReference; fileEncoding = 4; lastKnownFileType = sourcecode.c.h; path = QRCodeReaderViewController.h; sourceTree = "<group>"; };
		CE87ACDD1AE3701D0054183A /* QRCodeReaderViewController.m */ = {isa = PBXFileReference; fileEncoding = 4; lastKnownFileType = sourcecode.c.objc; path = QRCodeReaderViewController.m; sourceTree = "<group>"; };
		CEBD47381A02625F0020CC16 /* BetterNSLog.h */ = {isa = PBXFileReference; fileEncoding = 4; lastKnownFileType = sourcecode.c.h; path = BetterNSLog.h; sourceTree = "<group>"; };
		CEC0658E1BBE1CA200DAD1E5 /* AppSession.h */ = {isa = PBXFileReference; fileEncoding = 4; lastKnownFileType = sourcecode.c.h; path = AppSession.h; sourceTree = "<group>"; };
		CEC0658F1BBE1CA200DAD1E5 /* AppSession.m */ = {isa = PBXFileReference; fileEncoding = 4; lastKnownFileType = sourcecode.c.objc; path = AppSession.m; sourceTree = "<group>"; };
		CEC065901BBE1CA200DAD1E5 /* DeviceHelper.h */ = {isa = PBXFileReference; fileEncoding = 4; lastKnownFileType = sourcecode.c.h; path = DeviceHelper.h; sourceTree = "<group>"; };
		CEC065911BBE1CA200DAD1E5 /* DeviceHelper.m */ = {isa = PBXFileReference; fileEncoding = 4; lastKnownFileType = sourcecode.c.objc; path = DeviceHelper.m; sourceTree = "<group>"; };
		CEC065921BBE1CA200DAD1E5 /* RealmContext.h */ = {isa = PBXFileReference; fileEncoding = 4; lastKnownFileType = sourcecode.c.h; path = RealmContext.h; sourceTree = "<group>"; };
		CEC065931BBE1CA200DAD1E5 /* RealmContext.m */ = {isa = PBXFileReference; fileEncoding = 4; lastKnownFileType = sourcecode.c.objc; path = RealmContext.m; sourceTree = "<group>"; };
		CEC065941BBE1CA200DAD1E5 /* Utility.h */ = {isa = PBXFileReference; fileEncoding = 4; lastKnownFileType = sourcecode.c.h; path = Utility.h; sourceTree = "<group>"; };
		CEC065951BBE1CA200DAD1E5 /* Utility.m */ = {isa = PBXFileReference; fileEncoding = 4; lastKnownFileType = sourcecode.c.objc; path = Utility.m; sourceTree = "<group>"; };
		CEC065961BBE1CA200DAD1E5 /* XibFactory.h */ = {isa = PBXFileReference; fileEncoding = 4; lastKnownFileType = sourcecode.c.h; path = XibFactory.h; sourceTree = "<group>"; };
		CEC065971BBE1CA200DAD1E5 /* XibFactory.m */ = {isa = PBXFileReference; fileEncoding = 4; lastKnownFileType = sourcecode.c.objc; path = XibFactory.m; sourceTree = "<group>"; };
		CEC0659E1BBE1E1500DAD1E5 /* APIClient.h */ = {isa = PBXFileReference; fileEncoding = 4; lastKnownFileType = sourcecode.c.h; path = APIClient.h; sourceTree = "<group>"; };
		CEC0659F1BBE1E1500DAD1E5 /* APIClient.m */ = {isa = PBXFileReference; fileEncoding = 4; lastKnownFileType = sourcecode.c.objc; path = APIClient.m; sourceTree = "<group>"; };
		CEC065A71BBE1E1500DAD1E5 /* TSAppResponse.hh */ = {isa = PBXFileReference; fileEncoding = 4; lastKnownFileType = sourcecode.cpp.h; path = TSAppResponse.hh; sourceTree = "<group>"; };
		CEC065A81BBE1E1500DAD1E5 /* TSAppResponse.mm */ = {isa = PBXFileReference; fileEncoding = 4; lastKnownFileType = sourcecode.cpp.objcpp; path = TSAppResponse.mm; sourceTree = "<group>"; };
		CEC065AA1BBE1E1500DAD1E5 /* PBObjc.hh */ = {isa = PBXFileReference; fileEncoding = 4; lastKnownFileType = sourcecode.cpp.h; path = PBObjc.hh; sourceTree = "<group>"; };
		CEC065AB1BBE1E1500DAD1E5 /* PBObjc.mm */ = {isa = PBXFileReference; fileEncoding = 4; lastKnownFileType = sourcecode.cpp.objcpp; path = PBObjc.mm; sourceTree = "<group>"; };
		CEC065AC1BBE1E1500DAD1E5 /* PBObjcWrapper.hh */ = {isa = PBXFileReference; fileEncoding = 4; lastKnownFileType = sourcecode.cpp.h; path = PBObjcWrapper.hh; sourceTree = "<group>"; };
		CEC065B31BBE24BB00DAD1E5 /* PAppResponse.pb.hh */ = {isa = PBXFileReference; fileEncoding = 4; lastKnownFileType = sourcecode.cpp.h; path = PAppResponse.pb.hh; sourceTree = "<group>"; };
		CEC065B41BBE24BB00DAD1E5 /* PAppResponse.pb.mm */ = {isa = PBXFileReference; fileEncoding = 4; lastKnownFileType = sourcecode.cpp.objcpp; path = PAppResponse.pb.mm; sourceTree = "<group>"; };
		CEC065B51BBE24BB00DAD1E5 /* PAppResponse.proto */ = {isa = PBXFileReference; fileEncoding = 4; lastKnownFileType = text; path = PAppResponse.proto; sourceTree = "<group>"; };
		CEC065B61BBE24BB00DAD1E5 /* PAppSession.pb.hh */ = {isa = PBXFileReference; fileEncoding = 4; lastKnownFileType = sourcecode.cpp.h; path = PAppSession.pb.hh; sourceTree = "<group>"; };
		CEC065B71BBE24BB00DAD1E5 /* PAppSession.pb.mm */ = {isa = PBXFileReference; fileEncoding = 4; lastKnownFileType = sourcecode.cpp.objcpp; path = PAppSession.pb.mm; sourceTree = "<group>"; };
		CEC065B81BBE24BB00DAD1E5 /* PAppSession.proto */ = {isa = PBXFileReference; fileEncoding = 4; lastKnownFileType = text; path = PAppSession.proto; sourceTree = "<group>"; };
		CEC065BB1BBE27B400DAD1E5 /* TSAppSession.hh */ = {isa = PBXFileReference; fileEncoding = 4; lastKnownFileType = sourcecode.cpp.h; path = TSAppSession.hh; sourceTree = "<group>"; };
		CEC065BC1BBE27B400DAD1E5 /* TSAppSession.mm */ = {isa = PBXFileReference; fileEncoding = 4; lastKnownFileType = sourcecode.cpp.objcpp; path = TSAppSession.mm; sourceTree = "<group>"; };
		CEC065BF1BBE4EE200DAD1E5 /* AppSecurity.h */ = {isa = PBXFileReference; fileEncoding = 4; lastKnownFileType = sourcecode.c.h; path = AppSecurity.h; sourceTree = "<group>"; };
		CEC065C01BBE4EE200DAD1E5 /* AppSecurity.m */ = {isa = PBXFileReference; fileEncoding = 4; lastKnownFileType = sourcecode.c.objc; path = AppSecurity.m; sourceTree = "<group>"; };
/* End PBXFileReference section */

/* Begin PBXFrameworksBuildPhase section */
		CE7BF98C1A022B57003F7A6C /* Frameworks */ = {
			isa = PBXFrameworksBuildPhase;
			buildActionMask = 2147483647;
			files = (
				CE7BFB0B1A022F35003F7A6C /* MediaPlayer.framework in Frameworks */,
				CE7BFB091A022F20003F7A6C /* CoreMotion.framework in Frameworks */,
				CE7BFAFB1A022EA6003F7A6C /* CoreGraphics.framework in Frameworks */,
				CE7BFAF91A022E5B003F7A6C /* UIKit.framework in Frameworks */,
				CE7BFAF81A022E56003F7A6C /* SystemConfiguration.framework in Frameworks */,
				CE7BFAF71A022E4F003F7A6C /* Security.framework in Frameworks */,
				CE7BFAF61A022E4A003F7A6C /* QuartzCore.framework in Frameworks */,
				CE7BFAF51A022E44003F7A6C /* MessageUI.framework in Frameworks */,
				CE7BFAF41A022E3D003F7A6C /* CoreTelephony.framework in Frameworks */,
				CE7BFAF31A022E37003F7A6C /* CoreLocation.framework in Frameworks */,
				CE7BFAF21A022E31003F7A6C /* Foundation.framework in Frameworks */,
				CE7BFAF11A022E2B003F7A6C /* CoreFoundation.framework in Frameworks */,
				CE7BFAF01A022E23003F7A6C /* AVFoundation.framework in Frameworks */,
				CE7BFAEF1A022E1D003F7A6C /* AudioToolbox.framework in Frameworks */,
				CE7BFAEE1A022E15003F7A6C /* AdSupport.framework in Frameworks */,
				05F3E8D2D4D18682378044B7 /* libPods.a in Frameworks */,
			);
			runOnlyForDeploymentPostprocessing = 0;
		};
		CE7BF9971A022B57003F7A6C /* Frameworks */ = {
			isa = PBXFrameworksBuildPhase;
			buildActionMask = 2147483647;
			files = (
				CE7BF99B1A022B57003F7A6C /* libAppBootstrap.a in Frameworks */,
			);
			runOnlyForDeploymentPostprocessing = 0;
		};
/* End PBXFrameworksBuildPhase section */

/* Begin PBXGroup section */
		259A22F35A8D024B22364961 /* Pods */ = {
			isa = PBXGroup;
			children = (
				C9456C7D13870914EB20B08E /* Pods.debug.xcconfig */,
				706F2E9A34B6F970A5153C30 /* Pods.release.xcconfig */,
			);
			name = Pods;
			sourceTree = "<group>";
		};
		CE4BF11F1A0371E300A7BBBC /* Category */ = {
			isa = PBXGroup;
			children = (
				CE5A6C621BBEBE6000A05C97 /* NSMutableArray+Tool.h */,
				CE5A6C631BBEBE6000A05C97 /* NSMutableArray+Tool.m */,
				CE5A6C641BBEBE6000A05C97 /* UIImage+Tint.h */,
				CE5A6C651BBEBE6000A05C97 /* UIImage+Tint.m */,
				CE5A6C661BBEBE6000A05C97 /* UIView+HUD.h */,
				CE5A6C671BBEBE6000A05C97 /* UIView+HUD.m */,
				CE5A6C681BBEBE6000A05C97 /* UIView+Layout.h */,
				CE5A6C691BBEBE6000A05C97 /* UIView+Layout.m */,
				CE4BF1221A03726F00A7BBBC /* NSData+CommonCrypto.h */,
				CE4BF1231A03726F00A7BBBC /* NSData+CommonCrypto.m */,
				CE4BF1241A03726F00A7BBBC /* NSData+Ext.h */,
				CE4BF1251A03726F00A7BBBC /* NSData+Ext.m */,
				CE4BF1281A03726F00A7BBBC /* NSString+Ext.h */,
				CE4BF1291A03726F00A7BBBC /* NSString+Ext.m */,
			);
			path = Category;
			sourceTree = "<group>";
		};
		CE7BF9861A022B57003F7A6C = {
			isa = PBXGroup;
			children = (
				CE7BFAED1A022DDC003F7A6C /* Frameworks */,
				CE7BF9911A022B57003F7A6C /* AppBootstrap */,
				CE7BF99E1A022B57003F7A6C /* AppBootstrapTests */,
				CE7BF9901A022B57003F7A6C /* Products */,
				259A22F35A8D024B22364961 /* Pods */,
			);
			sourceTree = "<group>";
		};
		CE7BF9901A022B57003F7A6C /* Products */ = {
			isa = PBXGroup;
			children = (
				CE7BF98F1A022B57003F7A6C /* libAppBootstrap.a */,
				CE7BF99A1A022B57003F7A6C /* AppBootstrapTests.xctest */,
			);
			name = Products;
			sourceTree = "<group>";
		};
		CE7BF9911A022B57003F7A6C /* AppBootstrap */ = {
			isa = PBXGroup;
			children = (
				CE5A6C5D1BBEA43700A05C97 /* boost.h */,
				CEC0659D1BBE1E1500DAD1E5 /* HTTP */,
				CEC065A91BBE1E1500DAD1E5 /* Protobuf */,
				CEC0658E1BBE1CA200DAD1E5 /* AppSession.h */,
				CEC0658F1BBE1CA200DAD1E5 /* AppSession.m */,
				CEC065901BBE1CA200DAD1E5 /* DeviceHelper.h */,
				CEC065911BBE1CA200DAD1E5 /* DeviceHelper.m */,
				CEC065921BBE1CA200DAD1E5 /* RealmContext.h */,
				CEC065931BBE1CA200DAD1E5 /* RealmContext.m */,
				CEC065941BBE1CA200DAD1E5 /* Utility.h */,
				CEC065951BBE1CA200DAD1E5 /* Utility.m */,
				CEC065961BBE1CA200DAD1E5 /* XibFactory.h */,
				CEC065971BBE1CA200DAD1E5 /* XibFactory.m */,
				CE87ACBA1AE3701D0054183A /* Vendor */,
				CE4BF11F1A0371E300A7BBBC /* Category */,
				CE7BF9B21A022D70003F7A6C /* App-Prefix.pch */,
				CE7BF9E61A022D70003F7A6C /* Controls */,
				CE7BFA431A022D70003F7A6C /* NSDate */,
				CE7BF9921A022B57003F7A6C /* BootstrapDelegate.h */,
				CE7BF9941A022B57003F7A6C /* BootstrapDelegate.m */,
				CEBD47381A02625F0020CC16 /* BetterNSLog.h */,
				CEC065BB1BBE27B400DAD1E5 /* TSAppSession.hh */,
				CEC065BC1BBE27B400DAD1E5 /* TSAppSession.mm */,
				CEC065BF1BBE4EE200DAD1E5 /* AppSecurity.h */,
				CEC065C01BBE4EE200DAD1E5 /* AppSecurity.m */,
			);
			path = AppBootstrap;
			sourceTree = "<group>";
		};
		CE7BF99E1A022B57003F7A6C /* AppBootstrapTests */ = {
			isa = PBXGroup;
			children = (
				CE7BF99F1A022B57003F7A6C /* Supporting Files */,
			);
			path = AppBootstrapTests;
			sourceTree = "<group>";
		};
		CE7BF99F1A022B57003F7A6C /* Supporting Files */ = {
			isa = PBXGroup;
			children = (
				CE7BF9A01A022B57003F7A6C /* Info.plist */,
			);
			name = "Supporting Files";
			sourceTree = "<group>";
		};
		CE7BF9E61A022D70003F7A6C /* Controls */ = {
			isa = PBXGroup;
			children = (
				CE7BF9E91A022D70003F7A6C /* FHSegmentedViewController.h */,
				CE7BF9EA1A022D70003F7A6C /* FHSegmentedViewController.m */,
				CE7BF9EB1A022D70003F7A6C /* HYCircleLoadingView.h */,
				CE7BF9EC1A022D70003F7A6C /* HYCircleLoadingView.m */,
				CE5EA71C1AE35EBF00E80E4D /* LPlaceholderTextView.h */,
				CE5EA71D1AE35EBF00E80E4D /* LPlaceholderTextView.m */,
				CE7BF9ED1A022D70003F7A6C /* MBProgressHUD.h */,
				CE7BF9EE1A022D70003F7A6C /* MBProgressHUD.m */,
				CE7BF9EF1A022D70003F7A6C /* UIImage+ImageEffects.h */,
				CE7BF9F01A022D70003F7A6C /* UIImage+ImageEffects.m */,
				CE5EA71E1AE35EBF00E80E4D /* UIImageEdView.h */,
				CE5EA71F1AE35EBF00E80E4D /* UIImageEdView.m */,
				CE7BF9F11A022D70003F7A6C /* UIImageView+Ext.h */,
				CE7BF9F21A022D70003F7A6C /* UIImageView+Ext.m */,
				CE7BF9F31A022D70003F7A6C /* UIImageView+LBBlurredImage.h */,
				CE7BF9F41A022D70003F7A6C /* UIImageView+LBBlurredImage.m */,
				CE7BF9F71A022D70003F7A6C /* UITabBarController+Ext.h */,
				CE7BF9F81A022D70003F7A6C /* UITabBarController+Ext.m */,
				CE7BF9FD1A022D70003F7A6C /* UIViewController+Ext.h */,
				CE7BF9FE1A022D70003F7A6C /* UIViewController+Ext.m */,
				CE5EA7211AE35EBF00E80E4D /* UIViewController+ImagePicker.h */,
				CE5EA7221AE35EBF00E80E4D /* UIViewController+ImagePicker.m */,
				CE5EA7231AE35EBF00E80E4D /* UIViewController+SearchBar.h */,
				CE5EA7241AE35EBF00E80E4D /* UIViewController+SearchBar.m */,
			);
			path = Controls;
			sourceTree = "<group>";
		};
		CE7BFA431A022D70003F7A6C /* NSDate */ = {
			isa = PBXGroup;
			children = (
				CE7BFA461A022D70003F7A6C /* NSDate+Helper.h */,
				CE7BFA471A022D70003F7A6C /* NSDate+Helper.m */,
			);
			path = NSDate;
			sourceTree = "<group>";
		};
		CE7BFAED1A022DDC003F7A6C /* Frameworks */ = {
			isa = PBXGroup;
			children = (
				CE7BFB0A1A022F35003F7A6C /* MediaPlayer.framework */,
				CE7BFB081A022F20003F7A6C /* CoreMotion.framework */,
				CE7BFAFA1A022EA6003F7A6C /* CoreGraphics.framework */,
				CE7BFAD51A022DC1003F7A6C /* AdSupport.framework */,
				CE7BFAD61A022DC1003F7A6C /* AudioToolbox.framework */,
				CE7BFAD71A022DC1003F7A6C /* AVFoundation.framework */,
				CE7BFAD81A022DC1003F7A6C /* CoreFoundation.framework */,
				CE7BFAD91A022DC1003F7A6C /* CoreLocation.framework */,
				CE7BFADA1A022DC1003F7A6C /* CoreTelephony.framework */,
				CE7BFADB1A022DC1003F7A6C /* Foundation.framework */,
				CE7BFADC1A022DC1003F7A6C /* MessageUI.framework */,
				CE7BFADD1A022DC1003F7A6C /* QuartzCore.framework */,
				CE7BFADE1A022DC1003F7A6C /* Security.framework */,
				CE7BFADF1A022DC1003F7A6C /* SystemConfiguration.framework */,
				CE7BFAE01A022DC1003F7A6C /* UIKit.framework */,
				84ECC916381902B212B4B25F /* libPods.a */,
			);
			name = Frameworks;
			sourceTree = "<group>";
		};
		CE87ACBA1AE3701D0054183A /* Vendor */ = {
			isa = PBXGroup;
			children = (
				CE87ACBB1AE3701D0054183A /* GDIndexBar */,
				CE87ACBE1AE3701D0054183A /* libqrencode */,
				CE87ACCF1AE3701D0054183A /* MSCMoreOptionTableViewCell */,
				CE87ACD41AE3701D0054183A /* QRCodeReaderViewController */,
			);
			path = Vendor;
			sourceTree = "<group>";
		};
		CE87ACBB1AE3701D0054183A /* GDIndexBar */ = {
			isa = PBXGroup;
			children = (
				CE87ACBC1AE3701D0054183A /* GDIIndexBar.h */,
				CE87ACBD1AE3701D0054183A /* GDIIndexBar.m */,
			);
			path = GDIndexBar;
			sourceTree = "<group>";
		};
		CE87ACBE1AE3701D0054183A /* libqrencode */ = {
			isa = PBXGroup;
			children = (
				CE87ACBF1AE3701D0054183A /* bitstream.c */,
				CE87ACC01AE3701D0054183A /* bitstream.h */,
				CE87ACC11AE3701D0054183A /* mask.c */,
				CE87ACC21AE3701D0054183A /* mask.h */,
				CE87ACC31AE3701D0054183A /* QRCodeGenerator.h */,
				CE87ACC41AE3701D0054183A /* QRCodeGenerator.m */,
				CE87ACC51AE3701D0054183A /* qrencode.c */,
				CE87ACC61AE3701D0054183A /* qrencode.h */,
				CE87ACC71AE3701D0054183A /* qrinput.c */,
				CE87ACC81AE3701D0054183A /* qrinput.h */,
				CE87ACC91AE3701D0054183A /* qrspec.c */,
				CE87ACCA1AE3701D0054183A /* qrspec.h */,
				CE87ACCB1AE3701D0054183A /* rscode.c */,
				CE87ACCC1AE3701D0054183A /* rscode.h */,
				CE87ACCD1AE3701D0054183A /* split.c */,
				CE87ACCE1AE3701D0054183A /* split.h */,
			);
			path = libqrencode;
			sourceTree = "<group>";
		};
		CE87ACCF1AE3701D0054183A /* MSCMoreOptionTableViewCell */ = {
			isa = PBXGroup;
			children = (
				CE87ACD01AE3701D0054183A /* MSCMoreOptionTableViewCell-Prefix.pch */,
				CE87ACD11AE3701D0054183A /* MSCMoreOptionTableViewCell.h */,
				CE87ACD21AE3701D0054183A /* MSCMoreOptionTableViewCell.m */,
				CE87ACD31AE3701D0054183A /* MSCMoreOptionTableViewCellDelegate.h */,
			);
			path = MSCMoreOptionTableViewCell;
			sourceTree = "<group>";
		};
		CE87ACD41AE3701D0054183A /* QRCodeReaderViewController */ = {
			isa = PBXGroup;
			children = (
				CE87ACD51AE3701D0054183A /* QRCameraSwitchButton.h */,
				CE87ACD61AE3701D0054183A /* QRCameraSwitchButton.m */,
				CE87ACD71AE3701D0054183A /* QRCodeReader.h */,
				CE87ACD81AE3701D0054183A /* QRCodeReader.m */,
				CE87ACD91AE3701D0054183A /* QRCodeReaderDelegate.h */,
				CE87ACDA1AE3701D0054183A /* QRCodeReaderView.h */,
				CE87ACDB1AE3701D0054183A /* QRCodeReaderView.m */,
				CE87ACDC1AE3701D0054183A /* QRCodeReaderViewController.h */,
				CE87ACDD1AE3701D0054183A /* QRCodeReaderViewController.m */,
			);
			path = QRCodeReaderViewController;
			sourceTree = "<group>";
		};
		CEC0659D1BBE1E1500DAD1E5 /* HTTP */ = {
			isa = PBXGroup;
			children = (
				CEC0659E1BBE1E1500DAD1E5 /* APIClient.h */,
				CEC0659F1BBE1E1500DAD1E5 /* APIClient.m */,
				CEC065A71BBE1E1500DAD1E5 /* TSAppResponse.hh */,
				CEC065A81BBE1E1500DAD1E5 /* TSAppResponse.mm */,
				CE5A6C5E1BBEAA2F00A05C97 /* AFProtobufResponseSerializer.h */,
				CE5A6C5F1BBEAA2F00A05C97 /* AFProtobufResponseSerializer.m */,
			);
			path = HTTP;
			sourceTree = "<group>";
		};
		CEC065A91BBE1E1500DAD1E5 /* Protobuf */ = {
			isa = PBXGroup;
			children = (
				CEC065B31BBE24BB00DAD1E5 /* PAppResponse.pb.hh */,
				CEC065B41BBE24BB00DAD1E5 /* PAppResponse.pb.mm */,
				CEC065B51BBE24BB00DAD1E5 /* PAppResponse.proto */,
				CEC065B61BBE24BB00DAD1E5 /* PAppSession.pb.hh */,
				CEC065B71BBE24BB00DAD1E5 /* PAppSession.pb.mm */,
				CEC065B81BBE24BB00DAD1E5 /* PAppSession.proto */,
				CEC065AA1BBE1E1500DAD1E5 /* PBObjc.hh */,
				CEC065AB1BBE1E1500DAD1E5 /* PBObjc.mm */,
				CEC065AC1BBE1E1500DAD1E5 /* PBObjcWrapper.hh */,
			);
			path = Protobuf;
			sourceTree = "<group>";
		};
/* End PBXGroup section */

/* Begin PBXNativeTarget section */
		CE7BF98E1A022B57003F7A6C /* AppBootstrap */ = {
			isa = PBXNativeTarget;
			buildConfigurationList = CE7BF9A31A022B57003F7A6C /* Build configuration list for PBXNativeTarget "AppBootstrap" */;
			buildPhases = (
				D8AFE65051B1BF6E5DABD5C2 /* Check Pods Manifest.lock */,
				CE7BF98B1A022B57003F7A6C /* Sources */,
				CE7BF98C1A022B57003F7A6C /* Frameworks */,
				CE7BF98D1A022B57003F7A6C /* Copy Files */,
				C2B46C70F5101174931E02C9 /* Copy Pods Resources */,
				CE6E69C21A03290E002F7E22 /* Build Framework */,
			);
			buildRules = (
			);
			dependencies = (
			);
			name = AppBootstrap;
			productName = AppBootstrap;
			productReference = CE7BF98F1A022B57003F7A6C /* libAppBootstrap.a */;
			productType = "com.apple.product-type.library.static";
		};
		CE7BF9991A022B57003F7A6C /* AppBootstrapTests */ = {
			isa = PBXNativeTarget;
			buildConfigurationList = CE7BF9A61A022B57003F7A6C /* Build configuration list for PBXNativeTarget "AppBootstrapTests" */;
			buildPhases = (
				CE7BF9961A022B57003F7A6C /* Sources */,
				CE7BF9971A022B57003F7A6C /* Frameworks */,
				CE7BF9981A022B57003F7A6C /* Resources */,
			);
			buildRules = (
			);
			dependencies = (
				CE7BF99D1A022B57003F7A6C /* PBXTargetDependency */,
			);
			name = AppBootstrapTests;
			productName = AppBootstrapTests;
			productReference = CE7BF99A1A022B57003F7A6C /* AppBootstrapTests.xctest */;
			productType = "com.apple.product-type.bundle.unit-test";
		};
/* End PBXNativeTarget section */

/* Begin PBXProject section */
		CE7BF9871A022B57003F7A6C /* Project object */ = {
			isa = PBXProject;
			attributes = {
				LastUpgradeCheck = 0700;
				ORGANIZATIONNAME = whosbean.com;
				TargetAttributes = {
					CE4815281A15E49B0037EFA5 = {
						CreatedOnToolsVersion = 6.1;
					};
					CE7BF98E1A022B57003F7A6C = {
						CreatedOnToolsVersion = 6.1;
					};
					CE7BF9991A022B57003F7A6C = {
						CreatedOnToolsVersion = 6.1;
					};
				};
			};
			buildConfigurationList = CE7BF98A1A022B57003F7A6C /* Build configuration list for PBXProject "AppBootstrap" */;
			compatibilityVersion = "Xcode 3.2";
			developmentRegion = English;
			hasScannedForEncodings = 0;
			knownRegions = (
				en,
				"zh-Hans",
			);
			mainGroup = CE7BF9861A022B57003F7A6C;
			productRefGroup = CE7BF9901A022B57003F7A6C /* Products */;
			projectDirPath = "";
			projectRoot = "";
			targets = (
				CE7BF98E1A022B57003F7A6C /* AppBootstrap */,
				CE7BF9991A022B57003F7A6C /* AppBootstrapTests */,
				CE4815281A15E49B0037EFA5 /* Framework */,
			);
		};
/* End PBXProject section */

/* Begin PBXResourcesBuildPhase section */
		CE7BF9981A022B57003F7A6C /* Resources */ = {
			isa = PBXResourcesBuildPhase;
			buildActionMask = 2147483647;
			files = (
			);
			runOnlyForDeploymentPostprocessing = 0;
		};
/* End PBXResourcesBuildPhase section */

/* Begin PBXShellScriptBuildPhase section */
		C2B46C70F5101174931E02C9 /* Copy Pods Resources */ = {
			isa = PBXShellScriptBuildPhase;
			buildActionMask = 8;
			files = (
			);
			inputPaths = (
			);
			name = "Copy Pods Resources";
			outputPaths = (
			);
			runOnlyForDeploymentPostprocessing = 1;
			shellPath = /bin/sh;
			shellScript = "\"${SRCROOT}/Pods/Target Support Files/Pods/Pods-resources.sh\"\n";
			showEnvVarsInLog = 0;
		};
		CE48152E1A15E4CE0037EFA5 /* ShellScript */ = {
			isa = PBXShellScriptBuildPhase;
			buildActionMask = 2147483647;
			files = (
			);
			inputPaths = (
			);
			outputPaths = (
			);
			runOnlyForDeploymentPostprocessing = 0;
			shellPath = /bin/sh;
			shellScript = "set -e\n\n# If we're already inside this script then die\nif [ -n \"$RW_MULTIPLATFORM_BUILD_IN_PROGRESS\" ]; then\nexit 0\nfi\nexport RW_MULTIPLATFORM_BUILD_IN_PROGRESS=1\n\nRW_FRAMEWORK_NAME=${PROJECT_NAME}\nRW_INPUT_STATIC_LIB=\"lib${PROJECT_NAME}.a\"\nRW_FRAMEWORK_LOCATION=\"${BUILT_PRODUCTS_DIR}/${RW_FRAMEWORK_NAME}.framework\"\n\nfunction build_static_library {\n    # Will rebuild the static library as specified\n    #     build_static_library sdk\n    xcrun xcodebuild -project \"${PROJECT_FILE_PATH}\" \\\n    -target \"${TARGET_NAME}\" \\\n    -configuration \"${CONFIGURATION}\" \\\n    -sdk \"${1}\" \\\n    ONLY_ACTIVE_ARCH=NO \\\n    BUILD_DIR=\"${BUILD_DIR}\" \\\n    OBJROOT=\"${OBJROOT}\" \\\n    BUILD_ROOT=\"${BUILD_ROOT}\" \\\n    SYMROOT=\"${SYMROOT}\" $ACTION\n}\n\nfunction make_fat_library {\n    # Will smash 2 static libs together\n    #     make_fat_library in1 in2 out\n    xcrun lipo -create \"${1}\" \"${2}\" -output \"${3}\"\n}\n\n# Extract the platform (iphoneos/iphonesimulator) from the SDK name\nif [[ \"$SDK_NAME\" =~ ([A-Za-z]+) ]]; then\nRW_SDK_PLATFORM=${BASH_REMATCH[1]}\nelse\necho \"Could not find platform name from SDK_NAME: $SDK_NAME\"\nexit 1\nfi\n\n# Extract the version from the SDK\nif [[ \"$SDK_NAME\" =~ ([0-9]+.*$) ]]; then\nRW_SDK_VERSION=${BASH_REMATCH[1]}\nelse\necho \"Could not find sdk version from SDK_NAME: $SDK_NAME\"\nexit 1\nfi\n\n# Determine the other platform\nif [ \"$RW_SDK_PLATFORM\" == \"iphoneos\" ]; then\nRW_OTHER_PLATFORM=iphonesimulator\nelse\nRW_OTHER_PLATFORM=iphoneos\nfi\n\n# Find the build directory\nif [[ \"$BUILT_PRODUCTS_DIR\" =~ (.*)$RW_SDK_PLATFORM$ ]]; then\nRW_OTHER_BUILT_PRODUCTS_DIR=\"${BASH_REMATCH[1]}${RW_OTHER_PLATFORM}\"\nelse\necho \"Could not find other platform build directory.\"\nexit 1\nfi\n\n# Build the other platform.\nbuild_static_library \"${RW_OTHER_PLATFORM}${RW_SDK_VERSION}\"\n\n# If we're currently building for iphonesimulator, then need to rebuild\n#   to ensure that we get both i386 and x86_64\nif [ \"$RW_SDK_PLATFORM\" == \"iphonesimulator\" ]; then\nbuild_static_library \"${SDK_NAME}\"\nfi\n\n\n# Join the 2 static libs into 1 and push into the .framework\nmake_fat_library \"${BUILT_PRODUCTS_DIR}/${RW_INPUT_STATIC_LIB}\" \\\n\"${RW_OTHER_BUILT_PRODUCTS_DIR}/${RW_INPUT_STATIC_LIB}\" \\\n\"${RW_FRAMEWORK_LOCATION}/Versions/A/${RW_FRAMEWORK_NAME}\"\n\n# Ensure that the framework is present in both platorm's build directories\ncp -a \"${RW_FRAMEWORK_LOCATION}/Versions/A/${RW_FRAMEWORK_NAME}\" \\\n\"${RW_OTHER_BUILT_PRODUCTS_DIR}/${RW_FRAMEWORK_NAME}.framework/Versions/A/${RW_FRAMEWORK_NAME}\"\n\n# Copy the framework to the user's desktop\nditto \"${RW_FRAMEWORK_LOCATION}\" \"${HOME}/Desktop/${RW_FRAMEWORK_NAME}.framework\"\n\n";
		};
		CE6E69C21A03290E002F7E22 /* Build Framework */ = {
			isa = PBXShellScriptBuildPhase;
			buildActionMask = 2147483647;
			files = (
			);
			inputPaths = (
			);
			name = "Build Framework";
			outputPaths = (
			);
			runOnlyForDeploymentPostprocessing = 0;
			shellPath = /bin/sh;
			shellScript = "set -e\n\nexport FRAMEWORK_LOCN=\"${BUILT_PRODUCTS_DIR}/${PRODUCT_NAME}.framework\"\n\n# Create the path to the real Headers die\nmkdir -p \"${FRAMEWORK_LOCN}/Versions/A/Headers\"\n\n# Create the required symlinks\n/bin/ln -sfh A \"${FRAMEWORK_LOCN}/Versions/Current\"\n/bin/ln -sfh Versions/Current/Headers \"${FRAMEWORK_LOCN}/Headers\"\n/bin/ln -sfh \"Versions/Current/${PRODUCT_NAME}\" \\\n\"${FRAMEWORK_LOCN}/${PRODUCT_NAME}\"\n\n# Copy the public headers into the framework\n/bin/cp -a \"${TARGET_BUILD_DIR}/include/${PRODUCT_NAME}/\" \\\n\"${FRAMEWORK_LOCN}/Versions/A/Headers\"";
		};
		D8AFE65051B1BF6E5DABD5C2 /* Check Pods Manifest.lock */ = {
			isa = PBXShellScriptBuildPhase;
			buildActionMask = 2147483647;
			files = (
			);
			inputPaths = (
			);
			name = "Check Pods Manifest.lock";
			outputPaths = (
			);
			runOnlyForDeploymentPostprocessing = 0;
			shellPath = /bin/sh;
			shellScript = "diff \"${PODS_ROOT}/../Podfile.lock\" \"${PODS_ROOT}/Manifest.lock\" > /dev/null\nif [[ $? != 0 ]] ; then\n    cat << EOM\nerror: The sandbox is not in sync with the Podfile.lock. Run 'pod install' or update your CocoaPods installation.\nEOM\n    exit 1\nfi\n";
			showEnvVarsInLog = 0;
		};
/* End PBXShellScriptBuildPhase section */

/* Begin PBXSourcesBuildPhase section */
		CE7BF98B1A022B57003F7A6C /* Sources */ = {
			isa = PBXSourcesBuildPhase;
			buildActionMask = 2147483647;
			files = (
				CEC065AD1BBE1E1500DAD1E5 /* APIClient.m in Sources */,
				CE5EA7271AE35EBF00E80E4D /* LPlaceholderTextView.m in Sources */,
				CE5A6C6C1BBEBE6000A05C97 /* UIView+HUD.m in Sources */,
				CE87ACEA1AE3701D0054183A /* QRCodeReaderView.m in Sources */,
				CE4BF12E1A03726F00A7BBBC /* NSData+Ext.m in Sources */,
				CE5EA7281AE35EBF00E80E4D /* UIImageEdView.m in Sources */,
				CEC0659A1BBE1CA200DAD1E5 /* RealmContext.m in Sources */,
				CE5A6C6D1BBEBE6000A05C97 /* UIView+Layout.m in Sources */,
				CEC065C11BBE4EE200DAD1E5 /* AppSecurity.m in Sources */,
				CEC065B11BBE1E1500DAD1E5 /* TSAppResponse.mm in Sources */,
				CE7BFA9E1A022D70003F7A6C /* HYCircleLoadingView.m in Sources */,
				CE87ACE81AE3701D0054183A /* QRCameraSwitchButton.m in Sources */,
				CE87ACE01AE3701D0054183A /* mask.c in Sources */,
				CE5EA72A1AE35EBF00E80E4D /* UIViewController+ImagePicker.m in Sources */,
				CE4BF1301A03726F00A7BBBC /* NSString+Ext.m in Sources */,
				CEC065B91BBE24BB00DAD1E5 /* PAppResponse.pb.mm in Sources */,
				CE87ACEB1AE3701D0054183A /* QRCodeReaderViewController.m in Sources */,
				CE5A6C601BBEAA2F00A05C97 /* AFProtobufResponseSerializer.m in Sources */,
				CE4BF12D1A03726F00A7BBBC /* NSData+CommonCrypto.m in Sources */,
				CE87ACE71AE3701D0054183A /* MSCMoreOptionTableViewCell.m in Sources */,
				CE7BFAA71A022D70003F7A6C /* UIViewController+Ext.m in Sources */,
				CE87ACE21AE3701D0054183A /* qrencode.c in Sources */,
				CE87ACDF1AE3701D0054183A /* bitstream.c in Sources */,
				CE7BFAA21A022D70003F7A6C /* UIImageView+LBBlurredImage.m in Sources */,
				CE7BFAC81A022D70003F7A6C /* NSDate+Helper.m in Sources */,
				CE7BFAA01A022D70003F7A6C /* UIImage+ImageEffects.m in Sources */,
				CEC065991BBE1CA200DAD1E5 /* DeviceHelper.m in Sources */,
				CE87ACE51AE3701D0054183A /* rscode.c in Sources */,
				CE5A6C6B1BBEBE6000A05C97 /* UIImage+Tint.m in Sources */,
				CE7BFA9D1A022D70003F7A6C /* FHSegmentedViewController.m in Sources */,
				CEC0659C1BBE1CA200DAD1E5 /* XibFactory.m in Sources */,
				CE7BFAA11A022D70003F7A6C /* UIImageView+Ext.m in Sources */,
				CE87ACE41AE3701D0054183A /* qrspec.c in Sources */,
				CEC065BA1BBE24BB00DAD1E5 /* PAppSession.pb.mm in Sources */,
				CE7BFA9F1A022D70003F7A6C /* MBProgressHUD.m in Sources */,
				CEC065981BBE1CA200DAD1E5 /* AppSession.m in Sources */,
				CE7BF9951A022B57003F7A6C /* BootstrapDelegate.m in Sources */,
				CE5EA72B1AE35EBF00E80E4D /* UIViewController+SearchBar.m in Sources */,
				CE87ACE61AE3701D0054183A /* split.c in Sources */,
				CE5A6C6A1BBEBE6000A05C97 /* NSMutableArray+Tool.m in Sources */,
				CEC0659B1BBE1CA200DAD1E5 /* Utility.m in Sources */,
				CE87ACE31AE3701D0054183A /* qrinput.c in Sources */,
				CE7BFAA41A022D70003F7A6C /* UITabBarController+Ext.m in Sources */,
				CEC065B21BBE1E1500DAD1E5 /* PBObjc.mm in Sources */,
				CE87ACE91AE3701D0054183A /* QRCodeReader.m in Sources */,
				CE87ACDE1AE3701D0054183A /* GDIIndexBar.m in Sources */,
				CE87ACE11AE3701D0054183A /* QRCodeGenerator.m in Sources */,
				CEC065BD1BBE27B400DAD1E5 /* TSAppSession.mm in Sources */,
			);
			runOnlyForDeploymentPostprocessing = 0;
		};
		CE7BF9961A022B57003F7A6C /* Sources */ = {
			isa = PBXSourcesBuildPhase;
			buildActionMask = 2147483647;
			files = (
			);
			runOnlyForDeploymentPostprocessing = 0;
		};
/* End PBXSourcesBuildPhase section */

/* Begin PBXTargetDependency section */
		CE48152D1A15E4B30037EFA5 /* PBXTargetDependency */ = {
			isa = PBXTargetDependency;
			target = CE7BF98E1A022B57003F7A6C /* AppBootstrap */;
			targetProxy = CE48152C1A15E4B30037EFA5 /* PBXContainerItemProxy */;
		};
		CE7BF99D1A022B57003F7A6C /* PBXTargetDependency */ = {
			isa = PBXTargetDependency;
			target = CE7BF98E1A022B57003F7A6C /* AppBootstrap */;
			targetProxy = CE7BF99C1A022B57003F7A6C /* PBXContainerItemProxy */;
		};
/* End PBXTargetDependency section */

/* Begin XCBuildConfiguration section */
		CE48152A1A15E49B0037EFA5 /* Debug */ = {
			isa = XCBuildConfiguration;
			buildSettings = {
				PRODUCT_NAME = "$(TARGET_NAME)";
			};
			name = Debug;
		};
		CE48152B1A15E49B0037EFA5 /* Release */ = {
			isa = XCBuildConfiguration;
			buildSettings = {
				PRODUCT_NAME = "$(TARGET_NAME)";
			};
			name = Release;
		};
		CE7BF9A11A022B57003F7A6C /* Debug */ = {
			isa = XCBuildConfiguration;
			buildSettings = {
				ALWAYS_SEARCH_USER_PATHS = NO;
				CLANG_CXX_LANGUAGE_STANDARD = "gnu++0x";
				CLANG_CXX_LIBRARY = "libc++";
				CLANG_ENABLE_MODULES = YES;
				CLANG_ENABLE_OBJC_ARC = YES;
				CLANG_WARN_BOOL_CONVERSION = YES;
				CLANG_WARN_CONSTANT_CONVERSION = YES;
				CLANG_WARN_DIRECT_OBJC_ISA_USAGE = YES_ERROR;
				CLANG_WARN_EMPTY_BODY = YES;
				CLANG_WARN_ENUM_CONVERSION = YES;
				CLANG_WARN_INT_CONVERSION = YES;
				CLANG_WARN_OBJC_ROOT_CLASS = YES_ERROR;
				CLANG_WARN_UNREACHABLE_CODE = YES;
				CLANG_WARN__DUPLICATE_METHOD_MATCH = YES;
				CODE_SIGN_IDENTITY = "iPhone Developer";
				COPY_PHASE_STRIP = NO;
				ENABLE_STRICT_OBJC_MSGSEND = YES;
				ENABLE_TESTABILITY = YES;
				FRAMEWORK_SEARCH_PATHS = "";
				GCC_C_LANGUAGE_STANDARD = gnu99;
				GCC_DYNAMIC_NO_PIC = NO;
				GCC_OPTIMIZATION_LEVEL = 0;
				GCC_PREFIX_HEADER = "AppBootstrap/App-Prefix.pch";
				GCC_PREPROCESSOR_DEFINITIONS = (
					"DEBUG=1",
					"$(inherited)",
				);
				GCC_SYMBOLS_PRIVATE_EXTERN = NO;
				GCC_WARN_64_TO_32_BIT_CONVERSION = YES;
				GCC_WARN_ABOUT_RETURN_TYPE = YES_ERROR;
				GCC_WARN_UNDECLARED_SELECTOR = YES;
				GCC_WARN_UNINITIALIZED_AUTOS = YES_AGGRESSIVE;
				GCC_WARN_UNUSED_FUNCTION = YES;
				GCC_WARN_UNUSED_VARIABLE = YES;
				HEADER_SEARCH_PATHS = (
					"$(inherited)",
					/Applications/Xcode.app/Contents/Developer/Toolchains/XcodeDefault.xctoolchain/usr/include,
				);
				IPHONEOS_DEPLOYMENT_TARGET = 8.0;
				MTL_ENABLE_DEBUG_INFO = YES;
				ONLY_ACTIVE_ARCH = YES;
				SDKROOT = iphoneos;
				USER_HEADER_SEARCH_PATHS = "";
				WARNING_CFLAGS = (
					"-Wno-shorten-64-to-32",
					"-Wno-format",
					"-Wno-objc-property-no-attribute",
				);
			};
			name = Debug;
		};
		CE7BF9A21A022B57003F7A6C /* Release */ = {
			isa = XCBuildConfiguration;
			buildSettings = {
				ALWAYS_SEARCH_USER_PATHS = NO;
				CLANG_CXX_LANGUAGE_STANDARD = "gnu++0x";
				CLANG_CXX_LIBRARY = "libc++";
				CLANG_ENABLE_MODULES = YES;
				CLANG_ENABLE_OBJC_ARC = YES;
				CLANG_WARN_BOOL_CONVERSION = YES;
				CLANG_WARN_CONSTANT_CONVERSION = YES;
				CLANG_WARN_DIRECT_OBJC_ISA_USAGE = YES_ERROR;
				CLANG_WARN_EMPTY_BODY = YES;
				CLANG_WARN_ENUM_CONVERSION = YES;
				CLANG_WARN_INT_CONVERSION = YES;
				CLANG_WARN_OBJC_ROOT_CLASS = YES_ERROR;
				CLANG_WARN_UNREACHABLE_CODE = YES;
				CLANG_WARN__DUPLICATE_METHOD_MATCH = YES;
				CODE_SIGN_IDENTITY = "iPhone Developer";
				COPY_PHASE_STRIP = YES;
				ENABLE_NS_ASSERTIONS = NO;
				ENABLE_STRICT_OBJC_MSGSEND = YES;
				FRAMEWORK_SEARCH_PATHS = "";
				GCC_C_LANGUAGE_STANDARD = gnu99;
				GCC_PREFIX_HEADER = "AppBootstrap/App-Prefix.pch";
				GCC_WARN_64_TO_32_BIT_CONVERSION = YES;
				GCC_WARN_ABOUT_RETURN_TYPE = YES_ERROR;
				GCC_WARN_UNDECLARED_SELECTOR = YES;
				GCC_WARN_UNINITIALIZED_AUTOS = YES_AGGRESSIVE;
				GCC_WARN_UNUSED_FUNCTION = YES;
				GCC_WARN_UNUSED_VARIABLE = YES;
				HEADER_SEARCH_PATHS = (
					"$(inherited)",
					/Applications/Xcode.app/Contents/Developer/Toolchains/XcodeDefault.xctoolchain/usr/include,
				);
				IPHONEOS_DEPLOYMENT_TARGET = 8.0;
				MTL_ENABLE_DEBUG_INFO = NO;
				SDKROOT = iphoneos;
				USER_HEADER_SEARCH_PATHS = "";
				VALIDATE_PRODUCT = YES;
				WARNING_CFLAGS = (
					"-Wno-shorten-64-to-32",
					"-Wno-format",
					"-Wno-objc-property-no-attribute",
				);
			};
			name = Release;
		};
		CE7BF9A41A022B57003F7A6C /* Debug */ = {
			isa = XCBuildConfiguration;
			baseConfigurationReference = C9456C7D13870914EB20B08E /* Pods.debug.xcconfig */;
			buildSettings = {
				CLANG_CXX_LANGUAGE_STANDARD = "c++0x";
				FRAMEWORK_SEARCH_PATHS = "$(inherited)";
				LIBRARY_SEARCH_PATHS = (
					"$(inherited)",
					"$(SDKROOT)/usr/lib/system",
				);
				OTHER_LDFLAGS = "-ObjC";
				PRODUCT_NAME = "$(TARGET_NAME)";
				SKIP_INSTALL = YES;
				WARNING_CFLAGS = (
					"-Wno-format",
					"-Wno-shorten-64-to-32",
				);
			};
			name = Debug;
		};
		CE7BF9A51A022B57003F7A6C /* Release */ = {
			isa = XCBuildConfiguration;
			baseConfigurationReference = 706F2E9A34B6F970A5153C30 /* Pods.release.xcconfig */;
			buildSettings = {
				CLANG_CXX_LANGUAGE_STANDARD = "c++0x";
				FRAMEWORK_SEARCH_PATHS = "$(inherited)";
				LIBRARY_SEARCH_PATHS = (
					"$(inherited)",
					"$(SDKROOT)/usr/lib/system",
				);
				OTHER_LDFLAGS = "-ObjC";
				PRODUCT_NAME = "$(TARGET_NAME)";
				SKIP_INSTALL = YES;
				WARNING_CFLAGS = (
					"-Wno-format",
					"-Wno-shorten-64-to-32",
				);
			};
			name = Release;
		};
		CE7BF9A71A022B57003F7A6C /* Debug */ = {
			isa = XCBuildConfiguration;
			buildSettings = {
				FRAMEWORK_SEARCH_PATHS = (
					"$(SDKROOT)/Developer/Library/Frameworks",
					"$(inherited)",
				);
				GCC_PREPROCESSOR_DEFINITIONS = (
					"DEBUG=1",
					"$(inherited)",
				);
				INFOPLIST_FILE = AppBootstrapTests/Info.plist;
				LD_RUNPATH_SEARCH_PATHS = "$(inherited) @executable_path/Frameworks @loader_path/Frameworks";
				PRODUCT_BUNDLE_IDENTIFIER = "com.inno.$(PRODUCT_NAME:rfc1034identifier)";
				PRODUCT_NAME = "$(TARGET_NAME)";
			};
			name = Debug;
		};
		CE7BF9A81A022B57003F7A6C /* Release */ = {
			isa = XCBuildConfiguration;
			buildSettings = {
				FRAMEWORK_SEARCH_PATHS = (
					"$(SDKROOT)/Developer/Library/Frameworks",
					"$(inherited)",
				);
				INFOPLIST_FILE = AppBootstrapTests/Info.plist;
				LD_RUNPATH_SEARCH_PATHS = "$(inherited) @executable_path/Frameworks @loader_path/Frameworks";
				PRODUCT_BUNDLE_IDENTIFIER = "com.inno.$(PRODUCT_NAME:rfc1034identifier)";
				PRODUCT_NAME = "$(TARGET_NAME)";
			};
			name = Release;
		};
/* End XCBuildConfiguration section */

/* Begin XCConfigurationList section */
		CE4815291A15E49B0037EFA5 /* Build configuration list for PBXAggregateTarget "Framework" */ = {
			isa = XCConfigurationList;
			buildConfigurations = (
				CE48152A1A15E49B0037EFA5 /* Debug */,
				CE48152B1A15E49B0037EFA5 /* Release */,
			);
			defaultConfigurationIsVisible = 0;
			defaultConfigurationName = Release;
		};
		CE7BF98A1A022B57003F7A6C /* Build configuration list for PBXProject "AppBootstrap" */ = {
			isa = XCConfigurationList;
			buildConfigurations = (
				CE7BF9A11A022B57003F7A6C /* Debug */,
				CE7BF9A21A022B57003F7A6C /* Release */,
			);
			defaultConfigurationIsVisible = 0;
			defaultConfigurationName = Release;
		};
		CE7BF9A31A022B57003F7A6C /* Build configuration list for PBXNativeTarget "AppBootstrap" */ = {
			isa = XCConfigurationList;
			buildConfigurations = (
				CE7BF9A41A022B57003F7A6C /* Debug */,
				CE7BF9A51A022B57003F7A6C /* Release */,
			);
			defaultConfigurationIsVisible = 0;
			defaultConfigurationName = Release;
		};
		CE7BF9A61A022B57003F7A6C /* Build configuration list for PBXNativeTarget "AppBootstrapTests" */ = {
			isa = XCConfigurationList;
			buildConfigurations = (
				CE7BF9A71A022B57003F7A6C /* Debug */,
				CE7BF9A81A022B57003F7A6C /* Release */,
			);
			defaultConfigurationIsVisible = 0;
			defaultConfigurationName = Release;
		};
/* End XCConfigurationList section */
	};
	rootObject = CE7BF9871A022B57003F7A6C /* Project object */;
}
